// !$*UTF8*$!
{
	archiveVersion = 1;
	classes = {
	};
	objectVersion = 46;
	objects = {

/* Begin PBXBuildFile section */
		870525301DA1304300D5EF74 /* PDFPageTests.swift in Sources */ = {isa = PBXBuildFile; fileRef = 8705252F1DA1304300D5EF74 /* PDFPageTests.swift */; };
		871C07911DA1837F00C02640 /* PDFPathContext.swift in Sources */ = {isa = PBXBuildFile; fileRef = 871C07901DA1837F00C02640 /* PDFPathContext.swift */; };
		871C07951DA1B56C00C02640 /* Color.swift in Sources */ = {isa = PBXBuildFile; fileRef = 871C07941DA1B56C00C02640 /* Color.swift */; };
		872239D51DA145AF006DD44C /* PDFDocument.PageLayout.swift in Sources */ = {isa = PBXBuildFile; fileRef = 872239D31DA145A3006DD44C /* PDFDocument.PageLayout.swift */; };
		8734A8371DA14DA00094FDE6 /* PDFDocument.PageNumberStyle.swift in Sources */ = {isa = PBXBuildFile; fileRef = 8734A8361DA14DA00094FDE6 /* PDFDocument.PageNumberStyle.swift */; };
		875073571DA67E4000956E8D /* DashStyleTests.swift in Sources */ = {isa = PBXBuildFile; fileRef = 875073561DA67E4000956E8D /* DashStyleTests.swift */; };
		8750736D1DA79CDA00956E8D /* LineCap.swift in Sources */ = {isa = PBXBuildFile; fileRef = 8750736C1DA79CDA00956E8D /* LineCap.swift */; };
		8767BB2D1DA4E130003A3A8F /* PDFPathContextTests.swift in Sources */ = {isa = PBXBuildFile; fileRef = 8767BB2C1DA4E130003A3A8F /* PDFPathContextTests.swift */; };
		8767BB301DA64289003A3A8F /* DashStyle.swift in Sources */ = {isa = PBXBuildFile; fileRef = 8767BB2E1DA64280003A3A8F /* DashStyle.swift */; };
		877187B71DA1BF300050769E /* PDFColorSpace.swift in Sources */ = {isa = PBXBuildFile; fileRef = 877187B51DA1B92D0050769E /* PDFColorSpace.swift */; };
		879F9D6C1DA055F400499D19 /* hpdf.h in Headers */ = {isa = PBXBuildFile; fileRef = 879F9D4A1DA055BD00499D19 /* hpdf.h */; settings = {ATTRIBUTES = (Public, ); }; };
		879F9D6D1DA055F400499D19 /* hpdf_3dmeasure.h in Headers */ = {isa = PBXBuildFile; fileRef = 879F9D4B1DA055BD00499D19 /* hpdf_3dmeasure.h */; settings = {ATTRIBUTES = (Public, ); }; };
		879F9D6E1DA055F400499D19 /* hpdf_annotation.h in Headers */ = {isa = PBXBuildFile; fileRef = 879F9D4C1DA055BD00499D19 /* hpdf_annotation.h */; settings = {ATTRIBUTES = (Public, ); }; };
		879F9D6F1DA055F400499D19 /* hpdf_catalog.h in Headers */ = {isa = PBXBuildFile; fileRef = 879F9D4D1DA055BD00499D19 /* hpdf_catalog.h */; settings = {ATTRIBUTES = (Public, ); }; };
		879F9D701DA055F400499D19 /* hpdf_conf.h in Headers */ = {isa = PBXBuildFile; fileRef = 879F9D4E1DA055BD00499D19 /* hpdf_conf.h */; settings = {ATTRIBUTES = (Public, ); }; };
		879F9D711DA055F400499D19 /* hpdf_config.h in Headers */ = {isa = PBXBuildFile; fileRef = 879F9D4F1DA055BD00499D19 /* hpdf_config.h */; settings = {ATTRIBUTES = (Public, ); }; };
		879F9D721DA055F400499D19 /* hpdf_consts.h in Headers */ = {isa = PBXBuildFile; fileRef = 879F9D501DA055BD00499D19 /* hpdf_consts.h */; settings = {ATTRIBUTES = (Public, ); }; };
		879F9D731DA055F400499D19 /* hpdf_destination.h in Headers */ = {isa = PBXBuildFile; fileRef = 879F9D511DA055BD00499D19 /* hpdf_destination.h */; settings = {ATTRIBUTES = (Public, ); }; };
		879F9D741DA055F400499D19 /* hpdf_doc.h in Headers */ = {isa = PBXBuildFile; fileRef = 879F9D521DA055BD00499D19 /* hpdf_doc.h */; settings = {ATTRIBUTES = (Public, ); }; };
		879F9D751DA055F400499D19 /* hpdf_encoder.h in Headers */ = {isa = PBXBuildFile; fileRef = 879F9D531DA055BD00499D19 /* hpdf_encoder.h */; settings = {ATTRIBUTES = (Public, ); }; };
		879F9D761DA055F400499D19 /* hpdf_encrypt.h in Headers */ = {isa = PBXBuildFile; fileRef = 879F9D541DA055BD00499D19 /* hpdf_encrypt.h */; settings = {ATTRIBUTES = (Public, ); }; };
		879F9D771DA055F400499D19 /* hpdf_encryptdict.h in Headers */ = {isa = PBXBuildFile; fileRef = 879F9D551DA055BD00499D19 /* hpdf_encryptdict.h */; settings = {ATTRIBUTES = (Public, ); }; };
		879F9D781DA055F400499D19 /* hpdf_error.h in Headers */ = {isa = PBXBuildFile; fileRef = 879F9D561DA055BD00499D19 /* hpdf_error.h */; settings = {ATTRIBUTES = (Public, ); }; };
		879F9D791DA055F400499D19 /* hpdf_exdata.h in Headers */ = {isa = PBXBuildFile; fileRef = 879F9D571DA055BD00499D19 /* hpdf_exdata.h */; settings = {ATTRIBUTES = (Public, ); }; };
		879F9D7A1DA055F400499D19 /* hpdf_ext_gstate.h in Headers */ = {isa = PBXBuildFile; fileRef = 879F9D581DA055BD00499D19 /* hpdf_ext_gstate.h */; settings = {ATTRIBUTES = (Public, ); }; };
		879F9D7B1DA055F400499D19 /* hpdf_font.h in Headers */ = {isa = PBXBuildFile; fileRef = 879F9D591DA055BD00499D19 /* hpdf_font.h */; settings = {ATTRIBUTES = (Public, ); }; };
		879F9D7C1DA055F400499D19 /* hpdf_fontdef.h in Headers */ = {isa = PBXBuildFile; fileRef = 879F9D5A1DA055BD00499D19 /* hpdf_fontdef.h */; settings = {ATTRIBUTES = (Public, ); }; };
		879F9D7D1DA055F400499D19 /* hpdf_gstate.h in Headers */ = {isa = PBXBuildFile; fileRef = 879F9D5B1DA055BD00499D19 /* hpdf_gstate.h */; settings = {ATTRIBUTES = (Public, ); }; };
		879F9D7E1DA055F400499D19 /* hpdf_image.h in Headers */ = {isa = PBXBuildFile; fileRef = 879F9D5C1DA055BD00499D19 /* hpdf_image.h */; settings = {ATTRIBUTES = (Public, ); }; };
		879F9D7F1DA055F400499D19 /* hpdf_info.h in Headers */ = {isa = PBXBuildFile; fileRef = 879F9D5D1DA055BD00499D19 /* hpdf_info.h */; settings = {ATTRIBUTES = (Public, ); }; };
		879F9D801DA055F400499D19 /* hpdf_list.h in Headers */ = {isa = PBXBuildFile; fileRef = 879F9D5E1DA055BD00499D19 /* hpdf_list.h */; settings = {ATTRIBUTES = (Public, ); }; };
		879F9D811DA055F400499D19 /* hpdf_mmgr.h in Headers */ = {isa = PBXBuildFile; fileRef = 879F9D5F1DA055BD00499D19 /* hpdf_mmgr.h */; settings = {ATTRIBUTES = (Public, ); }; };
		879F9D821DA055F400499D19 /* hpdf_namedict.h in Headers */ = {isa = PBXBuildFile; fileRef = 879F9D601DA055BD00499D19 /* hpdf_namedict.h */; settings = {ATTRIBUTES = (Public, ); }; };
		879F9D831DA055F400499D19 /* hpdf_objects.h in Headers */ = {isa = PBXBuildFile; fileRef = 879F9D611DA055BD00499D19 /* hpdf_objects.h */; settings = {ATTRIBUTES = (Public, ); }; };
		879F9D841DA055F400499D19 /* hpdf_outline.h in Headers */ = {isa = PBXBuildFile; fileRef = 879F9D621DA055BD00499D19 /* hpdf_outline.h */; settings = {ATTRIBUTES = (Public, ); }; };
		879F9D851DA055F400499D19 /* hpdf_page_label.h in Headers */ = {isa = PBXBuildFile; fileRef = 879F9D631DA055BD00499D19 /* hpdf_page_label.h */; settings = {ATTRIBUTES = (Public, ); }; };
		879F9D861DA055F400499D19 /* hpdf_pages.h in Headers */ = {isa = PBXBuildFile; fileRef = 879F9D641DA055BD00499D19 /* hpdf_pages.h */; settings = {ATTRIBUTES = (Public, ); }; };
		879F9D871DA055F400499D19 /* hpdf_pdfa.h in Headers */ = {isa = PBXBuildFile; fileRef = 879F9D651DA055BD00499D19 /* hpdf_pdfa.h */; settings = {ATTRIBUTES = (Public, ); }; };
		879F9D881DA055F400499D19 /* hpdf_streams.h in Headers */ = {isa = PBXBuildFile; fileRef = 879F9D661DA055BD00499D19 /* hpdf_streams.h */; settings = {ATTRIBUTES = (Public, ); }; };
		879F9D891DA055F400499D19 /* hpdf_types.h in Headers */ = {isa = PBXBuildFile; fileRef = 879F9D671DA055BD00499D19 /* hpdf_types.h */; settings = {ATTRIBUTES = (Public, ); }; };
		879F9D8A1DA055F400499D19 /* hpdf_u3d.h in Headers */ = {isa = PBXBuildFile; fileRef = 879F9D681DA055BD00499D19 /* hpdf_u3d.h */; settings = {ATTRIBUTES = (Public, ); }; };
		879F9D8B1DA055F400499D19 /* hpdf_utils.h in Headers */ = {isa = PBXBuildFile; fileRef = 879F9D691DA055BD00499D19 /* hpdf_utils.h */; settings = {ATTRIBUTES = (Public, ); }; };
		879F9D8C1DA055F400499D19 /* hpdf_version.h in Headers */ = {isa = PBXBuildFile; fileRef = 879F9D6A1DA055BD00499D19 /* hpdf_version.h */; settings = {ATTRIBUTES = (Public, ); }; };
		879F9D951DA0562B00499D19 /* png.h in Headers */ = {isa = PBXBuildFile; fileRef = 879F9D8E1DA0561900499D19 /* png.h */; settings = {ATTRIBUTES = (Public, ); }; };
		879F9D961DA0562B00499D19 /* pngconf.h in Headers */ = {isa = PBXBuildFile; fileRef = 879F9D8F1DA0561900499D19 /* pngconf.h */; settings = {ATTRIBUTES = (Public, ); }; };
		879F9D971DA0562B00499D19 /* pngdebug.h in Headers */ = {isa = PBXBuildFile; fileRef = 879F9D901DA0561900499D19 /* pngdebug.h */; settings = {ATTRIBUTES = (Public, ); }; };
		879F9D981DA0562B00499D19 /* pnginfo.h in Headers */ = {isa = PBXBuildFile; fileRef = 879F9D911DA0561900499D19 /* pnginfo.h */; settings = {ATTRIBUTES = (Public, ); }; };
		879F9D991DA0562B00499D19 /* pnglibconf.h in Headers */ = {isa = PBXBuildFile; fileRef = 879F9D921DA0561900499D19 /* pnglibconf.h */; settings = {ATTRIBUTES = (Public, ); }; };
		879F9D9A1DA0562B00499D19 /* pngpriv.h in Headers */ = {isa = PBXBuildFile; fileRef = 879F9D931DA0561900499D19 /* pngpriv.h */; settings = {ATTRIBUTES = (Public, ); }; };
		879F9D9B1DA0562B00499D19 /* pngstruct.h in Headers */ = {isa = PBXBuildFile; fileRef = 879F9D941DA0561900499D19 /* pngstruct.h */; settings = {ATTRIBUTES = (Public, ); }; };
		87A8AAFA1DA276E300EB7DDF /* ColorTests.swift in Sources */ = {isa = PBXBuildFile; fileRef = 87A8AAF91DA276E200EB7DDF /* ColorTests.swift */; };
		_LinkFileRef_CLibHaru_via_SwiftyHaru /* CLibHaru.framework in Frameworks */ = {isa = PBXBuildFile; fileRef = "_____Product_CLibHaru" /* CLibHaru.framework */; };
		_LinkFileRef_CLibHaru_via_SwiftyHaruTests /* CLibHaru.framework in Frameworks */ = {isa = PBXBuildFile; fileRef = "_____Product_CLibHaru" /* CLibHaru.framework */; };
		_LinkFileRef_CLibPNG_via_CLibHaru /* CLibPNG.framework in Frameworks */ = {isa = PBXBuildFile; fileRef = "_____Product_CLibPNG" /* CLibPNG.framework */; };
		_LinkFileRef_CLibPNG_via_SwiftyHaru /* CLibPNG.framework in Frameworks */ = {isa = PBXBuildFile; fileRef = "_____Product_CLibPNG" /* CLibPNG.framework */; };
		_LinkFileRef_CLibPNG_via_SwiftyHaruTests /* CLibPNG.framework in Frameworks */ = {isa = PBXBuildFile; fileRef = "_____Product_CLibPNG" /* CLibPNG.framework */; };
		_LinkFileRef_SwiftyHaru_via_SwiftyHaruTests /* SwiftyHaru.framework in Frameworks */ = {isa = PBXBuildFile; fileRef = "_____Product_SwiftyHaru" /* SwiftyHaru.framework */; };
		__src_cc_ref_Sources/CLibHaru/hpdf_3dmeasure.c /* hpdf_3dmeasure.c in Sources */ = {isa = PBXBuildFile; fileRef = __PBXFileRef_Sources/CLibHaru/hpdf_3dmeasure.c /* hpdf_3dmeasure.c */; };
		__src_cc_ref_Sources/CLibHaru/hpdf_annotation.c /* hpdf_annotation.c in Sources */ = {isa = PBXBuildFile; fileRef = __PBXFileRef_Sources/CLibHaru/hpdf_annotation.c /* hpdf_annotation.c */; };
		__src_cc_ref_Sources/CLibHaru/hpdf_array.c /* hpdf_array.c in Sources */ = {isa = PBXBuildFile; fileRef = __PBXFileRef_Sources/CLibHaru/hpdf_array.c /* hpdf_array.c */; };
		__src_cc_ref_Sources/CLibHaru/hpdf_binary.c /* hpdf_binary.c in Sources */ = {isa = PBXBuildFile; fileRef = __PBXFileRef_Sources/CLibHaru/hpdf_binary.c /* hpdf_binary.c */; };
		__src_cc_ref_Sources/CLibHaru/hpdf_boolean.c /* hpdf_boolean.c in Sources */ = {isa = PBXBuildFile; fileRef = __PBXFileRef_Sources/CLibHaru/hpdf_boolean.c /* hpdf_boolean.c */; };
		__src_cc_ref_Sources/CLibHaru/hpdf_catalog.c /* hpdf_catalog.c in Sources */ = {isa = PBXBuildFile; fileRef = __PBXFileRef_Sources/CLibHaru/hpdf_catalog.c /* hpdf_catalog.c */; };
		__src_cc_ref_Sources/CLibHaru/hpdf_destination.c /* hpdf_destination.c in Sources */ = {isa = PBXBuildFile; fileRef = __PBXFileRef_Sources/CLibHaru/hpdf_destination.c /* hpdf_destination.c */; };
		__src_cc_ref_Sources/CLibHaru/hpdf_dict.c /* hpdf_dict.c in Sources */ = {isa = PBXBuildFile; fileRef = __PBXFileRef_Sources/CLibHaru/hpdf_dict.c /* hpdf_dict.c */; };
		__src_cc_ref_Sources/CLibHaru/hpdf_doc.c /* hpdf_doc.c in Sources */ = {isa = PBXBuildFile; fileRef = __PBXFileRef_Sources/CLibHaru/hpdf_doc.c /* hpdf_doc.c */; };
		__src_cc_ref_Sources/CLibHaru/hpdf_doc_png.c /* hpdf_doc_png.c in Sources */ = {isa = PBXBuildFile; fileRef = __PBXFileRef_Sources/CLibHaru/hpdf_doc_png.c /* hpdf_doc_png.c */; };
		__src_cc_ref_Sources/CLibHaru/hpdf_encoder.c /* hpdf_encoder.c in Sources */ = {isa = PBXBuildFile; fileRef = __PBXFileRef_Sources/CLibHaru/hpdf_encoder.c /* hpdf_encoder.c */; };
		__src_cc_ref_Sources/CLibHaru/hpdf_encoder_cns.c /* hpdf_encoder_cns.c in Sources */ = {isa = PBXBuildFile; fileRef = __PBXFileRef_Sources/CLibHaru/hpdf_encoder_cns.c /* hpdf_encoder_cns.c */; };
		__src_cc_ref_Sources/CLibHaru/hpdf_encoder_cnt.c /* hpdf_encoder_cnt.c in Sources */ = {isa = PBXBuildFile; fileRef = __PBXFileRef_Sources/CLibHaru/hpdf_encoder_cnt.c /* hpdf_encoder_cnt.c */; };
		__src_cc_ref_Sources/CLibHaru/hpdf_encoder_jp.c /* hpdf_encoder_jp.c in Sources */ = {isa = PBXBuildFile; fileRef = __PBXFileRef_Sources/CLibHaru/hpdf_encoder_jp.c /* hpdf_encoder_jp.c */; };
		__src_cc_ref_Sources/CLibHaru/hpdf_encoder_kr.c /* hpdf_encoder_kr.c in Sources */ = {isa = PBXBuildFile; fileRef = __PBXFileRef_Sources/CLibHaru/hpdf_encoder_kr.c /* hpdf_encoder_kr.c */; };
		__src_cc_ref_Sources/CLibHaru/hpdf_encoder_utf.c /* hpdf_encoder_utf.c in Sources */ = {isa = PBXBuildFile; fileRef = __PBXFileRef_Sources/CLibHaru/hpdf_encoder_utf.c /* hpdf_encoder_utf.c */; };
		__src_cc_ref_Sources/CLibHaru/hpdf_encrypt.c /* hpdf_encrypt.c in Sources */ = {isa = PBXBuildFile; fileRef = __PBXFileRef_Sources/CLibHaru/hpdf_encrypt.c /* hpdf_encrypt.c */; };
		__src_cc_ref_Sources/CLibHaru/hpdf_encryptdict.c /* hpdf_encryptdict.c in Sources */ = {isa = PBXBuildFile; fileRef = __PBXFileRef_Sources/CLibHaru/hpdf_encryptdict.c /* hpdf_encryptdict.c */; };
		__src_cc_ref_Sources/CLibHaru/hpdf_error.c /* hpdf_error.c in Sources */ = {isa = PBXBuildFile; fileRef = __PBXFileRef_Sources/CLibHaru/hpdf_error.c /* hpdf_error.c */; };
		__src_cc_ref_Sources/CLibHaru/hpdf_exdata.c /* hpdf_exdata.c in Sources */ = {isa = PBXBuildFile; fileRef = __PBXFileRef_Sources/CLibHaru/hpdf_exdata.c /* hpdf_exdata.c */; };
		__src_cc_ref_Sources/CLibHaru/hpdf_ext_gstate.c /* hpdf_ext_gstate.c in Sources */ = {isa = PBXBuildFile; fileRef = __PBXFileRef_Sources/CLibHaru/hpdf_ext_gstate.c /* hpdf_ext_gstate.c */; };
		__src_cc_ref_Sources/CLibHaru/hpdf_font.c /* hpdf_font.c in Sources */ = {isa = PBXBuildFile; fileRef = __PBXFileRef_Sources/CLibHaru/hpdf_font.c /* hpdf_font.c */; };
		__src_cc_ref_Sources/CLibHaru/hpdf_font_cid.c /* hpdf_font_cid.c in Sources */ = {isa = PBXBuildFile; fileRef = __PBXFileRef_Sources/CLibHaru/hpdf_font_cid.c /* hpdf_font_cid.c */; };
		__src_cc_ref_Sources/CLibHaru/hpdf_font_tt.c /* hpdf_font_tt.c in Sources */ = {isa = PBXBuildFile; fileRef = __PBXFileRef_Sources/CLibHaru/hpdf_font_tt.c /* hpdf_font_tt.c */; };
		__src_cc_ref_Sources/CLibHaru/hpdf_font_type1.c /* hpdf_font_type1.c in Sources */ = {isa = PBXBuildFile; fileRef = __PBXFileRef_Sources/CLibHaru/hpdf_font_type1.c /* hpdf_font_type1.c */; };
		__src_cc_ref_Sources/CLibHaru/hpdf_fontdef.c /* hpdf_fontdef.c in Sources */ = {isa = PBXBuildFile; fileRef = __PBXFileRef_Sources/CLibHaru/hpdf_fontdef.c /* hpdf_fontdef.c */; };
		__src_cc_ref_Sources/CLibHaru/hpdf_fontdef_base14.c /* hpdf_fontdef_base14.c in Sources */ = {isa = PBXBuildFile; fileRef = __PBXFileRef_Sources/CLibHaru/hpdf_fontdef_base14.c /* hpdf_fontdef_base14.c */; };
		__src_cc_ref_Sources/CLibHaru/hpdf_fontdef_cid.c /* hpdf_fontdef_cid.c in Sources */ = {isa = PBXBuildFile; fileRef = __PBXFileRef_Sources/CLibHaru/hpdf_fontdef_cid.c /* hpdf_fontdef_cid.c */; };
		__src_cc_ref_Sources/CLibHaru/hpdf_fontdef_cns.c /* hpdf_fontdef_cns.c in Sources */ = {isa = PBXBuildFile; fileRef = __PBXFileRef_Sources/CLibHaru/hpdf_fontdef_cns.c /* hpdf_fontdef_cns.c */; };
		__src_cc_ref_Sources/CLibHaru/hpdf_fontdef_cnt.c /* hpdf_fontdef_cnt.c in Sources */ = {isa = PBXBuildFile; fileRef = __PBXFileRef_Sources/CLibHaru/hpdf_fontdef_cnt.c /* hpdf_fontdef_cnt.c */; };
		__src_cc_ref_Sources/CLibHaru/hpdf_fontdef_jp.c /* hpdf_fontdef_jp.c in Sources */ = {isa = PBXBuildFile; fileRef = __PBXFileRef_Sources/CLibHaru/hpdf_fontdef_jp.c /* hpdf_fontdef_jp.c */; };
		__src_cc_ref_Sources/CLibHaru/hpdf_fontdef_kr.c /* hpdf_fontdef_kr.c in Sources */ = {isa = PBXBuildFile; fileRef = __PBXFileRef_Sources/CLibHaru/hpdf_fontdef_kr.c /* hpdf_fontdef_kr.c */; };
		__src_cc_ref_Sources/CLibHaru/hpdf_fontdef_tt.c /* hpdf_fontdef_tt.c in Sources */ = {isa = PBXBuildFile; fileRef = __PBXFileRef_Sources/CLibHaru/hpdf_fontdef_tt.c /* hpdf_fontdef_tt.c */; };
		__src_cc_ref_Sources/CLibHaru/hpdf_fontdef_type1.c /* hpdf_fontdef_type1.c in Sources */ = {isa = PBXBuildFile; fileRef = __PBXFileRef_Sources/CLibHaru/hpdf_fontdef_type1.c /* hpdf_fontdef_type1.c */; };
		__src_cc_ref_Sources/CLibHaru/hpdf_gstate.c /* hpdf_gstate.c in Sources */ = {isa = PBXBuildFile; fileRef = __PBXFileRef_Sources/CLibHaru/hpdf_gstate.c /* hpdf_gstate.c */; };
		__src_cc_ref_Sources/CLibHaru/hpdf_image.c /* hpdf_image.c in Sources */ = {isa = PBXBuildFile; fileRef = __PBXFileRef_Sources/CLibHaru/hpdf_image.c /* hpdf_image.c */; };
		__src_cc_ref_Sources/CLibHaru/hpdf_image_ccitt.c /* hpdf_image_ccitt.c in Sources */ = {isa = PBXBuildFile; fileRef = __PBXFileRef_Sources/CLibHaru/hpdf_image_ccitt.c /* hpdf_image_ccitt.c */; };
		__src_cc_ref_Sources/CLibHaru/hpdf_image_png.c /* hpdf_image_png.c in Sources */ = {isa = PBXBuildFile; fileRef = __PBXFileRef_Sources/CLibHaru/hpdf_image_png.c /* hpdf_image_png.c */; };
		__src_cc_ref_Sources/CLibHaru/hpdf_info.c /* hpdf_info.c in Sources */ = {isa = PBXBuildFile; fileRef = __PBXFileRef_Sources/CLibHaru/hpdf_info.c /* hpdf_info.c */; };
		__src_cc_ref_Sources/CLibHaru/hpdf_list.c /* hpdf_list.c in Sources */ = {isa = PBXBuildFile; fileRef = __PBXFileRef_Sources/CLibHaru/hpdf_list.c /* hpdf_list.c */; };
		__src_cc_ref_Sources/CLibHaru/hpdf_mmgr.c /* hpdf_mmgr.c in Sources */ = {isa = PBXBuildFile; fileRef = __PBXFileRef_Sources/CLibHaru/hpdf_mmgr.c /* hpdf_mmgr.c */; };
		__src_cc_ref_Sources/CLibHaru/hpdf_name.c /* hpdf_name.c in Sources */ = {isa = PBXBuildFile; fileRef = __PBXFileRef_Sources/CLibHaru/hpdf_name.c /* hpdf_name.c */; };
		__src_cc_ref_Sources/CLibHaru/hpdf_namedict.c /* hpdf_namedict.c in Sources */ = {isa = PBXBuildFile; fileRef = __PBXFileRef_Sources/CLibHaru/hpdf_namedict.c /* hpdf_namedict.c */; };
		__src_cc_ref_Sources/CLibHaru/hpdf_null.c /* hpdf_null.c in Sources */ = {isa = PBXBuildFile; fileRef = __PBXFileRef_Sources/CLibHaru/hpdf_null.c /* hpdf_null.c */; };
		__src_cc_ref_Sources/CLibHaru/hpdf_number.c /* hpdf_number.c in Sources */ = {isa = PBXBuildFile; fileRef = __PBXFileRef_Sources/CLibHaru/hpdf_number.c /* hpdf_number.c */; };
		__src_cc_ref_Sources/CLibHaru/hpdf_objects.c /* hpdf_objects.c in Sources */ = {isa = PBXBuildFile; fileRef = __PBXFileRef_Sources/CLibHaru/hpdf_objects.c /* hpdf_objects.c */; };
		__src_cc_ref_Sources/CLibHaru/hpdf_outline.c /* hpdf_outline.c in Sources */ = {isa = PBXBuildFile; fileRef = __PBXFileRef_Sources/CLibHaru/hpdf_outline.c /* hpdf_outline.c */; };
		__src_cc_ref_Sources/CLibHaru/hpdf_page_label.c /* hpdf_page_label.c in Sources */ = {isa = PBXBuildFile; fileRef = __PBXFileRef_Sources/CLibHaru/hpdf_page_label.c /* hpdf_page_label.c */; };
		__src_cc_ref_Sources/CLibHaru/hpdf_page_operator.c /* hpdf_page_operator.c in Sources */ = {isa = PBXBuildFile; fileRef = __PBXFileRef_Sources/CLibHaru/hpdf_page_operator.c /* hpdf_page_operator.c */; };
		__src_cc_ref_Sources/CLibHaru/hpdf_pages.c /* hpdf_pages.c in Sources */ = {isa = PBXBuildFile; fileRef = __PBXFileRef_Sources/CLibHaru/hpdf_pages.c /* hpdf_pages.c */; };
		__src_cc_ref_Sources/CLibHaru/hpdf_pdfa.c /* hpdf_pdfa.c in Sources */ = {isa = PBXBuildFile; fileRef = __PBXFileRef_Sources/CLibHaru/hpdf_pdfa.c /* hpdf_pdfa.c */; };
		__src_cc_ref_Sources/CLibHaru/hpdf_real.c /* hpdf_real.c in Sources */ = {isa = PBXBuildFile; fileRef = __PBXFileRef_Sources/CLibHaru/hpdf_real.c /* hpdf_real.c */; };
		__src_cc_ref_Sources/CLibHaru/hpdf_streams.c /* hpdf_streams.c in Sources */ = {isa = PBXBuildFile; fileRef = __PBXFileRef_Sources/CLibHaru/hpdf_streams.c /* hpdf_streams.c */; };
		__src_cc_ref_Sources/CLibHaru/hpdf_string.c /* hpdf_string.c in Sources */ = {isa = PBXBuildFile; fileRef = __PBXFileRef_Sources/CLibHaru/hpdf_string.c /* hpdf_string.c */; };
		__src_cc_ref_Sources/CLibHaru/hpdf_u3d.c /* hpdf_u3d.c in Sources */ = {isa = PBXBuildFile; fileRef = __PBXFileRef_Sources/CLibHaru/hpdf_u3d.c /* hpdf_u3d.c */; };
		__src_cc_ref_Sources/CLibHaru/hpdf_utils.c /* hpdf_utils.c in Sources */ = {isa = PBXBuildFile; fileRef = __PBXFileRef_Sources/CLibHaru/hpdf_utils.c /* hpdf_utils.c */; };
		__src_cc_ref_Sources/CLibHaru/hpdf_xref.c /* hpdf_xref.c in Sources */ = {isa = PBXBuildFile; fileRef = __PBXFileRef_Sources/CLibHaru/hpdf_xref.c /* hpdf_xref.c */; };
		__src_cc_ref_Sources/CLibPNG/png.c /* png.c in Sources */ = {isa = PBXBuildFile; fileRef = __PBXFileRef_Sources/CLibPNG/png.c /* png.c */; };
		__src_cc_ref_Sources/CLibPNG/pngerror.c /* pngerror.c in Sources */ = {isa = PBXBuildFile; fileRef = __PBXFileRef_Sources/CLibPNG/pngerror.c /* pngerror.c */; };
		__src_cc_ref_Sources/CLibPNG/pngget.c /* pngget.c in Sources */ = {isa = PBXBuildFile; fileRef = __PBXFileRef_Sources/CLibPNG/pngget.c /* pngget.c */; };
		__src_cc_ref_Sources/CLibPNG/pngmem.c /* pngmem.c in Sources */ = {isa = PBXBuildFile; fileRef = __PBXFileRef_Sources/CLibPNG/pngmem.c /* pngmem.c */; };
		__src_cc_ref_Sources/CLibPNG/pngpread.c /* pngpread.c in Sources */ = {isa = PBXBuildFile; fileRef = __PBXFileRef_Sources/CLibPNG/pngpread.c /* pngpread.c */; };
		__src_cc_ref_Sources/CLibPNG/pngread.c /* pngread.c in Sources */ = {isa = PBXBuildFile; fileRef = __PBXFileRef_Sources/CLibPNG/pngread.c /* pngread.c */; };
		__src_cc_ref_Sources/CLibPNG/pngrio.c /* pngrio.c in Sources */ = {isa = PBXBuildFile; fileRef = __PBXFileRef_Sources/CLibPNG/pngrio.c /* pngrio.c */; };
		__src_cc_ref_Sources/CLibPNG/pngrtran.c /* pngrtran.c in Sources */ = {isa = PBXBuildFile; fileRef = __PBXFileRef_Sources/CLibPNG/pngrtran.c /* pngrtran.c */; };
		__src_cc_ref_Sources/CLibPNG/pngrutil.c /* pngrutil.c in Sources */ = {isa = PBXBuildFile; fileRef = __PBXFileRef_Sources/CLibPNG/pngrutil.c /* pngrutil.c */; };
		__src_cc_ref_Sources/CLibPNG/pngset.c /* pngset.c in Sources */ = {isa = PBXBuildFile; fileRef = __PBXFileRef_Sources/CLibPNG/pngset.c /* pngset.c */; };
		__src_cc_ref_Sources/CLibPNG/pngtest.c /* pngtest.c in Sources */ = {isa = PBXBuildFile; fileRef = __PBXFileRef_Sources/CLibPNG/pngtest.c /* pngtest.c */; };
		__src_cc_ref_Sources/CLibPNG/pngtrans.c /* pngtrans.c in Sources */ = {isa = PBXBuildFile; fileRef = __PBXFileRef_Sources/CLibPNG/pngtrans.c /* pngtrans.c */; };
		__src_cc_ref_Sources/CLibPNG/pngwio.c /* pngwio.c in Sources */ = {isa = PBXBuildFile; fileRef = __PBXFileRef_Sources/CLibPNG/pngwio.c /* pngwio.c */; };
		__src_cc_ref_Sources/CLibPNG/pngwrite.c /* pngwrite.c in Sources */ = {isa = PBXBuildFile; fileRef = __PBXFileRef_Sources/CLibPNG/pngwrite.c /* pngwrite.c */; };
		__src_cc_ref_Sources/CLibPNG/pngwtran.c /* pngwtran.c in Sources */ = {isa = PBXBuildFile; fileRef = __PBXFileRef_Sources/CLibPNG/pngwtran.c /* pngwtran.c */; };
		__src_cc_ref_Sources/CLibPNG/pngwutil.c /* pngwutil.c in Sources */ = {isa = PBXBuildFile; fileRef = __PBXFileRef_Sources/CLibPNG/pngwutil.c /* pngwutil.c */; };
		__src_cc_ref_Sources/SwiftyHaru/PDFDocument.swift /* PDFDocument.swift in Sources */ = {isa = PBXBuildFile; fileRef = __PBXFileRef_Sources/SwiftyHaru/PDFDocument.swift /* PDFDocument.swift */; };
		__src_cc_ref_Sources/SwiftyHaru/PDFError.swift /* PDFError.swift in Sources */ = {isa = PBXBuildFile; fileRef = __PBXFileRef_Sources/SwiftyHaru/PDFError.swift /* PDFError.swift */; };
		__src_cc_ref_Sources/SwiftyHaru/PDFPage.Direction.swift /* PDFPage.Direction.swift in Sources */ = {isa = PBXBuildFile; fileRef = __PBXFileRef_Sources/SwiftyHaru/PDFPage.Direction.swift /* PDFPage.Direction.swift */; };
		__src_cc_ref_Sources/SwiftyHaru/PDFPage.Size.swift /* PDFPage.Size.swift in Sources */ = {isa = PBXBuildFile; fileRef = __PBXFileRef_Sources/SwiftyHaru/PDFPage.Size.swift /* PDFPage.Size.swift */; };
		__src_cc_ref_Sources/SwiftyHaru/PDFPage.swift /* PDFPage.swift in Sources */ = {isa = PBXBuildFile; fileRef = __PBXFileRef_Sources/SwiftyHaru/PDFPage.swift /* PDFPage.swift */; };
		__src_cc_ref_Sources/SwiftyHaru/Size.swift /* Geometry.swift in Sources */ = {isa = PBXBuildFile; fileRef = __PBXFileRef_Sources/SwiftyHaru/Size.swift /* Geometry.swift */; };
		__src_cc_ref_Sources/SwiftyHaru/Unimplemented.swift /* Unimplemented.swift in Sources */ = {isa = PBXBuildFile; fileRef = __PBXFileRef_Sources/SwiftyHaru/Unimplemented.swift /* Unimplemented.swift */; };
		__src_cc_ref_Sources/SwiftyHaru/_HaruBridgeable.swift /* _HaruBridgeable.swift in Sources */ = {isa = PBXBuildFile; fileRef = __PBXFileRef_Sources/SwiftyHaru/_HaruBridgeable.swift /* _HaruBridgeable.swift */; };
		__src_cc_ref_Tests/SwiftyHaruTests/SwiftyHaruTests.swift /* PDFDocumentTests.swift in Sources */ = {isa = PBXBuildFile; fileRef = __PBXFileRef_Tests/SwiftyHaruTests/SwiftyHaruTests.swift /* PDFDocumentTests.swift */; };
		__src_cc_ref_Tests/SwiftyHaruTests/TestHelpers.swift /* TestHelpers.swift in Sources */ = {isa = PBXBuildFile; fileRef = __PBXFileRef_Tests/SwiftyHaruTests/TestHelpers.swift /* TestHelpers.swift */; };
/* End PBXBuildFile section */

/* Begin PBXContainerItemProxy section */
		879F9D441DA047C700499D19 /* PBXContainerItemProxy */ = {
			isa = PBXContainerItemProxy;
			containerPortal = __RootObject_ /* Project object */;
			proxyType = 1;
			remoteGlobalIDString = "______Target_CLibPNG";
			remoteInfo = CLibPNG;
		};
		879F9D451DA047C700499D19 /* PBXContainerItemProxy */ = {
			isa = PBXContainerItemProxy;
			containerPortal = __RootObject_ /* Project object */;
			proxyType = 1;
			remoteGlobalIDString = "______Target_CLibHaru";
			remoteInfo = CLibHaru;
		};
		879F9D461DA047C700499D19 /* PBXContainerItemProxy */ = {
			isa = PBXContainerItemProxy;
			containerPortal = __RootObject_ /* Project object */;
			proxyType = 1;
			remoteGlobalIDString = "______Target_SwiftyHaru";
			remoteInfo = SwiftyHaru;
		};
/* End PBXContainerItemProxy section */

/* Begin PBXFileReference section */
		8705252D1DA0860300D5EF74 /* LinuxMain.swift */ = {isa = PBXFileReference; fileEncoding = 4; lastKnownFileType = sourcecode.swift; name = LinuxMain.swift; path = Tests/LinuxMain.swift; sourceTree = "<group>"; };
		8705252F1DA1304300D5EF74 /* PDFPageTests.swift */ = {isa = PBXFileReference; fileEncoding = 4; lastKnownFileType = sourcecode.swift; path = PDFPageTests.swift; sourceTree = "<group>"; };
		871C07901DA1837F00C02640 /* PDFPathContext.swift */ = {isa = PBXFileReference; fileEncoding = 4; lastKnownFileType = sourcecode.swift; path = PDFPathContext.swift; sourceTree = "<group>"; };
		871C07941DA1B56C00C02640 /* Color.swift */ = {isa = PBXFileReference; fileEncoding = 4; lastKnownFileType = sourcecode.swift; path = Color.swift; sourceTree = "<group>"; };
		872239D31DA145A3006DD44C /* PDFDocument.PageLayout.swift */ = {isa = PBXFileReference; fileEncoding = 4; lastKnownFileType = sourcecode.swift; path = PDFDocument.PageLayout.swift; sourceTree = "<group>"; };
		8734A8361DA14DA00094FDE6 /* PDFDocument.PageNumberStyle.swift */ = {isa = PBXFileReference; fileEncoding = 4; lastKnownFileType = sourcecode.swift; path = PDFDocument.PageNumberStyle.swift; sourceTree = "<group>"; };
		875073561DA67E4000956E8D /* DashStyleTests.swift */ = {isa = PBXFileReference; fileEncoding = 4; lastKnownFileType = sourcecode.swift; path = DashStyleTests.swift; sourceTree = "<group>"; };
		8750736C1DA79CDA00956E8D /* LineCap.swift */ = {isa = PBXFileReference; fileEncoding = 4; lastKnownFileType = sourcecode.swift; path = LineCap.swift; sourceTree = "<group>"; };
		8767BB2C1DA4E130003A3A8F /* PDFPathContextTests.swift */ = {isa = PBXFileReference; fileEncoding = 4; lastKnownFileType = sourcecode.swift; path = PDFPathContextTests.swift; sourceTree = "<group>"; };
		8767BB2E1DA64280003A3A8F /* DashStyle.swift */ = {isa = PBXFileReference; fileEncoding = 4; lastKnownFileType = sourcecode.swift; path = DashStyle.swift; sourceTree = "<group>"; };
		877187B51DA1B92D0050769E /* PDFColorSpace.swift */ = {isa = PBXFileReference; fileEncoding = 4; lastKnownFileType = sourcecode.swift; path = PDFColorSpace.swift; sourceTree = "<group>"; };
		879F9D4A1DA055BD00499D19 /* hpdf.h */ = {isa = PBXFileReference; lastKnownFileType = sourcecode.c.h; path = hpdf.h; sourceTree = "<group>"; };
		879F9D4B1DA055BD00499D19 /* hpdf_3dmeasure.h */ = {isa = PBXFileReference; lastKnownFileType = sourcecode.c.h; path = hpdf_3dmeasure.h; sourceTree = "<group>"; };
		879F9D4C1DA055BD00499D19 /* hpdf_annotation.h */ = {isa = PBXFileReference; lastKnownFileType = sourcecode.c.h; path = hpdf_annotation.h; sourceTree = "<group>"; };
		879F9D4D1DA055BD00499D19 /* hpdf_catalog.h */ = {isa = PBXFileReference; lastKnownFileType = sourcecode.c.h; path = hpdf_catalog.h; sourceTree = "<group>"; };
		879F9D4E1DA055BD00499D19 /* hpdf_conf.h */ = {isa = PBXFileReference; lastKnownFileType = sourcecode.c.h; path = hpdf_conf.h; sourceTree = "<group>"; };
		879F9D4F1DA055BD00499D19 /* hpdf_config.h */ = {isa = PBXFileReference; lastKnownFileType = sourcecode.c.h; path = hpdf_config.h; sourceTree = "<group>"; };
		879F9D501DA055BD00499D19 /* hpdf_consts.h */ = {isa = PBXFileReference; lastKnownFileType = sourcecode.c.h; path = hpdf_consts.h; sourceTree = "<group>"; };
		879F9D511DA055BD00499D19 /* hpdf_destination.h */ = {isa = PBXFileReference; lastKnownFileType = sourcecode.c.h; path = hpdf_destination.h; sourceTree = "<group>"; };
		879F9D521DA055BD00499D19 /* hpdf_doc.h */ = {isa = PBXFileReference; lastKnownFileType = sourcecode.c.h; path = hpdf_doc.h; sourceTree = "<group>"; };
		879F9D531DA055BD00499D19 /* hpdf_encoder.h */ = {isa = PBXFileReference; lastKnownFileType = sourcecode.c.h; path = hpdf_encoder.h; sourceTree = "<group>"; };
		879F9D541DA055BD00499D19 /* hpdf_encrypt.h */ = {isa = PBXFileReference; lastKnownFileType = sourcecode.c.h; path = hpdf_encrypt.h; sourceTree = "<group>"; };
		879F9D551DA055BD00499D19 /* hpdf_encryptdict.h */ = {isa = PBXFileReference; lastKnownFileType = sourcecode.c.h; path = hpdf_encryptdict.h; sourceTree = "<group>"; };
		879F9D561DA055BD00499D19 /* hpdf_error.h */ = {isa = PBXFileReference; lastKnownFileType = sourcecode.c.h; path = hpdf_error.h; sourceTree = "<group>"; };
		879F9D571DA055BD00499D19 /* hpdf_exdata.h */ = {isa = PBXFileReference; lastKnownFileType = sourcecode.c.h; path = hpdf_exdata.h; sourceTree = "<group>"; };
		879F9D581DA055BD00499D19 /* hpdf_ext_gstate.h */ = {isa = PBXFileReference; lastKnownFileType = sourcecode.c.h; path = hpdf_ext_gstate.h; sourceTree = "<group>"; };
		879F9D591DA055BD00499D19 /* hpdf_font.h */ = {isa = PBXFileReference; lastKnownFileType = sourcecode.c.h; path = hpdf_font.h; sourceTree = "<group>"; };
		879F9D5A1DA055BD00499D19 /* hpdf_fontdef.h */ = {isa = PBXFileReference; lastKnownFileType = sourcecode.c.h; path = hpdf_fontdef.h; sourceTree = "<group>"; };
		879F9D5B1DA055BD00499D19 /* hpdf_gstate.h */ = {isa = PBXFileReference; lastKnownFileType = sourcecode.c.h; path = hpdf_gstate.h; sourceTree = "<group>"; };
		879F9D5C1DA055BD00499D19 /* hpdf_image.h */ = {isa = PBXFileReference; lastKnownFileType = sourcecode.c.h; path = hpdf_image.h; sourceTree = "<group>"; };
		879F9D5D1DA055BD00499D19 /* hpdf_info.h */ = {isa = PBXFileReference; lastKnownFileType = sourcecode.c.h; path = hpdf_info.h; sourceTree = "<group>"; };
		879F9D5E1DA055BD00499D19 /* hpdf_list.h */ = {isa = PBXFileReference; lastKnownFileType = sourcecode.c.h; path = hpdf_list.h; sourceTree = "<group>"; };
		879F9D5F1DA055BD00499D19 /* hpdf_mmgr.h */ = {isa = PBXFileReference; lastKnownFileType = sourcecode.c.h; path = hpdf_mmgr.h; sourceTree = "<group>"; };
		879F9D601DA055BD00499D19 /* hpdf_namedict.h */ = {isa = PBXFileReference; lastKnownFileType = sourcecode.c.h; path = hpdf_namedict.h; sourceTree = "<group>"; };
		879F9D611DA055BD00499D19 /* hpdf_objects.h */ = {isa = PBXFileReference; lastKnownFileType = sourcecode.c.h; path = hpdf_objects.h; sourceTree = "<group>"; };
		879F9D621DA055BD00499D19 /* hpdf_outline.h */ = {isa = PBXFileReference; lastKnownFileType = sourcecode.c.h; path = hpdf_outline.h; sourceTree = "<group>"; };
		879F9D631DA055BD00499D19 /* hpdf_page_label.h */ = {isa = PBXFileReference; lastKnownFileType = sourcecode.c.h; path = hpdf_page_label.h; sourceTree = "<group>"; };
		879F9D641DA055BD00499D19 /* hpdf_pages.h */ = {isa = PBXFileReference; lastKnownFileType = sourcecode.c.h; path = hpdf_pages.h; sourceTree = "<group>"; };
		879F9D651DA055BD00499D19 /* hpdf_pdfa.h */ = {isa = PBXFileReference; lastKnownFileType = sourcecode.c.h; path = hpdf_pdfa.h; sourceTree = "<group>"; };
		879F9D661DA055BD00499D19 /* hpdf_streams.h */ = {isa = PBXFileReference; lastKnownFileType = sourcecode.c.h; path = hpdf_streams.h; sourceTree = "<group>"; };
		879F9D671DA055BD00499D19 /* hpdf_types.h */ = {isa = PBXFileReference; lastKnownFileType = sourcecode.c.h; path = hpdf_types.h; sourceTree = "<group>"; };
		879F9D681DA055BD00499D19 /* hpdf_u3d.h */ = {isa = PBXFileReference; lastKnownFileType = sourcecode.c.h; path = hpdf_u3d.h; sourceTree = "<group>"; };
		879F9D691DA055BD00499D19 /* hpdf_utils.h */ = {isa = PBXFileReference; lastKnownFileType = sourcecode.c.h; path = hpdf_utils.h; sourceTree = "<group>"; };
		879F9D6A1DA055BD00499D19 /* hpdf_version.h */ = {isa = PBXFileReference; lastKnownFileType = sourcecode.c.h; path = hpdf_version.h; sourceTree = "<group>"; };
		879F9D8E1DA0561900499D19 /* png.h */ = {isa = PBXFileReference; lastKnownFileType = sourcecode.c.h; path = png.h; sourceTree = "<group>"; };
		879F9D8F1DA0561900499D19 /* pngconf.h */ = {isa = PBXFileReference; lastKnownFileType = sourcecode.c.h; path = pngconf.h; sourceTree = "<group>"; };
		879F9D901DA0561900499D19 /* pngdebug.h */ = {isa = PBXFileReference; lastKnownFileType = sourcecode.c.h; path = pngdebug.h; sourceTree = "<group>"; };
		879F9D911DA0561900499D19 /* pnginfo.h */ = {isa = PBXFileReference; lastKnownFileType = sourcecode.c.h; path = pnginfo.h; sourceTree = "<group>"; };
		879F9D921DA0561900499D19 /* pnglibconf.h */ = {isa = PBXFileReference; lastKnownFileType = sourcecode.c.h; path = pnglibconf.h; sourceTree = "<group>"; };
		879F9D931DA0561900499D19 /* pngpriv.h */ = {isa = PBXFileReference; lastKnownFileType = sourcecode.c.h; path = pngpriv.h; sourceTree = "<group>"; };
		879F9D941DA0561900499D19 /* pngstruct.h */ = {isa = PBXFileReference; lastKnownFileType = sourcecode.c.h; path = pngstruct.h; sourceTree = "<group>"; };
		879F9D9C1DA057AD00499D19 /* module.modulemap */ = {isa = PBXFileReference; lastKnownFileType = "sourcecode.module-map"; path = module.modulemap; sourceTree = "<group>"; };
		879F9D9D1DA057B800499D19 /* module.modulemap */ = {isa = PBXFileReference; lastKnownFileType = "sourcecode.module-map"; path = module.modulemap; sourceTree = "<group>"; };
		87A8AAF91DA276E200EB7DDF /* ColorTests.swift */ = {isa = PBXFileReference; fileEncoding = 4; lastKnownFileType = sourcecode.swift; path = ColorTests.swift; sourceTree = "<group>"; };
		__PBXFileRef_Package.swift /* Package.swift */ = {isa = PBXFileReference; lastKnownFileType = sourcecode.swift; path = Package.swift; sourceTree = "<group>"; };
		__PBXFileRef_Sources/CLibHaru/hpdf_3dmeasure.c /* hpdf_3dmeasure.c */ = {isa = PBXFileReference; lastKnownFileType = sourcecode.c.c; path = hpdf_3dmeasure.c; sourceTree = "<group>"; };
		__PBXFileRef_Sources/CLibHaru/hpdf_annotation.c /* hpdf_annotation.c */ = {isa = PBXFileReference; lastKnownFileType = sourcecode.c.c; path = hpdf_annotation.c; sourceTree = "<group>"; };
		__PBXFileRef_Sources/CLibHaru/hpdf_array.c /* hpdf_array.c */ = {isa = PBXFileReference; lastKnownFileType = sourcecode.c.c; path = hpdf_array.c; sourceTree = "<group>"; };
		__PBXFileRef_Sources/CLibHaru/hpdf_binary.c /* hpdf_binary.c */ = {isa = PBXFileReference; lastKnownFileType = sourcecode.c.c; path = hpdf_binary.c; sourceTree = "<group>"; };
		__PBXFileRef_Sources/CLibHaru/hpdf_boolean.c /* hpdf_boolean.c */ = {isa = PBXFileReference; lastKnownFileType = sourcecode.c.c; path = hpdf_boolean.c; sourceTree = "<group>"; };
		__PBXFileRef_Sources/CLibHaru/hpdf_catalog.c /* hpdf_catalog.c */ = {isa = PBXFileReference; lastKnownFileType = sourcecode.c.c; path = hpdf_catalog.c; sourceTree = "<group>"; };
		__PBXFileRef_Sources/CLibHaru/hpdf_destination.c /* hpdf_destination.c */ = {isa = PBXFileReference; lastKnownFileType = sourcecode.c.c; path = hpdf_destination.c; sourceTree = "<group>"; };
		__PBXFileRef_Sources/CLibHaru/hpdf_dict.c /* hpdf_dict.c */ = {isa = PBXFileReference; lastKnownFileType = sourcecode.c.c; path = hpdf_dict.c; sourceTree = "<group>"; };
		__PBXFileRef_Sources/CLibHaru/hpdf_doc.c /* hpdf_doc.c */ = {isa = PBXFileReference; lastKnownFileType = sourcecode.c.c; path = hpdf_doc.c; sourceTree = "<group>"; };
		__PBXFileRef_Sources/CLibHaru/hpdf_doc_png.c /* hpdf_doc_png.c */ = {isa = PBXFileReference; lastKnownFileType = sourcecode.c.c; path = hpdf_doc_png.c; sourceTree = "<group>"; };
		__PBXFileRef_Sources/CLibHaru/hpdf_encoder.c /* hpdf_encoder.c */ = {isa = PBXFileReference; lastKnownFileType = sourcecode.c.c; path = hpdf_encoder.c; sourceTree = "<group>"; };
		__PBXFileRef_Sources/CLibHaru/hpdf_encoder_cns.c /* hpdf_encoder_cns.c */ = {isa = PBXFileReference; lastKnownFileType = sourcecode.c.c; path = hpdf_encoder_cns.c; sourceTree = "<group>"; };
		__PBXFileRef_Sources/CLibHaru/hpdf_encoder_cnt.c /* hpdf_encoder_cnt.c */ = {isa = PBXFileReference; lastKnownFileType = sourcecode.c.c; path = hpdf_encoder_cnt.c; sourceTree = "<group>"; };
		__PBXFileRef_Sources/CLibHaru/hpdf_encoder_jp.c /* hpdf_encoder_jp.c */ = {isa = PBXFileReference; lastKnownFileType = sourcecode.c.c; path = hpdf_encoder_jp.c; sourceTree = "<group>"; };
		__PBXFileRef_Sources/CLibHaru/hpdf_encoder_kr.c /* hpdf_encoder_kr.c */ = {isa = PBXFileReference; lastKnownFileType = sourcecode.c.c; path = hpdf_encoder_kr.c; sourceTree = "<group>"; };
		__PBXFileRef_Sources/CLibHaru/hpdf_encoder_utf.c /* hpdf_encoder_utf.c */ = {isa = PBXFileReference; lastKnownFileType = sourcecode.c.c; path = hpdf_encoder_utf.c; sourceTree = "<group>"; };
		__PBXFileRef_Sources/CLibHaru/hpdf_encrypt.c /* hpdf_encrypt.c */ = {isa = PBXFileReference; lastKnownFileType = sourcecode.c.c; path = hpdf_encrypt.c; sourceTree = "<group>"; };
		__PBXFileRef_Sources/CLibHaru/hpdf_encryptdict.c /* hpdf_encryptdict.c */ = {isa = PBXFileReference; lastKnownFileType = sourcecode.c.c; path = hpdf_encryptdict.c; sourceTree = "<group>"; };
		__PBXFileRef_Sources/CLibHaru/hpdf_error.c /* hpdf_error.c */ = {isa = PBXFileReference; lastKnownFileType = sourcecode.c.c; path = hpdf_error.c; sourceTree = "<group>"; };
		__PBXFileRef_Sources/CLibHaru/hpdf_exdata.c /* hpdf_exdata.c */ = {isa = PBXFileReference; lastKnownFileType = sourcecode.c.c; path = hpdf_exdata.c; sourceTree = "<group>"; };
		__PBXFileRef_Sources/CLibHaru/hpdf_ext_gstate.c /* hpdf_ext_gstate.c */ = {isa = PBXFileReference; lastKnownFileType = sourcecode.c.c; path = hpdf_ext_gstate.c; sourceTree = "<group>"; };
		__PBXFileRef_Sources/CLibHaru/hpdf_font.c /* hpdf_font.c */ = {isa = PBXFileReference; lastKnownFileType = sourcecode.c.c; path = hpdf_font.c; sourceTree = "<group>"; };
		__PBXFileRef_Sources/CLibHaru/hpdf_font_cid.c /* hpdf_font_cid.c */ = {isa = PBXFileReference; lastKnownFileType = sourcecode.c.c; path = hpdf_font_cid.c; sourceTree = "<group>"; };
		__PBXFileRef_Sources/CLibHaru/hpdf_font_tt.c /* hpdf_font_tt.c */ = {isa = PBXFileReference; lastKnownFileType = sourcecode.c.c; path = hpdf_font_tt.c; sourceTree = "<group>"; };
		__PBXFileRef_Sources/CLibHaru/hpdf_font_type1.c /* hpdf_font_type1.c */ = {isa = PBXFileReference; lastKnownFileType = sourcecode.c.c; path = hpdf_font_type1.c; sourceTree = "<group>"; };
		__PBXFileRef_Sources/CLibHaru/hpdf_fontdef.c /* hpdf_fontdef.c */ = {isa = PBXFileReference; lastKnownFileType = sourcecode.c.c; path = hpdf_fontdef.c; sourceTree = "<group>"; };
		__PBXFileRef_Sources/CLibHaru/hpdf_fontdef_base14.c /* hpdf_fontdef_base14.c */ = {isa = PBXFileReference; lastKnownFileType = sourcecode.c.c; path = hpdf_fontdef_base14.c; sourceTree = "<group>"; };
		__PBXFileRef_Sources/CLibHaru/hpdf_fontdef_cid.c /* hpdf_fontdef_cid.c */ = {isa = PBXFileReference; lastKnownFileType = sourcecode.c.c; path = hpdf_fontdef_cid.c; sourceTree = "<group>"; };
		__PBXFileRef_Sources/CLibHaru/hpdf_fontdef_cns.c /* hpdf_fontdef_cns.c */ = {isa = PBXFileReference; lastKnownFileType = sourcecode.c.c; path = hpdf_fontdef_cns.c; sourceTree = "<group>"; };
		__PBXFileRef_Sources/CLibHaru/hpdf_fontdef_cnt.c /* hpdf_fontdef_cnt.c */ = {isa = PBXFileReference; lastKnownFileType = sourcecode.c.c; path = hpdf_fontdef_cnt.c; sourceTree = "<group>"; };
		__PBXFileRef_Sources/CLibHaru/hpdf_fontdef_jp.c /* hpdf_fontdef_jp.c */ = {isa = PBXFileReference; lastKnownFileType = sourcecode.c.c; path = hpdf_fontdef_jp.c; sourceTree = "<group>"; };
		__PBXFileRef_Sources/CLibHaru/hpdf_fontdef_kr.c /* hpdf_fontdef_kr.c */ = {isa = PBXFileReference; lastKnownFileType = sourcecode.c.c; path = hpdf_fontdef_kr.c; sourceTree = "<group>"; };
		__PBXFileRef_Sources/CLibHaru/hpdf_fontdef_tt.c /* hpdf_fontdef_tt.c */ = {isa = PBXFileReference; lastKnownFileType = sourcecode.c.c; path = hpdf_fontdef_tt.c; sourceTree = "<group>"; };
		__PBXFileRef_Sources/CLibHaru/hpdf_fontdef_type1.c /* hpdf_fontdef_type1.c */ = {isa = PBXFileReference; lastKnownFileType = sourcecode.c.c; path = hpdf_fontdef_type1.c; sourceTree = "<group>"; };
		__PBXFileRef_Sources/CLibHaru/hpdf_gstate.c /* hpdf_gstate.c */ = {isa = PBXFileReference; lastKnownFileType = sourcecode.c.c; path = hpdf_gstate.c; sourceTree = "<group>"; };
		__PBXFileRef_Sources/CLibHaru/hpdf_image.c /* hpdf_image.c */ = {isa = PBXFileReference; lastKnownFileType = sourcecode.c.c; path = hpdf_image.c; sourceTree = "<group>"; };
		__PBXFileRef_Sources/CLibHaru/hpdf_image_ccitt.c /* hpdf_image_ccitt.c */ = {isa = PBXFileReference; lastKnownFileType = sourcecode.c.c; path = hpdf_image_ccitt.c; sourceTree = "<group>"; };
		__PBXFileRef_Sources/CLibHaru/hpdf_image_png.c /* hpdf_image_png.c */ = {isa = PBXFileReference; lastKnownFileType = sourcecode.c.c; path = hpdf_image_png.c; sourceTree = "<group>"; };
		__PBXFileRef_Sources/CLibHaru/hpdf_info.c /* hpdf_info.c */ = {isa = PBXFileReference; lastKnownFileType = sourcecode.c.c; path = hpdf_info.c; sourceTree = "<group>"; };
		__PBXFileRef_Sources/CLibHaru/hpdf_list.c /* hpdf_list.c */ = {isa = PBXFileReference; lastKnownFileType = sourcecode.c.c; path = hpdf_list.c; sourceTree = "<group>"; };
		__PBXFileRef_Sources/CLibHaru/hpdf_mmgr.c /* hpdf_mmgr.c */ = {isa = PBXFileReference; lastKnownFileType = sourcecode.c.c; path = hpdf_mmgr.c; sourceTree = "<group>"; };
		__PBXFileRef_Sources/CLibHaru/hpdf_name.c /* hpdf_name.c */ = {isa = PBXFileReference; lastKnownFileType = sourcecode.c.c; path = hpdf_name.c; sourceTree = "<group>"; };
		__PBXFileRef_Sources/CLibHaru/hpdf_namedict.c /* hpdf_namedict.c */ = {isa = PBXFileReference; lastKnownFileType = sourcecode.c.c; path = hpdf_namedict.c; sourceTree = "<group>"; };
		__PBXFileRef_Sources/CLibHaru/hpdf_null.c /* hpdf_null.c */ = {isa = PBXFileReference; lastKnownFileType = sourcecode.c.c; path = hpdf_null.c; sourceTree = "<group>"; };
		__PBXFileRef_Sources/CLibHaru/hpdf_number.c /* hpdf_number.c */ = {isa = PBXFileReference; lastKnownFileType = sourcecode.c.c; path = hpdf_number.c; sourceTree = "<group>"; };
		__PBXFileRef_Sources/CLibHaru/hpdf_objects.c /* hpdf_objects.c */ = {isa = PBXFileReference; lastKnownFileType = sourcecode.c.c; path = hpdf_objects.c; sourceTree = "<group>"; };
		__PBXFileRef_Sources/CLibHaru/hpdf_outline.c /* hpdf_outline.c */ = {isa = PBXFileReference; lastKnownFileType = sourcecode.c.c; path = hpdf_outline.c; sourceTree = "<group>"; };
		__PBXFileRef_Sources/CLibHaru/hpdf_page_label.c /* hpdf_page_label.c */ = {isa = PBXFileReference; lastKnownFileType = sourcecode.c.c; path = hpdf_page_label.c; sourceTree = "<group>"; };
		__PBXFileRef_Sources/CLibHaru/hpdf_page_operator.c /* hpdf_page_operator.c */ = {isa = PBXFileReference; lastKnownFileType = sourcecode.c.c; path = hpdf_page_operator.c; sourceTree = "<group>"; };
		__PBXFileRef_Sources/CLibHaru/hpdf_pages.c /* hpdf_pages.c */ = {isa = PBXFileReference; lastKnownFileType = sourcecode.c.c; path = hpdf_pages.c; sourceTree = "<group>"; };
		__PBXFileRef_Sources/CLibHaru/hpdf_pdfa.c /* hpdf_pdfa.c */ = {isa = PBXFileReference; lastKnownFileType = sourcecode.c.c; path = hpdf_pdfa.c; sourceTree = "<group>"; };
		__PBXFileRef_Sources/CLibHaru/hpdf_real.c /* hpdf_real.c */ = {isa = PBXFileReference; lastKnownFileType = sourcecode.c.c; path = hpdf_real.c; sourceTree = "<group>"; };
		__PBXFileRef_Sources/CLibHaru/hpdf_streams.c /* hpdf_streams.c */ = {isa = PBXFileReference; lastKnownFileType = sourcecode.c.c; path = hpdf_streams.c; sourceTree = "<group>"; };
		__PBXFileRef_Sources/CLibHaru/hpdf_string.c /* hpdf_string.c */ = {isa = PBXFileReference; lastKnownFileType = sourcecode.c.c; path = hpdf_string.c; sourceTree = "<group>"; };
		__PBXFileRef_Sources/CLibHaru/hpdf_u3d.c /* hpdf_u3d.c */ = {isa = PBXFileReference; lastKnownFileType = sourcecode.c.c; path = hpdf_u3d.c; sourceTree = "<group>"; };
		__PBXFileRef_Sources/CLibHaru/hpdf_utils.c /* hpdf_utils.c */ = {isa = PBXFileReference; lastKnownFileType = sourcecode.c.c; path = hpdf_utils.c; sourceTree = "<group>"; };
		__PBXFileRef_Sources/CLibHaru/hpdf_xref.c /* hpdf_xref.c */ = {isa = PBXFileReference; lastKnownFileType = sourcecode.c.c; path = hpdf_xref.c; sourceTree = "<group>"; };
		__PBXFileRef_Sources/CLibPNG/png.c /* png.c */ = {isa = PBXFileReference; lastKnownFileType = sourcecode.c.c; path = png.c; sourceTree = "<group>"; };
		__PBXFileRef_Sources/CLibPNG/pngerror.c /* pngerror.c */ = {isa = PBXFileReference; lastKnownFileType = sourcecode.c.c; path = pngerror.c; sourceTree = "<group>"; };
		__PBXFileRef_Sources/CLibPNG/pngget.c /* pngget.c */ = {isa = PBXFileReference; lastKnownFileType = sourcecode.c.c; path = pngget.c; sourceTree = "<group>"; };
		__PBXFileRef_Sources/CLibPNG/pngmem.c /* pngmem.c */ = {isa = PBXFileReference; lastKnownFileType = sourcecode.c.c; path = pngmem.c; sourceTree = "<group>"; };
		__PBXFileRef_Sources/CLibPNG/pngpread.c /* pngpread.c */ = {isa = PBXFileReference; lastKnownFileType = sourcecode.c.c; path = pngpread.c; sourceTree = "<group>"; };
		__PBXFileRef_Sources/CLibPNG/pngread.c /* pngread.c */ = {isa = PBXFileReference; lastKnownFileType = sourcecode.c.c; path = pngread.c; sourceTree = "<group>"; };
		__PBXFileRef_Sources/CLibPNG/pngrio.c /* pngrio.c */ = {isa = PBXFileReference; lastKnownFileType = sourcecode.c.c; path = pngrio.c; sourceTree = "<group>"; };
		__PBXFileRef_Sources/CLibPNG/pngrtran.c /* pngrtran.c */ = {isa = PBXFileReference; lastKnownFileType = sourcecode.c.c; path = pngrtran.c; sourceTree = "<group>"; };
		__PBXFileRef_Sources/CLibPNG/pngrutil.c /* pngrutil.c */ = {isa = PBXFileReference; lastKnownFileType = sourcecode.c.c; path = pngrutil.c; sourceTree = "<group>"; };
		__PBXFileRef_Sources/CLibPNG/pngset.c /* pngset.c */ = {isa = PBXFileReference; lastKnownFileType = sourcecode.c.c; path = pngset.c; sourceTree = "<group>"; };
		__PBXFileRef_Sources/CLibPNG/pngtest.c /* pngtest.c */ = {isa = PBXFileReference; lastKnownFileType = sourcecode.c.c; path = pngtest.c; sourceTree = "<group>"; };
		__PBXFileRef_Sources/CLibPNG/pngtrans.c /* pngtrans.c */ = {isa = PBXFileReference; lastKnownFileType = sourcecode.c.c; path = pngtrans.c; sourceTree = "<group>"; };
		__PBXFileRef_Sources/CLibPNG/pngwio.c /* pngwio.c */ = {isa = PBXFileReference; lastKnownFileType = sourcecode.c.c; path = pngwio.c; sourceTree = "<group>"; };
		__PBXFileRef_Sources/CLibPNG/pngwrite.c /* pngwrite.c */ = {isa = PBXFileReference; lastKnownFileType = sourcecode.c.c; path = pngwrite.c; sourceTree = "<group>"; };
		__PBXFileRef_Sources/CLibPNG/pngwtran.c /* pngwtran.c */ = {isa = PBXFileReference; lastKnownFileType = sourcecode.c.c; path = pngwtran.c; sourceTree = "<group>"; };
		__PBXFileRef_Sources/CLibPNG/pngwutil.c /* pngwutil.c */ = {isa = PBXFileReference; lastKnownFileType = sourcecode.c.c; path = pngwutil.c; sourceTree = "<group>"; };
		__PBXFileRef_Sources/SwiftyHaru/PDFDocument.swift /* PDFDocument.swift */ = {isa = PBXFileReference; lastKnownFileType = sourcecode.swift; path = PDFDocument.swift; sourceTree = "<group>"; };
		__PBXFileRef_Sources/SwiftyHaru/PDFError.swift /* PDFError.swift */ = {isa = PBXFileReference; lastKnownFileType = sourcecode.swift; path = PDFError.swift; sourceTree = "<group>"; };
		__PBXFileRef_Sources/SwiftyHaru/PDFPage.Direction.swift /* PDFPage.Direction.swift */ = {isa = PBXFileReference; lastKnownFileType = sourcecode.swift; path = PDFPage.Direction.swift; sourceTree = "<group>"; };
		__PBXFileRef_Sources/SwiftyHaru/PDFPage.Size.swift /* PDFPage.Size.swift */ = {isa = PBXFileReference; lastKnownFileType = sourcecode.swift; path = PDFPage.Size.swift; sourceTree = "<group>"; };
		__PBXFileRef_Sources/SwiftyHaru/PDFPage.swift /* PDFPage.swift */ = {isa = PBXFileReference; lastKnownFileType = sourcecode.swift; path = PDFPage.swift; sourceTree = "<group>"; };
		__PBXFileRef_Sources/SwiftyHaru/Size.swift /* Geometry.swift */ = {isa = PBXFileReference; lastKnownFileType = sourcecode.swift; path = Geometry.swift; sourceTree = "<group>"; };
		__PBXFileRef_Sources/SwiftyHaru/Unimplemented.swift /* Unimplemented.swift */ = {isa = PBXFileReference; lastKnownFileType = sourcecode.swift; path = Unimplemented.swift; sourceTree = "<group>"; };
		__PBXFileRef_Sources/SwiftyHaru/_HaruBridgeable.swift /* _HaruBridgeable.swift */ = {isa = PBXFileReference; lastKnownFileType = sourcecode.swift; path = _HaruBridgeable.swift; sourceTree = "<group>"; };
		__PBXFileRef_SwiftyHaru.xcodeproj/Configs/Project.xcconfig /* SwiftyHaru.xcodeproj/Configs/Project.xcconfig */ = {isa = PBXFileReference; lastKnownFileType = text.xcconfig; path = SwiftyHaru.xcodeproj/Configs/Project.xcconfig; sourceTree = "<group>"; };
		__PBXFileRef_Tests/SwiftyHaruTests/SwiftyHaruTests.swift /* PDFDocumentTests.swift */ = {isa = PBXFileReference; lastKnownFileType = sourcecode.swift; path = PDFDocumentTests.swift; sourceTree = "<group>"; };
		__PBXFileRef_Tests/SwiftyHaruTests/TestHelpers.swift /* TestHelpers.swift */ = {isa = PBXFileReference; lastKnownFileType = sourcecode.swift; path = TestHelpers.swift; sourceTree = "<group>"; };
		"_____Product_CLibHaru" /* CLibHaru.framework */ = {isa = PBXFileReference; explicitFileType = wrapper.framework; path = CLibHaru.framework; sourceTree = BUILT_PRODUCTS_DIR; };
		"_____Product_CLibPNG" /* CLibPNG.framework */ = {isa = PBXFileReference; explicitFileType = wrapper.framework; path = CLibPNG.framework; sourceTree = BUILT_PRODUCTS_DIR; };
		"_____Product_SwiftyHaru" /* SwiftyHaru.framework */ = {isa = PBXFileReference; explicitFileType = wrapper.framework; path = SwiftyHaru.framework; sourceTree = BUILT_PRODUCTS_DIR; };
		"_____Product_SwiftyHaruTests" /* SwiftyHaruTests.xctest */ = {isa = PBXFileReference; lastKnownFileType = file; path = SwiftyHaruTests.xctest; sourceTree = BUILT_PRODUCTS_DIR; };
/* End PBXFileReference section */

/* Begin PBXFrameworksBuildPhase section */
		"___LinkPhase_CLibHaru" /* Frameworks */ = {
			isa = PBXFrameworksBuildPhase;
			buildActionMask = 0;
			files = (
				_LinkFileRef_CLibPNG_via_CLibHaru /* CLibPNG.framework in Frameworks */,
			);
			runOnlyForDeploymentPostprocessing = 0;
		};
		"___LinkPhase_CLibPNG" /* Frameworks */ = {
			isa = PBXFrameworksBuildPhase;
			buildActionMask = 0;
			files = (
			);
			runOnlyForDeploymentPostprocessing = 0;
		};
		"___LinkPhase_SwiftyHaru" /* Frameworks */ = {
			isa = PBXFrameworksBuildPhase;
			buildActionMask = 0;
			files = (
				_LinkFileRef_CLibPNG_via_SwiftyHaru /* CLibPNG.framework in Frameworks */,
				_LinkFileRef_CLibHaru_via_SwiftyHaru /* CLibHaru.framework in Frameworks */,
			);
			runOnlyForDeploymentPostprocessing = 0;
		};
		"___LinkPhase_SwiftyHaruTests" /* Frameworks */ = {
			isa = PBXFrameworksBuildPhase;
			buildActionMask = 0;
			files = (
				_LinkFileRef_CLibPNG_via_SwiftyHaruTests /* CLibPNG.framework in Frameworks */,
				_LinkFileRef_CLibHaru_via_SwiftyHaruTests /* CLibHaru.framework in Frameworks */,
				_LinkFileRef_SwiftyHaru_via_SwiftyHaruTests /* SwiftyHaru.framework in Frameworks */,
			);
			runOnlyForDeploymentPostprocessing = 0;
		};
/* End PBXFrameworksBuildPhase section */

/* Begin PBXGroup section */
		879F9D481DA055BD00499D19 /* include */ = {
			isa = PBXGroup;
			children = (
				879F9D4A1DA055BD00499D19 /* hpdf.h */,
				879F9D4B1DA055BD00499D19 /* hpdf_3dmeasure.h */,
				879F9D4C1DA055BD00499D19 /* hpdf_annotation.h */,
				879F9D4D1DA055BD00499D19 /* hpdf_catalog.h */,
				879F9D4E1DA055BD00499D19 /* hpdf_conf.h */,
				879F9D4F1DA055BD00499D19 /* hpdf_config.h */,
				879F9D501DA055BD00499D19 /* hpdf_consts.h */,
				879F9D511DA055BD00499D19 /* hpdf_destination.h */,
				879F9D521DA055BD00499D19 /* hpdf_doc.h */,
				879F9D531DA055BD00499D19 /* hpdf_encoder.h */,
				879F9D541DA055BD00499D19 /* hpdf_encrypt.h */,
				879F9D551DA055BD00499D19 /* hpdf_encryptdict.h */,
				879F9D561DA055BD00499D19 /* hpdf_error.h */,
				879F9D571DA055BD00499D19 /* hpdf_exdata.h */,
				879F9D581DA055BD00499D19 /* hpdf_ext_gstate.h */,
				879F9D591DA055BD00499D19 /* hpdf_font.h */,
				879F9D5A1DA055BD00499D19 /* hpdf_fontdef.h */,
				879F9D5B1DA055BD00499D19 /* hpdf_gstate.h */,
				879F9D5C1DA055BD00499D19 /* hpdf_image.h */,
				879F9D5D1DA055BD00499D19 /* hpdf_info.h */,
				879F9D5E1DA055BD00499D19 /* hpdf_list.h */,
				879F9D5F1DA055BD00499D19 /* hpdf_mmgr.h */,
				879F9D601DA055BD00499D19 /* hpdf_namedict.h */,
				879F9D611DA055BD00499D19 /* hpdf_objects.h */,
				879F9D621DA055BD00499D19 /* hpdf_outline.h */,
				879F9D631DA055BD00499D19 /* hpdf_page_label.h */,
				879F9D641DA055BD00499D19 /* hpdf_pages.h */,
				879F9D651DA055BD00499D19 /* hpdf_pdfa.h */,
				879F9D661DA055BD00499D19 /* hpdf_streams.h */,
				879F9D671DA055BD00499D19 /* hpdf_types.h */,
				879F9D681DA055BD00499D19 /* hpdf_u3d.h */,
				879F9D691DA055BD00499D19 /* hpdf_utils.h */,
				879F9D6A1DA055BD00499D19 /* hpdf_version.h */,
			);
			path = include;
			sourceTree = "<group>";
		};
		879F9D8D1DA0561900499D19 /* include */ = {
			isa = PBXGroup;
			children = (
				879F9D8E1DA0561900499D19 /* png.h */,
				879F9D8F1DA0561900499D19 /* pngconf.h */,
				879F9D901DA0561900499D19 /* pngdebug.h */,
				879F9D911DA0561900499D19 /* pnginfo.h */,
				879F9D921DA0561900499D19 /* pnglibconf.h */,
				879F9D931DA0561900499D19 /* pngpriv.h */,
				879F9D941DA0561900499D19 /* pngstruct.h */,
			);
			path = include;
			sourceTree = "<group>";
		};
		TestProducts_ /* Tests */ = {
			isa = PBXGroup;
			children = (
				"_____Product_SwiftyHaruTests" /* SwiftyHaruTests.xctest */,
			);
			name = Tests;
			sourceTree = "<group>";
		};
		"___RootGroup_" = {
			isa = PBXGroup;
			children = (
				__PBXFileRef_Package.swift /* Package.swift */,
				"_____Configs_" /* Configs */,
				"_____Sources_" /* Sources */,
				"_______Tests_" /* Tests */,
				"____Products_" /* Products */,
			);
			sourceTree = "<group>";
		};
		"____Products_" /* Products */ = {
			isa = PBXGroup;
			children = (
				TestProducts_ /* Tests */,
				"_____Product_CLibHaru" /* CLibHaru.framework */,
				"_____Product_CLibPNG" /* CLibPNG.framework */,
				"_____Product_SwiftyHaru" /* SwiftyHaru.framework */,
			);
			name = Products;
			sourceTree = "<group>";
		};
		"_____Configs_" /* Configs */ = {
			isa = PBXGroup;
			children = (
				__PBXFileRef_SwiftyHaru.xcodeproj/Configs/Project.xcconfig /* SwiftyHaru.xcodeproj/Configs/Project.xcconfig */,
			);
			name = Configs;
			sourceTree = "<group>";
		};
		"_____Sources_" /* Sources */ = {
			isa = PBXGroup;
			children = (
				"_______Group_CLibHaru" /* CLibHaru */,
				"_______Group_CLibPNG" /* CLibPNG */,
				"_______Group_SwiftyHaru" /* SwiftyHaru */,
			);
			name = Sources;
			sourceTree = "<group>";
		};
		"_______Group_CLibHaru" /* CLibHaru */ = {
			isa = PBXGroup;
			children = (
				879F9D9D1DA057B800499D19 /* module.modulemap */,
				879F9D481DA055BD00499D19 /* include */,
				__PBXFileRef_Sources/CLibHaru/hpdf_3dmeasure.c /* hpdf_3dmeasure.c */,
				__PBXFileRef_Sources/CLibHaru/hpdf_annotation.c /* hpdf_annotation.c */,
				__PBXFileRef_Sources/CLibHaru/hpdf_array.c /* hpdf_array.c */,
				__PBXFileRef_Sources/CLibHaru/hpdf_binary.c /* hpdf_binary.c */,
				__PBXFileRef_Sources/CLibHaru/hpdf_boolean.c /* hpdf_boolean.c */,
				__PBXFileRef_Sources/CLibHaru/hpdf_catalog.c /* hpdf_catalog.c */,
				__PBXFileRef_Sources/CLibHaru/hpdf_destination.c /* hpdf_destination.c */,
				__PBXFileRef_Sources/CLibHaru/hpdf_dict.c /* hpdf_dict.c */,
				__PBXFileRef_Sources/CLibHaru/hpdf_doc.c /* hpdf_doc.c */,
				__PBXFileRef_Sources/CLibHaru/hpdf_doc_png.c /* hpdf_doc_png.c */,
				__PBXFileRef_Sources/CLibHaru/hpdf_encoder.c /* hpdf_encoder.c */,
				__PBXFileRef_Sources/CLibHaru/hpdf_encoder_cns.c /* hpdf_encoder_cns.c */,
				__PBXFileRef_Sources/CLibHaru/hpdf_encoder_cnt.c /* hpdf_encoder_cnt.c */,
				__PBXFileRef_Sources/CLibHaru/hpdf_encoder_jp.c /* hpdf_encoder_jp.c */,
				__PBXFileRef_Sources/CLibHaru/hpdf_encoder_kr.c /* hpdf_encoder_kr.c */,
				__PBXFileRef_Sources/CLibHaru/hpdf_encoder_utf.c /* hpdf_encoder_utf.c */,
				__PBXFileRef_Sources/CLibHaru/hpdf_encrypt.c /* hpdf_encrypt.c */,
				__PBXFileRef_Sources/CLibHaru/hpdf_encryptdict.c /* hpdf_encryptdict.c */,
				__PBXFileRef_Sources/CLibHaru/hpdf_error.c /* hpdf_error.c */,
				__PBXFileRef_Sources/CLibHaru/hpdf_exdata.c /* hpdf_exdata.c */,
				__PBXFileRef_Sources/CLibHaru/hpdf_ext_gstate.c /* hpdf_ext_gstate.c */,
				__PBXFileRef_Sources/CLibHaru/hpdf_font.c /* hpdf_font.c */,
				__PBXFileRef_Sources/CLibHaru/hpdf_font_cid.c /* hpdf_font_cid.c */,
				__PBXFileRef_Sources/CLibHaru/hpdf_font_tt.c /* hpdf_font_tt.c */,
				__PBXFileRef_Sources/CLibHaru/hpdf_font_type1.c /* hpdf_font_type1.c */,
				__PBXFileRef_Sources/CLibHaru/hpdf_fontdef.c /* hpdf_fontdef.c */,
				__PBXFileRef_Sources/CLibHaru/hpdf_fontdef_base14.c /* hpdf_fontdef_base14.c */,
				__PBXFileRef_Sources/CLibHaru/hpdf_fontdef_cid.c /* hpdf_fontdef_cid.c */,
				__PBXFileRef_Sources/CLibHaru/hpdf_fontdef_cns.c /* hpdf_fontdef_cns.c */,
				__PBXFileRef_Sources/CLibHaru/hpdf_fontdef_cnt.c /* hpdf_fontdef_cnt.c */,
				__PBXFileRef_Sources/CLibHaru/hpdf_fontdef_jp.c /* hpdf_fontdef_jp.c */,
				__PBXFileRef_Sources/CLibHaru/hpdf_fontdef_kr.c /* hpdf_fontdef_kr.c */,
				__PBXFileRef_Sources/CLibHaru/hpdf_fontdef_tt.c /* hpdf_fontdef_tt.c */,
				__PBXFileRef_Sources/CLibHaru/hpdf_fontdef_type1.c /* hpdf_fontdef_type1.c */,
				__PBXFileRef_Sources/CLibHaru/hpdf_gstate.c /* hpdf_gstate.c */,
				__PBXFileRef_Sources/CLibHaru/hpdf_image.c /* hpdf_image.c */,
				__PBXFileRef_Sources/CLibHaru/hpdf_image_ccitt.c /* hpdf_image_ccitt.c */,
				__PBXFileRef_Sources/CLibHaru/hpdf_image_png.c /* hpdf_image_png.c */,
				__PBXFileRef_Sources/CLibHaru/hpdf_info.c /* hpdf_info.c */,
				__PBXFileRef_Sources/CLibHaru/hpdf_list.c /* hpdf_list.c */,
				__PBXFileRef_Sources/CLibHaru/hpdf_mmgr.c /* hpdf_mmgr.c */,
				__PBXFileRef_Sources/CLibHaru/hpdf_name.c /* hpdf_name.c */,
				__PBXFileRef_Sources/CLibHaru/hpdf_namedict.c /* hpdf_namedict.c */,
				__PBXFileRef_Sources/CLibHaru/hpdf_null.c /* hpdf_null.c */,
				__PBXFileRef_Sources/CLibHaru/hpdf_number.c /* hpdf_number.c */,
				__PBXFileRef_Sources/CLibHaru/hpdf_objects.c /* hpdf_objects.c */,
				__PBXFileRef_Sources/CLibHaru/hpdf_outline.c /* hpdf_outline.c */,
				__PBXFileRef_Sources/CLibHaru/hpdf_page_label.c /* hpdf_page_label.c */,
				__PBXFileRef_Sources/CLibHaru/hpdf_page_operator.c /* hpdf_page_operator.c */,
				__PBXFileRef_Sources/CLibHaru/hpdf_pages.c /* hpdf_pages.c */,
				__PBXFileRef_Sources/CLibHaru/hpdf_pdfa.c /* hpdf_pdfa.c */,
				__PBXFileRef_Sources/CLibHaru/hpdf_real.c /* hpdf_real.c */,
				__PBXFileRef_Sources/CLibHaru/hpdf_streams.c /* hpdf_streams.c */,
				__PBXFileRef_Sources/CLibHaru/hpdf_string.c /* hpdf_string.c */,
				__PBXFileRef_Sources/CLibHaru/hpdf_u3d.c /* hpdf_u3d.c */,
				__PBXFileRef_Sources/CLibHaru/hpdf_utils.c /* hpdf_utils.c */,
				__PBXFileRef_Sources/CLibHaru/hpdf_xref.c /* hpdf_xref.c */,
			);
			name = CLibHaru;
			path = Sources/CLibHaru;
			sourceTree = "<group>";
		};
		"_______Group_CLibPNG" /* CLibPNG */ = {
			isa = PBXGroup;
			children = (
				879F9D9C1DA057AD00499D19 /* module.modulemap */,
				879F9D8D1DA0561900499D19 /* include */,
				__PBXFileRef_Sources/CLibPNG/png.c /* png.c */,
				__PBXFileRef_Sources/CLibPNG/pngerror.c /* pngerror.c */,
				__PBXFileRef_Sources/CLibPNG/pngget.c /* pngget.c */,
				__PBXFileRef_Sources/CLibPNG/pngmem.c /* pngmem.c */,
				__PBXFileRef_Sources/CLibPNG/pngpread.c /* pngpread.c */,
				__PBXFileRef_Sources/CLibPNG/pngread.c /* pngread.c */,
				__PBXFileRef_Sources/CLibPNG/pngrio.c /* pngrio.c */,
				__PBXFileRef_Sources/CLibPNG/pngrtran.c /* pngrtran.c */,
				__PBXFileRef_Sources/CLibPNG/pngrutil.c /* pngrutil.c */,
				__PBXFileRef_Sources/CLibPNG/pngset.c /* pngset.c */,
				__PBXFileRef_Sources/CLibPNG/pngtest.c /* pngtest.c */,
				__PBXFileRef_Sources/CLibPNG/pngtrans.c /* pngtrans.c */,
				__PBXFileRef_Sources/CLibPNG/pngwio.c /* pngwio.c */,
				__PBXFileRef_Sources/CLibPNG/pngwrite.c /* pngwrite.c */,
				__PBXFileRef_Sources/CLibPNG/pngwtran.c /* pngwtran.c */,
				__PBXFileRef_Sources/CLibPNG/pngwutil.c /* pngwutil.c */,
			);
			name = CLibPNG;
			path = Sources/CLibPNG;
			sourceTree = "<group>";
		};
		"_______Group_SwiftyHaru" /* SwiftyHaru */ = {
			isa = PBXGroup;
			children = (
				__PBXFileRef_Sources/SwiftyHaru/PDFDocument.swift /* PDFDocument.swift */,
				__PBXFileRef_Sources/SwiftyHaru/PDFPage.swift /* PDFPage.swift */,
				871C07901DA1837F00C02640 /* PDFPathContext.swift */,
				__PBXFileRef_Sources/SwiftyHaru/PDFPage.Direction.swift /* PDFPage.Direction.swift */,
				__PBXFileRef_Sources/SwiftyHaru/PDFPage.Size.swift /* PDFPage.Size.swift */,
				872239D31DA145A3006DD44C /* PDFDocument.PageLayout.swift */,
				8734A8361DA14DA00094FDE6 /* PDFDocument.PageNumberStyle.swift */,
				__PBXFileRef_Sources/SwiftyHaru/PDFError.swift /* PDFError.swift */,
				__PBXFileRef_Sources/SwiftyHaru/_HaruBridgeable.swift /* _HaruBridgeable.swift */,
				__PBXFileRef_Sources/SwiftyHaru/Size.swift /* Geometry.swift */,
				8767BB2E1DA64280003A3A8F /* DashStyle.swift */,
				8750736C1DA79CDA00956E8D /* LineCap.swift */,
				871C07941DA1B56C00C02640 /* Color.swift */,
				877187B51DA1B92D0050769E /* PDFColorSpace.swift */,
				__PBXFileRef_Sources/SwiftyHaru/Unimplemented.swift /* Unimplemented.swift */,
			);
			name = SwiftyHaru;
			path = Sources/SwiftyHaru;
			sourceTree = "<group>";
		};
		"_______Group_SwiftyHaruTests" /* SwiftyHaruTests */ = {
			isa = PBXGroup;
			children = (
				__PBXFileRef_Tests/SwiftyHaruTests/SwiftyHaruTests.swift /* PDFDocumentTests.swift */,
				87A8AAF91DA276E200EB7DDF /* ColorTests.swift */,
				8705252F1DA1304300D5EF74 /* PDFPageTests.swift */,
				8767BB2C1DA4E130003A3A8F /* PDFPathContextTests.swift */,
				875073561DA67E4000956E8D /* DashStyleTests.swift */,
				__PBXFileRef_Tests/SwiftyHaruTests/TestHelpers.swift /* TestHelpers.swift */,
			);
			name = SwiftyHaruTests;
			path = Tests/SwiftyHaruTests;
			sourceTree = "<group>";
		};
		"_______Tests_" /* Tests */ = {
			isa = PBXGroup;
			children = (
				8705252D1DA0860300D5EF74 /* LinuxMain.swift */,
				"_______Group_SwiftyHaruTests" /* SwiftyHaruTests */,
			);
			name = Tests;
			sourceTree = "<group>";
		};
/* End PBXGroup section */

/* Begin PBXHeadersBuildPhase section */
		879F9D471DA0559900499D19 /* Headers */ = {
			isa = PBXHeadersBuildPhase;
			buildActionMask = 2147483647;
			files = (
				879F9D951DA0562B00499D19 /* png.h in Headers */,
				879F9D961DA0562B00499D19 /* pngconf.h in Headers */,
				879F9D971DA0562B00499D19 /* pngdebug.h in Headers */,
				879F9D981DA0562B00499D19 /* pnginfo.h in Headers */,
				879F9D991DA0562B00499D19 /* pnglibconf.h in Headers */,
				879F9D9A1DA0562B00499D19 /* pngpriv.h in Headers */,
				879F9D9B1DA0562B00499D19 /* pngstruct.h in Headers */,
			);
			runOnlyForDeploymentPostprocessing = 0;
		};
		879F9D6B1DA055EB00499D19 /* Headers */ = {
			isa = PBXHeadersBuildPhase;
			buildActionMask = 2147483647;
			files = (
				879F9D6C1DA055F400499D19 /* hpdf.h in Headers */,
				879F9D6D1DA055F400499D19 /* hpdf_3dmeasure.h in Headers */,
				879F9D6E1DA055F400499D19 /* hpdf_annotation.h in Headers */,
				879F9D6F1DA055F400499D19 /* hpdf_catalog.h in Headers */,
				879F9D701DA055F400499D19 /* hpdf_conf.h in Headers */,
				879F9D711DA055F400499D19 /* hpdf_config.h in Headers */,
				879F9D721DA055F400499D19 /* hpdf_consts.h in Headers */,
				879F9D731DA055F400499D19 /* hpdf_destination.h in Headers */,
				879F9D741DA055F400499D19 /* hpdf_doc.h in Headers */,
				879F9D751DA055F400499D19 /* hpdf_encoder.h in Headers */,
				879F9D761DA055F400499D19 /* hpdf_encrypt.h in Headers */,
				879F9D771DA055F400499D19 /* hpdf_encryptdict.h in Headers */,
				879F9D781DA055F400499D19 /* hpdf_error.h in Headers */,
				879F9D791DA055F400499D19 /* hpdf_exdata.h in Headers */,
				879F9D7A1DA055F400499D19 /* hpdf_ext_gstate.h in Headers */,
				879F9D7B1DA055F400499D19 /* hpdf_font.h in Headers */,
				879F9D7C1DA055F400499D19 /* hpdf_fontdef.h in Headers */,
				879F9D7D1DA055F400499D19 /* hpdf_gstate.h in Headers */,
				879F9D7E1DA055F400499D19 /* hpdf_image.h in Headers */,
				879F9D7F1DA055F400499D19 /* hpdf_info.h in Headers */,
				879F9D801DA055F400499D19 /* hpdf_list.h in Headers */,
				879F9D811DA055F400499D19 /* hpdf_mmgr.h in Headers */,
				879F9D821DA055F400499D19 /* hpdf_namedict.h in Headers */,
				879F9D831DA055F400499D19 /* hpdf_objects.h in Headers */,
				879F9D841DA055F400499D19 /* hpdf_outline.h in Headers */,
				879F9D851DA055F400499D19 /* hpdf_page_label.h in Headers */,
				879F9D861DA055F400499D19 /* hpdf_pages.h in Headers */,
				879F9D871DA055F400499D19 /* hpdf_pdfa.h in Headers */,
				879F9D881DA055F400499D19 /* hpdf_streams.h in Headers */,
				879F9D891DA055F400499D19 /* hpdf_types.h in Headers */,
				879F9D8A1DA055F400499D19 /* hpdf_u3d.h in Headers */,
				879F9D8B1DA055F400499D19 /* hpdf_utils.h in Headers */,
				879F9D8C1DA055F400499D19 /* hpdf_version.h in Headers */,
			);
			runOnlyForDeploymentPostprocessing = 0;
		};
/* End PBXHeadersBuildPhase section */

/* Begin PBXNativeTarget section */
		"______Target_CLibHaru" /* CLibHaru */ = {
			isa = PBXNativeTarget;
			buildConfigurationList = "_______Confs_CLibHaru" /* Build configuration list for PBXNativeTarget "CLibHaru" */;
			buildPhases = (
				CompilePhase_CLibHaru /* Sources */,
				"___LinkPhase_CLibHaru" /* Frameworks */,
				879F9D6B1DA055EB00499D19 /* Headers */,
			);
			buildRules = (
			);
			dependencies = (
				__Dependency_CLibPNG /* PBXTargetDependency */,
			);
			name = CLibHaru;
			productName = CLibHaru;
			productReference = "_____Product_CLibHaru" /* CLibHaru.framework */;
			productType = "com.apple.product-type.framework";
		};
		"______Target_CLibPNG" /* CLibPNG */ = {
			isa = PBXNativeTarget;
			buildConfigurationList = "_______Confs_CLibPNG" /* Build configuration list for PBXNativeTarget "CLibPNG" */;
			buildPhases = (
				CompilePhase_CLibPNG /* Sources */,
				"___LinkPhase_CLibPNG" /* Frameworks */,
				879F9D471DA0559900499D19 /* Headers */,
			);
			buildRules = (
			);
			dependencies = (
			);
			name = CLibPNG;
			productName = CLibPNG;
			productReference = "_____Product_CLibPNG" /* CLibPNG.framework */;
			productType = "com.apple.product-type.framework";
		};
		"______Target_SwiftyHaru" /* SwiftyHaru */ = {
			isa = PBXNativeTarget;
			buildConfigurationList = "_______Confs_SwiftyHaru" /* Build configuration list for PBXNativeTarget "SwiftyHaru" */;
			buildPhases = (
				CompilePhase_SwiftyHaru /* Sources */,
				"___LinkPhase_SwiftyHaru" /* Frameworks */,
			);
			buildRules = (
			);
			dependencies = (
				__Dependency_CLibHaru /* PBXTargetDependency */,
			);
			name = SwiftyHaru;
			productName = SwiftyHaru;
			productReference = "_____Product_SwiftyHaru" /* SwiftyHaru.framework */;
			productType = "com.apple.product-type.framework";
		};
		"______Target_SwiftyHaruTests" /* SwiftyHaruTests */ = {
			isa = PBXNativeTarget;
			buildConfigurationList = "_______Confs_SwiftyHaruTests" /* Build configuration list for PBXNativeTarget "SwiftyHaruTests" */;
			buildPhases = (
				CompilePhase_SwiftyHaruTests /* Sources */,
				"___LinkPhase_SwiftyHaruTests" /* Frameworks */,
			);
			buildRules = (
			);
			dependencies = (
				__Dependency_SwiftyHaru /* PBXTargetDependency */,
			);
			name = SwiftyHaruTests;
			productName = SwiftyHaruTests;
			productReference = "_____Product_SwiftyHaruTests" /* SwiftyHaruTests.xctest */;
			productType = "com.apple.product-type.bundle.unit-test";
		};
/* End PBXNativeTarget section */

/* Begin PBXProject section */
		__RootObject_ /* Project object */ = {
			isa = PBXProject;
			attributes = {
				LastUpgradeCheck = 9999;
				TargetAttributes = {
					"______Target_CLibHaru" = {
						LastSwiftMigration = 0800;
					};
				};
			};
			buildConfigurationList = "___RootConfs_" /* Build configuration list for PBXProject "SwiftyHaru" */;
			compatibilityVersion = "Xcode 3.2";
			developmentRegion = English;
			hasScannedForEncodings = 0;
			knownRegions = (
				en,
			);
			mainGroup = "___RootGroup_";
			productRefGroup = "____Products_" /* Products */;
			projectDirPath = "";
			projectRoot = "";
			targets = (
				"______Target_CLibHaru" /* CLibHaru */,
				"______Target_CLibPNG" /* CLibPNG */,
				"______Target_SwiftyHaru" /* SwiftyHaru */,
				"______Target_SwiftyHaruTests" /* SwiftyHaruTests */,
			);
		};
/* End PBXProject section */

/* Begin PBXSourcesBuildPhase section */
		CompilePhase_CLibHaru /* Sources */ = {
			isa = PBXSourcesBuildPhase;
			buildActionMask = 0;
			files = (
				__src_cc_ref_Sources/CLibHaru/hpdf_3dmeasure.c /* hpdf_3dmeasure.c in Sources */,
				__src_cc_ref_Sources/CLibHaru/hpdf_annotation.c /* hpdf_annotation.c in Sources */,
				__src_cc_ref_Sources/CLibHaru/hpdf_array.c /* hpdf_array.c in Sources */,
				__src_cc_ref_Sources/CLibHaru/hpdf_binary.c /* hpdf_binary.c in Sources */,
				__src_cc_ref_Sources/CLibHaru/hpdf_boolean.c /* hpdf_boolean.c in Sources */,
				__src_cc_ref_Sources/CLibHaru/hpdf_catalog.c /* hpdf_catalog.c in Sources */,
				__src_cc_ref_Sources/CLibHaru/hpdf_destination.c /* hpdf_destination.c in Sources */,
				__src_cc_ref_Sources/CLibHaru/hpdf_dict.c /* hpdf_dict.c in Sources */,
				__src_cc_ref_Sources/CLibHaru/hpdf_doc.c /* hpdf_doc.c in Sources */,
				__src_cc_ref_Sources/CLibHaru/hpdf_doc_png.c /* hpdf_doc_png.c in Sources */,
				__src_cc_ref_Sources/CLibHaru/hpdf_encoder.c /* hpdf_encoder.c in Sources */,
				__src_cc_ref_Sources/CLibHaru/hpdf_encoder_cns.c /* hpdf_encoder_cns.c in Sources */,
				__src_cc_ref_Sources/CLibHaru/hpdf_encoder_cnt.c /* hpdf_encoder_cnt.c in Sources */,
				__src_cc_ref_Sources/CLibHaru/hpdf_encoder_jp.c /* hpdf_encoder_jp.c in Sources */,
				__src_cc_ref_Sources/CLibHaru/hpdf_encoder_kr.c /* hpdf_encoder_kr.c in Sources */,
				__src_cc_ref_Sources/CLibHaru/hpdf_encoder_utf.c /* hpdf_encoder_utf.c in Sources */,
				__src_cc_ref_Sources/CLibHaru/hpdf_encrypt.c /* hpdf_encrypt.c in Sources */,
				__src_cc_ref_Sources/CLibHaru/hpdf_encryptdict.c /* hpdf_encryptdict.c in Sources */,
				__src_cc_ref_Sources/CLibHaru/hpdf_error.c /* hpdf_error.c in Sources */,
				__src_cc_ref_Sources/CLibHaru/hpdf_exdata.c /* hpdf_exdata.c in Sources */,
				__src_cc_ref_Sources/CLibHaru/hpdf_ext_gstate.c /* hpdf_ext_gstate.c in Sources */,
				__src_cc_ref_Sources/CLibHaru/hpdf_font.c /* hpdf_font.c in Sources */,
				__src_cc_ref_Sources/CLibHaru/hpdf_font_cid.c /* hpdf_font_cid.c in Sources */,
				__src_cc_ref_Sources/CLibHaru/hpdf_font_tt.c /* hpdf_font_tt.c in Sources */,
				__src_cc_ref_Sources/CLibHaru/hpdf_font_type1.c /* hpdf_font_type1.c in Sources */,
				__src_cc_ref_Sources/CLibHaru/hpdf_fontdef.c /* hpdf_fontdef.c in Sources */,
				__src_cc_ref_Sources/CLibHaru/hpdf_fontdef_base14.c /* hpdf_fontdef_base14.c in Sources */,
				__src_cc_ref_Sources/CLibHaru/hpdf_fontdef_cid.c /* hpdf_fontdef_cid.c in Sources */,
				__src_cc_ref_Sources/CLibHaru/hpdf_fontdef_cns.c /* hpdf_fontdef_cns.c in Sources */,
				__src_cc_ref_Sources/CLibHaru/hpdf_fontdef_cnt.c /* hpdf_fontdef_cnt.c in Sources */,
				__src_cc_ref_Sources/CLibHaru/hpdf_fontdef_jp.c /* hpdf_fontdef_jp.c in Sources */,
				__src_cc_ref_Sources/CLibHaru/hpdf_fontdef_kr.c /* hpdf_fontdef_kr.c in Sources */,
				__src_cc_ref_Sources/CLibHaru/hpdf_fontdef_tt.c /* hpdf_fontdef_tt.c in Sources */,
				__src_cc_ref_Sources/CLibHaru/hpdf_fontdef_type1.c /* hpdf_fontdef_type1.c in Sources */,
				__src_cc_ref_Sources/CLibHaru/hpdf_gstate.c /* hpdf_gstate.c in Sources */,
				__src_cc_ref_Sources/CLibHaru/hpdf_image.c /* hpdf_image.c in Sources */,
				__src_cc_ref_Sources/CLibHaru/hpdf_image_ccitt.c /* hpdf_image_ccitt.c in Sources */,
				__src_cc_ref_Sources/CLibHaru/hpdf_image_png.c /* hpdf_image_png.c in Sources */,
				__src_cc_ref_Sources/CLibHaru/hpdf_info.c /* hpdf_info.c in Sources */,
				__src_cc_ref_Sources/CLibHaru/hpdf_list.c /* hpdf_list.c in Sources */,
				__src_cc_ref_Sources/CLibHaru/hpdf_mmgr.c /* hpdf_mmgr.c in Sources */,
				__src_cc_ref_Sources/CLibHaru/hpdf_name.c /* hpdf_name.c in Sources */,
				__src_cc_ref_Sources/CLibHaru/hpdf_namedict.c /* hpdf_namedict.c in Sources */,
				__src_cc_ref_Sources/CLibHaru/hpdf_null.c /* hpdf_null.c in Sources */,
				__src_cc_ref_Sources/CLibHaru/hpdf_number.c /* hpdf_number.c in Sources */,
				__src_cc_ref_Sources/CLibHaru/hpdf_objects.c /* hpdf_objects.c in Sources */,
				__src_cc_ref_Sources/CLibHaru/hpdf_outline.c /* hpdf_outline.c in Sources */,
				__src_cc_ref_Sources/CLibHaru/hpdf_page_label.c /* hpdf_page_label.c in Sources */,
				__src_cc_ref_Sources/CLibHaru/hpdf_page_operator.c /* hpdf_page_operator.c in Sources */,
				__src_cc_ref_Sources/CLibHaru/hpdf_pages.c /* hpdf_pages.c in Sources */,
				__src_cc_ref_Sources/CLibHaru/hpdf_pdfa.c /* hpdf_pdfa.c in Sources */,
				__src_cc_ref_Sources/CLibHaru/hpdf_real.c /* hpdf_real.c in Sources */,
				__src_cc_ref_Sources/CLibHaru/hpdf_streams.c /* hpdf_streams.c in Sources */,
				__src_cc_ref_Sources/CLibHaru/hpdf_string.c /* hpdf_string.c in Sources */,
				__src_cc_ref_Sources/CLibHaru/hpdf_u3d.c /* hpdf_u3d.c in Sources */,
				__src_cc_ref_Sources/CLibHaru/hpdf_utils.c /* hpdf_utils.c in Sources */,
				__src_cc_ref_Sources/CLibHaru/hpdf_xref.c /* hpdf_xref.c in Sources */,
			);
			runOnlyForDeploymentPostprocessing = 0;
		};
		CompilePhase_CLibPNG /* Sources */ = {
			isa = PBXSourcesBuildPhase;
			buildActionMask = 0;
			files = (
				__src_cc_ref_Sources/CLibPNG/png.c /* png.c in Sources */,
				__src_cc_ref_Sources/CLibPNG/pngerror.c /* pngerror.c in Sources */,
				__src_cc_ref_Sources/CLibPNG/pngget.c /* pngget.c in Sources */,
				__src_cc_ref_Sources/CLibPNG/pngmem.c /* pngmem.c in Sources */,
				__src_cc_ref_Sources/CLibPNG/pngpread.c /* pngpread.c in Sources */,
				__src_cc_ref_Sources/CLibPNG/pngread.c /* pngread.c in Sources */,
				__src_cc_ref_Sources/CLibPNG/pngrio.c /* pngrio.c in Sources */,
				__src_cc_ref_Sources/CLibPNG/pngrtran.c /* pngrtran.c in Sources */,
				__src_cc_ref_Sources/CLibPNG/pngrutil.c /* pngrutil.c in Sources */,
				__src_cc_ref_Sources/CLibPNG/pngset.c /* pngset.c in Sources */,
				__src_cc_ref_Sources/CLibPNG/pngtest.c /* pngtest.c in Sources */,
				__src_cc_ref_Sources/CLibPNG/pngtrans.c /* pngtrans.c in Sources */,
				__src_cc_ref_Sources/CLibPNG/pngwio.c /* pngwio.c in Sources */,
				__src_cc_ref_Sources/CLibPNG/pngwrite.c /* pngwrite.c in Sources */,
				__src_cc_ref_Sources/CLibPNG/pngwtran.c /* pngwtran.c in Sources */,
				__src_cc_ref_Sources/CLibPNG/pngwutil.c /* pngwutil.c in Sources */,
			);
			runOnlyForDeploymentPostprocessing = 0;
		};
		CompilePhase_SwiftyHaru /* Sources */ = {
			isa = PBXSourcesBuildPhase;
			buildActionMask = 0;
			files = (
				877187B71DA1BF300050769E /* PDFColorSpace.swift in Sources */,
				__src_cc_ref_Sources/SwiftyHaru/_HaruBridgeable.swift /* _HaruBridgeable.swift in Sources */,
				872239D51DA145AF006DD44C /* PDFDocument.PageLayout.swift in Sources */,
				8767BB301DA64289003A3A8F /* DashStyle.swift in Sources */,
				871C07911DA1837F00C02640 /* PDFPathContext.swift in Sources */,
				8750736D1DA79CDA00956E8D /* LineCap.swift in Sources */,
				__src_cc_ref_Sources/SwiftyHaru/PDFDocument.swift /* PDFDocument.swift in Sources */,
				__src_cc_ref_Sources/SwiftyHaru/PDFError.swift /* PDFError.swift in Sources */,
				871C07951DA1B56C00C02640 /* Color.swift in Sources */,
				__src_cc_ref_Sources/SwiftyHaru/PDFPage.Direction.swift /* PDFPage.Direction.swift in Sources */,
				__src_cc_ref_Sources/SwiftyHaru/PDFPage.Size.swift /* PDFPage.Size.swift in Sources */,
				8734A8371DA14DA00094FDE6 /* PDFDocument.PageNumberStyle.swift in Sources */,
				__src_cc_ref_Sources/SwiftyHaru/PDFPage.swift /* PDFPage.swift in Sources */,
				__src_cc_ref_Sources/SwiftyHaru/Size.swift /* Geometry.swift in Sources */,
				__src_cc_ref_Sources/SwiftyHaru/Unimplemented.swift /* Unimplemented.swift in Sources */,
			);
			runOnlyForDeploymentPostprocessing = 0;
		};
		CompilePhase_SwiftyHaruTests /* Sources */ = {
			isa = PBXSourcesBuildPhase;
			buildActionMask = 0;
			files = (
				__src_cc_ref_Tests/SwiftyHaruTests/SwiftyHaruTests.swift /* PDFDocumentTests.swift in Sources */,
				8767BB2D1DA4E130003A3A8F /* PDFPathContextTests.swift in Sources */,
				87A8AAFA1DA276E300EB7DDF /* ColorTests.swift in Sources */,
				870525301DA1304300D5EF74 /* PDFPageTests.swift in Sources */,
				__src_cc_ref_Tests/SwiftyHaruTests/TestHelpers.swift /* TestHelpers.swift in Sources */,
				875073571DA67E4000956E8D /* DashStyleTests.swift in Sources */,
			);
			runOnlyForDeploymentPostprocessing = 0;
		};
/* End PBXSourcesBuildPhase section */

/* Begin PBXTargetDependency section */
		__Dependency_CLibHaru /* PBXTargetDependency */ = {
			isa = PBXTargetDependency;
			target = "______Target_CLibHaru" /* CLibHaru */;
			targetProxy = 879F9D451DA047C700499D19 /* PBXContainerItemProxy */;
		};
		__Dependency_CLibPNG /* PBXTargetDependency */ = {
			isa = PBXTargetDependency;
			target = "______Target_CLibPNG" /* CLibPNG */;
			targetProxy = 879F9D441DA047C700499D19 /* PBXContainerItemProxy */;
		};
		__Dependency_SwiftyHaru /* PBXTargetDependency */ = {
			isa = PBXTargetDependency;
			target = "______Target_SwiftyHaru" /* SwiftyHaru */;
			targetProxy = 879F9D461DA047C700499D19 /* PBXContainerItemProxy */;
		};
/* End PBXTargetDependency section */

/* Begin XCBuildConfiguration section */
		_ReleaseConf_CLibHaru /* Release */ = {
			isa = XCBuildConfiguration;
			buildSettings = {
				CLANG_ENABLE_MODULES = YES;
				DEFINES_MODULE = YES;
				ENABLE_TESTABILITY = YES;
				FRAMEWORK_SEARCH_PATHS = "$(PLATFORM_DIR)/Developer/Library/Frameworks";
				HEADER_SEARCH_PATHS = (
					"$(SRCROOT)/Sources/CLibHaru/include",
					"$(SRCROOT)/Sources/CLibPNG/include",
				);
				INFOPLIST_FILE = SwiftyHaru.xcodeproj/CLibHaru_Info.plist;
				LD_RUNPATH_SEARCH_PATHS = "$(TOOLCHAIN_DIR)/usr/lib/swift/macosx";
				MODULEMAP_FILE = "$(SRCROOT)/Sources/CLibHaru/module.modulemap";
				OTHER_LDFLAGS = "$(inherited)";
				OTHER_SWIFT_FLAGS = "$(inherited)";
				PRODUCT_BUNDLE_IDENTIFIER = CLibHaru;
				PRODUCT_MODULE_NAME = "$(TARGET_NAME:c99extidentifier)";
				PRODUCT_NAME = "$(TARGET_NAME:c99extidentifier)";
				SWIFT_VERSION = 3.0;
			};
			name = Release;
		};
		_ReleaseConf_CLibPNG /* Release */ = {
			isa = XCBuildConfiguration;
			buildSettings = {
				DEFINES_MODULE = YES;
				ENABLE_TESTABILITY = YES;
				FRAMEWORK_SEARCH_PATHS = "$(PLATFORM_DIR)/Developer/Library/Frameworks";
				HEADER_SEARCH_PATHS = "$(SRCROOT)/Sources/CLibPNG/include";
				INFOPLIST_FILE = SwiftyHaru.xcodeproj/CLibPNG_Info.plist;
				LD_RUNPATH_SEARCH_PATHS = "$(TOOLCHAIN_DIR)/usr/lib/swift/macosx";
				MODULEMAP_FILE = "$(SRCROOT)/Sources/CLibPNG/module.modulemap";
				OTHER_LDFLAGS = "$(inherited)";
				OTHER_SWIFT_FLAGS = "$(inherited)";
				PRODUCT_BUNDLE_IDENTIFIER = CLibPNG;
				PRODUCT_MODULE_NAME = "$(TARGET_NAME:c99extidentifier)";
				PRODUCT_NAME = "$(TARGET_NAME:c99extidentifier)";
				SWIFT_VERSION = 3.0;
			};
			name = Release;
		};
		_ReleaseConf_SwiftyHaru /* Release */ = {
			isa = XCBuildConfiguration;
			buildSettings = {
				ENABLE_TESTABILITY = YES;
				FRAMEWORK_SEARCH_PATHS = "$(PLATFORM_DIR)/Developer/Library/Frameworks";
				HEADER_SEARCH_PATHS = "$(SRCROOT)/Sources/CLibHaru/include";
				INFOPLIST_FILE = SwiftyHaru.xcodeproj/SwiftyHaru_Info.plist;
				LD_RUNPATH_SEARCH_PATHS = "$(TOOLCHAIN_DIR)/usr/lib/swift/macosx";
				OTHER_LDFLAGS = "$(inherited)";
				OTHER_SWIFT_FLAGS = "$(inherited) -D RELEASE";
				PRODUCT_BUNDLE_IDENTIFIER = SwiftyHaru;
				PRODUCT_MODULE_NAME = "$(TARGET_NAME:c99extidentifier)";
				PRODUCT_NAME = "$(TARGET_NAME:c99extidentifier)";
				SWIFT_VERSION = 3.0;
			};
			name = Release;
		};
		_ReleaseConf_SwiftyHaruTests /* Release */ = {
			isa = XCBuildConfiguration;
			buildSettings = {
				EMBEDDED_CONTENT_CONTAINS_SWIFT = YES;
				FRAMEWORK_SEARCH_PATHS = "$(PLATFORM_DIR)/Developer/Library/Frameworks";
				INFOPLIST_FILE = SwiftyHaru.xcodeproj/SwiftyHaruTests_Info.plist;
				LD_RUNPATH_SEARCH_PATHS = "@loader_path/../Frameworks";
				OTHER_LDFLAGS = "$(inherited)";
				OTHER_SWIFT_FLAGS = "$(inherited)";
				SWIFT_VERSION = 3.0;
			};
			name = Release;
		};
		"___DebugConf_CLibHaru" /* Debug */ = {
			isa = XCBuildConfiguration;
			buildSettings = {
				CLANG_ENABLE_MODULES = YES;
				DEFINES_MODULE = YES;
				ENABLE_TESTABILITY = YES;
				FRAMEWORK_SEARCH_PATHS = "$(PLATFORM_DIR)/Developer/Library/Frameworks";
				HEADER_SEARCH_PATHS = (
					"$(SRCROOT)/Sources/CLibHaru/include",
					"$(SRCROOT)/Sources/CLibPNG/include",
				);
				INFOPLIST_FILE = SwiftyHaru.xcodeproj/CLibHaru_Info.plist;
				LD_RUNPATH_SEARCH_PATHS = "$(TOOLCHAIN_DIR)/usr/lib/swift/macosx";
				MODULEMAP_FILE = "$(SRCROOT)/Sources/CLibHaru/module.modulemap";
				OTHER_LDFLAGS = "$(inherited)";
				OTHER_SWIFT_FLAGS = "$(inherited)";
				PRODUCT_BUNDLE_IDENTIFIER = CLibHaru;
				PRODUCT_MODULE_NAME = "$(TARGET_NAME:c99extidentifier)";
				PRODUCT_NAME = "$(TARGET_NAME:c99extidentifier)";
				SWIFT_OPTIMIZATION_LEVEL = "-Onone";
				SWIFT_VERSION = 3.0;
			};
			name = Debug;
		};
		"___DebugConf_CLibPNG" /* Debug */ = {
			isa = XCBuildConfiguration;
			buildSettings = {
				DEFINES_MODULE = YES;
				ENABLE_TESTABILITY = YES;
				FRAMEWORK_SEARCH_PATHS = "$(PLATFORM_DIR)/Developer/Library/Frameworks";
				HEADER_SEARCH_PATHS = "$(SRCROOT)/Sources/CLibPNG/include";
				INFOPLIST_FILE = SwiftyHaru.xcodeproj/CLibPNG_Info.plist;
				LD_RUNPATH_SEARCH_PATHS = "$(TOOLCHAIN_DIR)/usr/lib/swift/macosx";
				MODULEMAP_FILE = "$(SRCROOT)/Sources/CLibPNG/module.modulemap";
				OTHER_LDFLAGS = "$(inherited)";
				OTHER_SWIFT_FLAGS = "$(inherited)";
				PRODUCT_BUNDLE_IDENTIFIER = CLibPNG;
				PRODUCT_MODULE_NAME = "$(TARGET_NAME:c99extidentifier)";
				PRODUCT_NAME = "$(TARGET_NAME:c99extidentifier)";
				SWIFT_OPTIMIZATION_LEVEL = "-Onone";
				SWIFT_VERSION = 3.0;
			};
			name = Debug;
		};
		"___DebugConf_SwiftyHaru" /* Debug */ = {
			isa = XCBuildConfiguration;
			buildSettings = {
				ENABLE_TESTABILITY = YES;
				FRAMEWORK_SEARCH_PATHS = "$(PLATFORM_DIR)/Developer/Library/Frameworks";
				HEADER_SEARCH_PATHS = "$(SRCROOT)/Sources/CLibHaru/include";
				INFOPLIST_FILE = SwiftyHaru.xcodeproj/SwiftyHaru_Info.plist;
				LD_RUNPATH_SEARCH_PATHS = "$(TOOLCHAIN_DIR)/usr/lib/swift/macosx";
				OTHER_LDFLAGS = "$(inherited)";
				OTHER_SWIFT_FLAGS = "$(inherited) -D DEBUG";
				PRODUCT_BUNDLE_IDENTIFIER = SwiftyHaru;
				PRODUCT_MODULE_NAME = "$(TARGET_NAME:c99extidentifier)";
				PRODUCT_NAME = "$(TARGET_NAME:c99extidentifier)";
				SWIFT_OPTIMIZATION_LEVEL = "-Onone";
				SWIFT_VERSION = 3.0;
			};
			name = Debug;
		};
		"___DebugConf_SwiftyHaruTests" /* Debug */ = {
			isa = XCBuildConfiguration;
			buildSettings = {
				EMBEDDED_CONTENT_CONTAINS_SWIFT = YES;
				FRAMEWORK_SEARCH_PATHS = "$(PLATFORM_DIR)/Developer/Library/Frameworks";
				INFOPLIST_FILE = SwiftyHaru.xcodeproj/SwiftyHaruTests_Info.plist;
				LD_RUNPATH_SEARCH_PATHS = "@loader_path/../Frameworks";
				OTHER_LDFLAGS = "$(inherited)";
				OTHER_SWIFT_FLAGS = "$(inherited)";
				SWIFT_OPTIMIZATION_LEVEL = "-Onone";
				SWIFT_VERSION = 3.0;
			};
			name = Debug;
		};
		"_____Release_" /* Release */ = {
			isa = XCBuildConfiguration;
			baseConfigurationReference = __PBXFileRef_SwiftyHaru.xcodeproj/Configs/Project.xcconfig /* SwiftyHaru.xcodeproj/Configs/Project.xcconfig */;
			buildSettings = {
			};
			name = Release;
		};
		"_______Debug_" /* Debug */ = {
			isa = XCBuildConfiguration;
			baseConfigurationReference = __PBXFileRef_SwiftyHaru.xcodeproj/Configs/Project.xcconfig /* SwiftyHaru.xcodeproj/Configs/Project.xcconfig */;
			buildSettings = {
			};
			name = Debug;
		};
/* End XCBuildConfiguration section */

/* Begin XCConfigurationList section */
		"___RootConfs_" /* Build configuration list for PBXProject "SwiftyHaru" */ = {
			isa = XCConfigurationList;
			buildConfigurations = (
				"_______Debug_" /* Debug */,
				"_____Release_" /* Release */,
			);
			defaultConfigurationIsVisible = 0;
			defaultConfigurationName = Debug;
		};
		"_______Confs_CLibHaru" /* Build configuration list for PBXNativeTarget "CLibHaru" */ = {
			isa = XCConfigurationList;
			buildConfigurations = (
				"___DebugConf_CLibHaru" /* Debug */,
				_ReleaseConf_CLibHaru /* Release */,
			);
			defaultConfigurationIsVisible = 0;
			defaultConfigurationName = Debug;
		};
		"_______Confs_CLibPNG" /* Build configuration list for PBXNativeTarget "CLibPNG" */ = {
			isa = XCConfigurationList;
			buildConfigurations = (
				"___DebugConf_CLibPNG" /* Debug */,
				_ReleaseConf_CLibPNG /* Release */,
			);
			defaultConfigurationIsVisible = 0;
			defaultConfigurationName = Debug;
		};
		"_______Confs_SwiftyHaru" /* Build configuration list for PBXNativeTarget "SwiftyHaru" */ = {
			isa = XCConfigurationList;
			buildConfigurations = (
				"___DebugConf_SwiftyHaru" /* Debug */,
				_ReleaseConf_SwiftyHaru /* Release */,
			);
			defaultConfigurationIsVisible = 0;
			defaultConfigurationName = Debug;
		};
		"_______Confs_SwiftyHaruTests" /* Build configuration list for PBXNativeTarget "SwiftyHaruTests" */ = {
			isa = XCConfigurationList;
			buildConfigurations = (
				"___DebugConf_SwiftyHaruTests" /* Debug */,
				_ReleaseConf_SwiftyHaruTests /* Release */,
			);
			defaultConfigurationIsVisible = 0;
			defaultConfigurationName = Debug;
		};
/* End XCConfigurationList section */
	};
	rootObject = __RootObject_ /* Project object */;
}
