// !$*UTF8*$!
{
	archiveVersion = 1;
	classes = {
	};
	objectVersion = 46;
	objects = {

/* Begin PBXBuildFile section */
		OBJ_190 /* DefaultStringConvertible.swift in Sources */ = {isa = PBXBuildFile; fileRef = OBJ_178 /* DefaultStringConvertible.swift */; };
		OBJ_198 /* png.c in Sources */ = {isa = PBXBuildFile; fileRef = OBJ_9 /* png.c */; };
		OBJ_199 /* pngerror.c in Sources */ = {isa = PBXBuildFile; fileRef = OBJ_10 /* pngerror.c */; };
		OBJ_200 /* pngget.c in Sources */ = {isa = PBXBuildFile; fileRef = OBJ_11 /* pngget.c */; };
		OBJ_201 /* pngmem.c in Sources */ = {isa = PBXBuildFile; fileRef = OBJ_12 /* pngmem.c */; };
		OBJ_202 /* pngpread.c in Sources */ = {isa = PBXBuildFile; fileRef = OBJ_13 /* pngpread.c */; };
		OBJ_203 /* pngread.c in Sources */ = {isa = PBXBuildFile; fileRef = OBJ_14 /* pngread.c */; };
		OBJ_204 /* pngrio.c in Sources */ = {isa = PBXBuildFile; fileRef = OBJ_15 /* pngrio.c */; };
		OBJ_205 /* pngrtran.c in Sources */ = {isa = PBXBuildFile; fileRef = OBJ_16 /* pngrtran.c */; };
		OBJ_206 /* pngrutil.c in Sources */ = {isa = PBXBuildFile; fileRef = OBJ_17 /* pngrutil.c */; };
		OBJ_207 /* pngset.c in Sources */ = {isa = PBXBuildFile; fileRef = OBJ_18 /* pngset.c */; };
		OBJ_208 /* pngtest.c in Sources */ = {isa = PBXBuildFile; fileRef = OBJ_19 /* pngtest.c */; };
		OBJ_209 /* pngtrans.c in Sources */ = {isa = PBXBuildFile; fileRef = OBJ_20 /* pngtrans.c */; };
		OBJ_210 /* pngwio.c in Sources */ = {isa = PBXBuildFile; fileRef = OBJ_21 /* pngwio.c */; };
		OBJ_211 /* pngwrite.c in Sources */ = {isa = PBXBuildFile; fileRef = OBJ_22 /* pngwrite.c */; };
		OBJ_212 /* pngwtran.c in Sources */ = {isa = PBXBuildFile; fileRef = OBJ_23 /* pngwtran.c */; };
		OBJ_213 /* pngwutil.c in Sources */ = {isa = PBXBuildFile; fileRef = OBJ_24 /* pngwutil.c */; };
		OBJ_215 /* DefaultStringConvertible.framework in Frameworks */ = {isa = PBXBuildFile; fileRef = OBJ_180 /* DefaultStringConvertible.framework */; };
		OBJ_222 /* DrawingContext.swift in Sources */ = {isa = PBXBuildFile; fileRef = OBJ_35 /* DrawingContext.swift */; };
		OBJ_223 /* Encoding.swift in Sources */ = {isa = PBXBuildFile; fileRef = OBJ_36 /* Encoding.swift */; };
		OBJ_224 /* Font.swift in Sources */ = {isa = PBXBuildFile; fileRef = OBJ_37 /* Font.swift */; };
		OBJ_225 /* PDFDateFormatter.swift in Sources */ = {isa = PBXBuildFile; fileRef = OBJ_38 /* PDFDateFormatter.swift */; };
		OBJ_226 /* PDFDocument.CompressionMode.swift in Sources */ = {isa = PBXBuildFile; fileRef = OBJ_39 /* PDFDocument.CompressionMode.swift */; };
		OBJ_227 /* PDFDocument.EncryptionMode.swift in Sources */ = {isa = PBXBuildFile; fileRef = OBJ_40 /* PDFDocument.EncryptionMode.swift */; };
		OBJ_228 /* PDFDocument.PageLayout.swift in Sources */ = {isa = PBXBuildFile; fileRef = OBJ_41 /* PDFDocument.PageLayout.swift */; };
		OBJ_229 /* PDFDocument.PageNumberStyle.swift in Sources */ = {isa = PBXBuildFile; fileRef = OBJ_42 /* PDFDocument.PageNumberStyle.swift */; };
		OBJ_230 /* PDFDocument.Permissions.swift in Sources */ = {isa = PBXBuildFile; fileRef = OBJ_43 /* PDFDocument.Permissions.swift */; };
		OBJ_231 /* PDFDocument.swift in Sources */ = {isa = PBXBuildFile; fileRef = OBJ_44 /* PDFDocument.swift */; };
		OBJ_232 /* PDFError.swift in Sources */ = {isa = PBXBuildFile; fileRef = OBJ_45 /* PDFError.swift */; };
		OBJ_233 /* PDFPage.Direction.swift in Sources */ = {isa = PBXBuildFile; fileRef = OBJ_46 /* PDFPage.Direction.swift */; };
		OBJ_234 /* PDFPage.Size.swift in Sources */ = {isa = PBXBuildFile; fileRef = OBJ_47 /* PDFPage.Size.swift */; };
		OBJ_235 /* PDFPage.swift in Sources */ = {isa = PBXBuildFile; fileRef = OBJ_48 /* PDFPage.swift */; };
		OBJ_236 /* Sequence.swift in Sources */ = {isa = PBXBuildFile; fileRef = OBJ_49 /* Sequence.swift */; };
		OBJ_237 /* TextAlignment.swift in Sources */ = {isa = PBXBuildFile; fileRef = OBJ_50 /* TextAlignment.swift */; };
		OBJ_238 /* Unimplemented.swift in Sources */ = {isa = PBXBuildFile; fileRef = OBJ_51 /* Unimplemented.swift */; };
		OBJ_239 /* Color.swift in Sources */ = {isa = PBXBuildFile; fileRef = OBJ_53 /* Color.swift */; };
		OBJ_240 /* DashStyle.swift in Sources */ = {isa = PBXBuildFile; fileRef = OBJ_54 /* DashStyle.swift */; };
		OBJ_241 /* Drawable.swift in Sources */ = {isa = PBXBuildFile; fileRef = OBJ_55 /* Drawable.swift */; };
		OBJ_242 /* Geometry.swift in Sources */ = {isa = PBXBuildFile; fileRef = OBJ_56 /* Geometry.swift */; };
		OBJ_243 /* LineCap.swift in Sources */ = {isa = PBXBuildFile; fileRef = OBJ_57 /* LineCap.swift */; };
		OBJ_244 /* LineJoin.swift in Sources */ = {isa = PBXBuildFile; fileRef = OBJ_58 /* LineJoin.swift */; };
		OBJ_245 /* Path.swift in Sources */ = {isa = PBXBuildFile; fileRef = OBJ_59 /* Path.swift */; };
		OBJ_246 /* PDFColorSpace.swift in Sources */ = {isa = PBXBuildFile; fileRef = OBJ_60 /* PDFColorSpace.swift */; };
		OBJ_247 /* Grid+Drawable.swift in Sources */ = {isa = PBXBuildFile; fileRef = OBJ_62 /* Grid+Drawable.swift */; };
		OBJ_248 /* Grid.LabelParameters.swift in Sources */ = {isa = PBXBuildFile; fileRef = OBJ_63 /* Grid.LabelParameters.swift */; };
		OBJ_249 /* Grid.Labels.swift in Sources */ = {isa = PBXBuildFile; fileRef = OBJ_64 /* Grid.Labels.swift */; };
		OBJ_250 /* Grid.Lines.swift in Sources */ = {isa = PBXBuildFile; fileRef = OBJ_65 /* Grid.Lines.swift */; };
		OBJ_251 /* Grid.MajorLineParameters.swift in Sources */ = {isa = PBXBuildFile; fileRef = OBJ_66 /* Grid.MajorLineParameters.swift */; };
		OBJ_252 /* Grid.MinorLineParameters.swift in Sources */ = {isa = PBXBuildFile; fileRef = OBJ_67 /* Grid.MinorLineParameters.swift */; };
		OBJ_253 /* Grid.SerifParameters.swift in Sources */ = {isa = PBXBuildFile; fileRef = OBJ_68 /* Grid.SerifParameters.swift */; };
		OBJ_254 /* Grid.Serifs.swift in Sources */ = {isa = PBXBuildFile; fileRef = OBJ_69 /* Grid.Serifs.swift */; };
		OBJ_255 /* Grid.swift in Sources */ = {isa = PBXBuildFile; fileRef = OBJ_70 /* Grid.swift */; };
		OBJ_257 /* DefaultStringConvertible.framework in Frameworks */ = {isa = PBXBuildFile; fileRef = OBJ_180 /* DefaultStringConvertible.framework */; };
		OBJ_258 /* CLibPNG.framework in Frameworks */ = {isa = PBXBuildFile; fileRef = OBJ_181 /* CLibPNG.framework */; };
		OBJ_259 /* CLibHaru.framework in Frameworks */ = {isa = PBXBuildFile; fileRef = OBJ_183 /* CLibHaru.framework */; };
		OBJ_269 /* hpdf_3dmeasure.c in Sources */ = {isa = PBXBuildFile; fileRef = OBJ_72 /* hpdf_3dmeasure.c */; };
		OBJ_270 /* hpdf_annotation.c in Sources */ = {isa = PBXBuildFile; fileRef = OBJ_73 /* hpdf_annotation.c */; };
		OBJ_271 /* hpdf_array.c in Sources */ = {isa = PBXBuildFile; fileRef = OBJ_74 /* hpdf_array.c */; };
		OBJ_272 /* hpdf_binary.c in Sources */ = {isa = PBXBuildFile; fileRef = OBJ_75 /* hpdf_binary.c */; };
		OBJ_273 /* hpdf_boolean.c in Sources */ = {isa = PBXBuildFile; fileRef = OBJ_76 /* hpdf_boolean.c */; };
		OBJ_274 /* hpdf_catalog.c in Sources */ = {isa = PBXBuildFile; fileRef = OBJ_77 /* hpdf_catalog.c */; };
		OBJ_275 /* hpdf_destination.c in Sources */ = {isa = PBXBuildFile; fileRef = OBJ_78 /* hpdf_destination.c */; };
		OBJ_276 /* hpdf_dict.c in Sources */ = {isa = PBXBuildFile; fileRef = OBJ_79 /* hpdf_dict.c */; };
		OBJ_277 /* hpdf_doc.c in Sources */ = {isa = PBXBuildFile; fileRef = OBJ_80 /* hpdf_doc.c */; };
		OBJ_278 /* hpdf_doc_png.c in Sources */ = {isa = PBXBuildFile; fileRef = OBJ_81 /* hpdf_doc_png.c */; };
		OBJ_279 /* hpdf_encoder.c in Sources */ = {isa = PBXBuildFile; fileRef = OBJ_82 /* hpdf_encoder.c */; };
		OBJ_280 /* hpdf_encoder_cns.c in Sources */ = {isa = PBXBuildFile; fileRef = OBJ_83 /* hpdf_encoder_cns.c */; };
		OBJ_281 /* hpdf_encoder_cnt.c in Sources */ = {isa = PBXBuildFile; fileRef = OBJ_84 /* hpdf_encoder_cnt.c */; };
		OBJ_282 /* hpdf_encoder_jp.c in Sources */ = {isa = PBXBuildFile; fileRef = OBJ_85 /* hpdf_encoder_jp.c */; };
		OBJ_283 /* hpdf_encoder_kr.c in Sources */ = {isa = PBXBuildFile; fileRef = OBJ_86 /* hpdf_encoder_kr.c */; };
		OBJ_284 /* hpdf_encoder_utf.c in Sources */ = {isa = PBXBuildFile; fileRef = OBJ_87 /* hpdf_encoder_utf.c */; };
		OBJ_285 /* hpdf_encrypt.c in Sources */ = {isa = PBXBuildFile; fileRef = OBJ_88 /* hpdf_encrypt.c */; };
		OBJ_286 /* hpdf_encryptdict.c in Sources */ = {isa = PBXBuildFile; fileRef = OBJ_89 /* hpdf_encryptdict.c */; };
		OBJ_287 /* hpdf_error.c in Sources */ = {isa = PBXBuildFile; fileRef = OBJ_90 /* hpdf_error.c */; };
		OBJ_288 /* hpdf_exdata.c in Sources */ = {isa = PBXBuildFile; fileRef = OBJ_91 /* hpdf_exdata.c */; };
		OBJ_289 /* hpdf_ext_gstate.c in Sources */ = {isa = PBXBuildFile; fileRef = OBJ_92 /* hpdf_ext_gstate.c */; };
		OBJ_290 /* hpdf_font.c in Sources */ = {isa = PBXBuildFile; fileRef = OBJ_93 /* hpdf_font.c */; };
		OBJ_291 /* hpdf_font_cid.c in Sources */ = {isa = PBXBuildFile; fileRef = OBJ_94 /* hpdf_font_cid.c */; };
		OBJ_292 /* hpdf_font_tt.c in Sources */ = {isa = PBXBuildFile; fileRef = OBJ_95 /* hpdf_font_tt.c */; };
		OBJ_293 /* hpdf_font_type1.c in Sources */ = {isa = PBXBuildFile; fileRef = OBJ_96 /* hpdf_font_type1.c */; };
		OBJ_294 /* hpdf_fontdef.c in Sources */ = {isa = PBXBuildFile; fileRef = OBJ_97 /* hpdf_fontdef.c */; };
		OBJ_295 /* hpdf_fontdef_base14.c in Sources */ = {isa = PBXBuildFile; fileRef = OBJ_98 /* hpdf_fontdef_base14.c */; };
		OBJ_296 /* hpdf_fontdef_cid.c in Sources */ = {isa = PBXBuildFile; fileRef = OBJ_99 /* hpdf_fontdef_cid.c */; };
		OBJ_297 /* hpdf_fontdef_cns.c in Sources */ = {isa = PBXBuildFile; fileRef = OBJ_100 /* hpdf_fontdef_cns.c */; };
		OBJ_298 /* hpdf_fontdef_cnt.c in Sources */ = {isa = PBXBuildFile; fileRef = OBJ_101 /* hpdf_fontdef_cnt.c */; };
		OBJ_299 /* hpdf_fontdef_jp.c in Sources */ = {isa = PBXBuildFile; fileRef = OBJ_102 /* hpdf_fontdef_jp.c */; };
		OBJ_300 /* hpdf_fontdef_kr.c in Sources */ = {isa = PBXBuildFile; fileRef = OBJ_103 /* hpdf_fontdef_kr.c */; };
		OBJ_301 /* hpdf_fontdef_tt.c in Sources */ = {isa = PBXBuildFile; fileRef = OBJ_104 /* hpdf_fontdef_tt.c */; };
		OBJ_302 /* hpdf_fontdef_type1.c in Sources */ = {isa = PBXBuildFile; fileRef = OBJ_105 /* hpdf_fontdef_type1.c */; };
		OBJ_303 /* hpdf_gstate.c in Sources */ = {isa = PBXBuildFile; fileRef = OBJ_106 /* hpdf_gstate.c */; };
		OBJ_304 /* hpdf_image.c in Sources */ = {isa = PBXBuildFile; fileRef = OBJ_107 /* hpdf_image.c */; };
		OBJ_305 /* hpdf_image_ccitt.c in Sources */ = {isa = PBXBuildFile; fileRef = OBJ_108 /* hpdf_image_ccitt.c */; };
		OBJ_306 /* hpdf_image_png.c in Sources */ = {isa = PBXBuildFile; fileRef = OBJ_109 /* hpdf_image_png.c */; };
		OBJ_307 /* hpdf_info.c in Sources */ = {isa = PBXBuildFile; fileRef = OBJ_110 /* hpdf_info.c */; };
		OBJ_308 /* hpdf_list.c in Sources */ = {isa = PBXBuildFile; fileRef = OBJ_111 /* hpdf_list.c */; };
		OBJ_309 /* hpdf_mmgr.c in Sources */ = {isa = PBXBuildFile; fileRef = OBJ_112 /* hpdf_mmgr.c */; };
		OBJ_310 /* hpdf_name.c in Sources */ = {isa = PBXBuildFile; fileRef = OBJ_113 /* hpdf_name.c */; };
		OBJ_311 /* hpdf_namedict.c in Sources */ = {isa = PBXBuildFile; fileRef = OBJ_114 /* hpdf_namedict.c */; };
		OBJ_312 /* hpdf_null.c in Sources */ = {isa = PBXBuildFile; fileRef = OBJ_115 /* hpdf_null.c */; };
		OBJ_313 /* hpdf_number.c in Sources */ = {isa = PBXBuildFile; fileRef = OBJ_116 /* hpdf_number.c */; };
		OBJ_314 /* hpdf_objects.c in Sources */ = {isa = PBXBuildFile; fileRef = OBJ_117 /* hpdf_objects.c */; };
		OBJ_315 /* hpdf_outline.c in Sources */ = {isa = PBXBuildFile; fileRef = OBJ_118 /* hpdf_outline.c */; };
		OBJ_316 /* hpdf_page_label.c in Sources */ = {isa = PBXBuildFile; fileRef = OBJ_119 /* hpdf_page_label.c */; };
		OBJ_317 /* hpdf_page_operator.c in Sources */ = {isa = PBXBuildFile; fileRef = OBJ_120 /* hpdf_page_operator.c */; };
		OBJ_318 /* hpdf_pages.c in Sources */ = {isa = PBXBuildFile; fileRef = OBJ_121 /* hpdf_pages.c */; };
		OBJ_319 /* hpdf_pdfa.c in Sources */ = {isa = PBXBuildFile; fileRef = OBJ_122 /* hpdf_pdfa.c */; };
		OBJ_320 /* hpdf_real.c in Sources */ = {isa = PBXBuildFile; fileRef = OBJ_123 /* hpdf_real.c */; };
		OBJ_321 /* hpdf_streams.c in Sources */ = {isa = PBXBuildFile; fileRef = OBJ_124 /* hpdf_streams.c */; };
		OBJ_322 /* hpdf_string.c in Sources */ = {isa = PBXBuildFile; fileRef = OBJ_125 /* hpdf_string.c */; };
		OBJ_323 /* hpdf_u3d.c in Sources */ = {isa = PBXBuildFile; fileRef = OBJ_126 /* hpdf_u3d.c */; };
		OBJ_324 /* hpdf_utils.c in Sources */ = {isa = PBXBuildFile; fileRef = OBJ_127 /* hpdf_utils.c */; };
		OBJ_325 /* hpdf_xref.c in Sources */ = {isa = PBXBuildFile; fileRef = OBJ_128 /* hpdf_xref.c */; };
		OBJ_327 /* DefaultStringConvertible.framework in Frameworks */ = {isa = PBXBuildFile; fileRef = OBJ_180 /* DefaultStringConvertible.framework */; };
		OBJ_328 /* CLibPNG.framework in Frameworks */ = {isa = PBXBuildFile; fileRef = OBJ_181 /* CLibPNG.framework */; };
		OBJ_336 /* ColorTests.swift in Sources */ = {isa = PBXBuildFile; fileRef = OBJ_166 /* ColorTests.swift */; };
		OBJ_337 /* DashStyleTests.swift in Sources */ = {isa = PBXBuildFile; fileRef = OBJ_167 /* DashStyleTests.swift */; };
		OBJ_338 /* DrawingContextTests.swift in Sources */ = {isa = PBXBuildFile; fileRef = OBJ_168 /* DrawingContextTests.swift */; };
		OBJ_339 /* GridTests.swift in Sources */ = {isa = PBXBuildFile; fileRef = OBJ_169 /* GridTests.swift */; };
		OBJ_340 /* PDFDateFormatterTests.swift in Sources */ = {isa = PBXBuildFile; fileRef = OBJ_170 /* PDFDateFormatterTests.swift */; };
		OBJ_341 /* PDFDocumentTests.swift in Sources */ = {isa = PBXBuildFile; fileRef = OBJ_171 /* PDFDocumentTests.swift */; };
		OBJ_342 /* PDFPageTests.swift in Sources */ = {isa = PBXBuildFile; fileRef = OBJ_172 /* PDFPageTests.swift */; };
		OBJ_343 /* TestHelpers.swift in Sources */ = {isa = PBXBuildFile; fileRef = OBJ_173 /* TestHelpers.swift */; };
		OBJ_345 /* DefaultStringConvertible.framework in Frameworks */ = {isa = PBXBuildFile; fileRef = OBJ_180 /* DefaultStringConvertible.framework */; };
		OBJ_346 /* CLibPNG.framework in Frameworks */ = {isa = PBXBuildFile; fileRef = OBJ_181 /* CLibPNG.framework */; };
		OBJ_347 /* CLibHaru.framework in Frameworks */ = {isa = PBXBuildFile; fileRef = OBJ_183 /* CLibHaru.framework */; };
		OBJ_348 /* SwiftyHaru.framework in Frameworks */ = {isa = PBXBuildFile; fileRef = OBJ_182 /* SwiftyHaru.framework */; };
/* End PBXBuildFile section */

/* Begin PBXContainerItemProxy section */
		87EC00FB1EEB8A52007C9B1F /* PBXContainerItemProxy */ = {
			isa = PBXContainerItemProxy;
			containerPortal = OBJ_1 /* Project object */;
			proxyType = 1;
			remoteGlobalIDString = OBJ_185;
			remoteInfo = DefaultStringConvertible;
		};
		87EC00FC1EEB8A52007C9B1F /* PBXContainerItemProxy */ = {
			isa = PBXContainerItemProxy;
			containerPortal = OBJ_1 /* Project object */;
			proxyType = 1;
			remoteGlobalIDString = OBJ_185;
			remoteInfo = DefaultStringConvertible;
		};
		87EC00FD1EEB8A52007C9B1F /* PBXContainerItemProxy */ = {
			isa = PBXContainerItemProxy;
			containerPortal = OBJ_1 /* Project object */;
			proxyType = 1;
			remoteGlobalIDString = OBJ_192;
			remoteInfo = CLibPNG;
		};
		87EC00FE1EEB8A52007C9B1F /* PBXContainerItemProxy */ = {
			isa = PBXContainerItemProxy;
			containerPortal = OBJ_1 /* Project object */;
			proxyType = 1;
			remoteGlobalIDString = OBJ_263;
			remoteInfo = CLibHaru;
		};
		87EC00FF1EEB8A52007C9B1F /* PBXContainerItemProxy */ = {
			isa = PBXContainerItemProxy;
			containerPortal = OBJ_1 /* Project object */;
			proxyType = 1;
			remoteGlobalIDString = OBJ_185;
			remoteInfo = DefaultStringConvertible;
		};
		87EC01001EEB8A52007C9B1F /* PBXContainerItemProxy */ = {
			isa = PBXContainerItemProxy;
			containerPortal = OBJ_1 /* Project object */;
			proxyType = 1;
			remoteGlobalIDString = OBJ_192;
			remoteInfo = CLibPNG;
		};
		87EC01011EEB8A52007C9B1F /* PBXContainerItemProxy */ = {
			isa = PBXContainerItemProxy;
			containerPortal = OBJ_1 /* Project object */;
			proxyType = 1;
			remoteGlobalIDString = OBJ_185;
			remoteInfo = DefaultStringConvertible;
		};
		87EC01021EEB8A52007C9B1F /* PBXContainerItemProxy */ = {
			isa = PBXContainerItemProxy;
			containerPortal = OBJ_1 /* Project object */;
			proxyType = 1;
			remoteGlobalIDString = OBJ_192;
			remoteInfo = CLibPNG;
		};
		87EC01031EEB8A52007C9B1F /* PBXContainerItemProxy */ = {
			isa = PBXContainerItemProxy;
			containerPortal = OBJ_1 /* Project object */;
			proxyType = 1;
			remoteGlobalIDString = OBJ_263;
			remoteInfo = CLibHaru;
		};
		87EC01041EEB8A52007C9B1F /* PBXContainerItemProxy */ = {
			isa = PBXContainerItemProxy;
			containerPortal = OBJ_1 /* Project object */;
			proxyType = 1;
			remoteGlobalIDString = OBJ_217;
			remoteInfo = SwiftyHaru;
		};
/* End PBXContainerItemProxy section */

/* Begin PBXFileReference section */
		OBJ_10 /* pngerror.c */ = {isa = PBXFileReference; lastKnownFileType = sourcecode.c.c; path = pngerror.c; sourceTree = "<group>"; };
		OBJ_100 /* hpdf_fontdef_cns.c */ = {isa = PBXFileReference; lastKnownFileType = sourcecode.c.c; path = hpdf_fontdef_cns.c; sourceTree = "<group>"; };
		OBJ_101 /* hpdf_fontdef_cnt.c */ = {isa = PBXFileReference; lastKnownFileType = sourcecode.c.c; path = hpdf_fontdef_cnt.c; sourceTree = "<group>"; };
		OBJ_102 /* hpdf_fontdef_jp.c */ = {isa = PBXFileReference; lastKnownFileType = sourcecode.c.c; path = hpdf_fontdef_jp.c; sourceTree = "<group>"; };
		OBJ_103 /* hpdf_fontdef_kr.c */ = {isa = PBXFileReference; lastKnownFileType = sourcecode.c.c; path = hpdf_fontdef_kr.c; sourceTree = "<group>"; };
		OBJ_104 /* hpdf_fontdef_tt.c */ = {isa = PBXFileReference; lastKnownFileType = sourcecode.c.c; path = hpdf_fontdef_tt.c; sourceTree = "<group>"; };
		OBJ_105 /* hpdf_fontdef_type1.c */ = {isa = PBXFileReference; lastKnownFileType = sourcecode.c.c; path = hpdf_fontdef_type1.c; sourceTree = "<group>"; };
		OBJ_106 /* hpdf_gstate.c */ = {isa = PBXFileReference; lastKnownFileType = sourcecode.c.c; path = hpdf_gstate.c; sourceTree = "<group>"; };
		OBJ_107 /* hpdf_image.c */ = {isa = PBXFileReference; lastKnownFileType = sourcecode.c.c; path = hpdf_image.c; sourceTree = "<group>"; };
		OBJ_108 /* hpdf_image_ccitt.c */ = {isa = PBXFileReference; lastKnownFileType = sourcecode.c.c; path = hpdf_image_ccitt.c; sourceTree = "<group>"; };
		OBJ_109 /* hpdf_image_png.c */ = {isa = PBXFileReference; lastKnownFileType = sourcecode.c.c; path = hpdf_image_png.c; sourceTree = "<group>"; };
		OBJ_11 /* pngget.c */ = {isa = PBXFileReference; lastKnownFileType = sourcecode.c.c; path = pngget.c; sourceTree = "<group>"; };
		OBJ_110 /* hpdf_info.c */ = {isa = PBXFileReference; lastKnownFileType = sourcecode.c.c; path = hpdf_info.c; sourceTree = "<group>"; };
		OBJ_111 /* hpdf_list.c */ = {isa = PBXFileReference; lastKnownFileType = sourcecode.c.c; path = hpdf_list.c; sourceTree = "<group>"; };
		OBJ_112 /* hpdf_mmgr.c */ = {isa = PBXFileReference; lastKnownFileType = sourcecode.c.c; path = hpdf_mmgr.c; sourceTree = "<group>"; };
		OBJ_113 /* hpdf_name.c */ = {isa = PBXFileReference; lastKnownFileType = sourcecode.c.c; path = hpdf_name.c; sourceTree = "<group>"; };
		OBJ_114 /* hpdf_namedict.c */ = {isa = PBXFileReference; lastKnownFileType = sourcecode.c.c; path = hpdf_namedict.c; sourceTree = "<group>"; };
		OBJ_115 /* hpdf_null.c */ = {isa = PBXFileReference; lastKnownFileType = sourcecode.c.c; path = hpdf_null.c; sourceTree = "<group>"; };
		OBJ_116 /* hpdf_number.c */ = {isa = PBXFileReference; lastKnownFileType = sourcecode.c.c; path = hpdf_number.c; sourceTree = "<group>"; };
		OBJ_117 /* hpdf_objects.c */ = {isa = PBXFileReference; lastKnownFileType = sourcecode.c.c; path = hpdf_objects.c; sourceTree = "<group>"; };
		OBJ_118 /* hpdf_outline.c */ = {isa = PBXFileReference; lastKnownFileType = sourcecode.c.c; path = hpdf_outline.c; sourceTree = "<group>"; };
		OBJ_119 /* hpdf_page_label.c */ = {isa = PBXFileReference; lastKnownFileType = sourcecode.c.c; path = hpdf_page_label.c; sourceTree = "<group>"; };
		OBJ_12 /* pngmem.c */ = {isa = PBXFileReference; lastKnownFileType = sourcecode.c.c; path = pngmem.c; sourceTree = "<group>"; };
		OBJ_120 /* hpdf_page_operator.c */ = {isa = PBXFileReference; lastKnownFileType = sourcecode.c.c; path = hpdf_page_operator.c; sourceTree = "<group>"; };
		OBJ_121 /* hpdf_pages.c */ = {isa = PBXFileReference; lastKnownFileType = sourcecode.c.c; path = hpdf_pages.c; sourceTree = "<group>"; };
		OBJ_122 /* hpdf_pdfa.c */ = {isa = PBXFileReference; lastKnownFileType = sourcecode.c.c; path = hpdf_pdfa.c; sourceTree = "<group>"; };
		OBJ_123 /* hpdf_real.c */ = {isa = PBXFileReference; lastKnownFileType = sourcecode.c.c; path = hpdf_real.c; sourceTree = "<group>"; };
		OBJ_124 /* hpdf_streams.c */ = {isa = PBXFileReference; lastKnownFileType = sourcecode.c.c; path = hpdf_streams.c; sourceTree = "<group>"; };
		OBJ_125 /* hpdf_string.c */ = {isa = PBXFileReference; lastKnownFileType = sourcecode.c.c; path = hpdf_string.c; sourceTree = "<group>"; };
		OBJ_126 /* hpdf_u3d.c */ = {isa = PBXFileReference; lastKnownFileType = sourcecode.c.c; path = hpdf_u3d.c; sourceTree = "<group>"; };
		OBJ_127 /* hpdf_utils.c */ = {isa = PBXFileReference; lastKnownFileType = sourcecode.c.c; path = hpdf_utils.c; sourceTree = "<group>"; };
		OBJ_128 /* hpdf_xref.c */ = {isa = PBXFileReference; lastKnownFileType = sourcecode.c.c; path = hpdf_xref.c; sourceTree = "<group>"; };
		OBJ_13 /* pngpread.c */ = {isa = PBXFileReference; lastKnownFileType = sourcecode.c.c; path = pngpread.c; sourceTree = "<group>"; };
		OBJ_130 /* hpdf.h */ = {isa = PBXFileReference; lastKnownFileType = sourcecode.c.h; path = hpdf.h; sourceTree = "<group>"; };
		OBJ_131 /* hpdf_3dmeasure.h */ = {isa = PBXFileReference; lastKnownFileType = sourcecode.c.h; path = hpdf_3dmeasure.h; sourceTree = "<group>"; };
		OBJ_132 /* hpdf_annotation.h */ = {isa = PBXFileReference; lastKnownFileType = sourcecode.c.h; path = hpdf_annotation.h; sourceTree = "<group>"; };
		OBJ_133 /* hpdf_catalog.h */ = {isa = PBXFileReference; lastKnownFileType = sourcecode.c.h; path = hpdf_catalog.h; sourceTree = "<group>"; };
		OBJ_134 /* hpdf_conf.h */ = {isa = PBXFileReference; lastKnownFileType = sourcecode.c.h; path = hpdf_conf.h; sourceTree = "<group>"; };
		OBJ_135 /* hpdf_config.h */ = {isa = PBXFileReference; lastKnownFileType = sourcecode.c.h; path = hpdf_config.h; sourceTree = "<group>"; };
		OBJ_136 /* hpdf_consts.h */ = {isa = PBXFileReference; lastKnownFileType = sourcecode.c.h; path = hpdf_consts.h; sourceTree = "<group>"; };
		OBJ_137 /* hpdf_destination.h */ = {isa = PBXFileReference; lastKnownFileType = sourcecode.c.h; path = hpdf_destination.h; sourceTree = "<group>"; };
		OBJ_138 /* hpdf_doc.h */ = {isa = PBXFileReference; lastKnownFileType = sourcecode.c.h; path = hpdf_doc.h; sourceTree = "<group>"; };
		OBJ_139 /* hpdf_encoder.h */ = {isa = PBXFileReference; lastKnownFileType = sourcecode.c.h; path = hpdf_encoder.h; sourceTree = "<group>"; };
		OBJ_14 /* pngread.c */ = {isa = PBXFileReference; lastKnownFileType = sourcecode.c.c; path = pngread.c; sourceTree = "<group>"; };
		OBJ_140 /* hpdf_encrypt.h */ = {isa = PBXFileReference; lastKnownFileType = sourcecode.c.h; path = hpdf_encrypt.h; sourceTree = "<group>"; };
		OBJ_141 /* hpdf_encryptdict.h */ = {isa = PBXFileReference; lastKnownFileType = sourcecode.c.h; path = hpdf_encryptdict.h; sourceTree = "<group>"; };
		OBJ_142 /* hpdf_error.h */ = {isa = PBXFileReference; lastKnownFileType = sourcecode.c.h; path = hpdf_error.h; sourceTree = "<group>"; };
		OBJ_143 /* hpdf_exdata.h */ = {isa = PBXFileReference; lastKnownFileType = sourcecode.c.h; path = hpdf_exdata.h; sourceTree = "<group>"; };
		OBJ_144 /* hpdf_ext_gstate.h */ = {isa = PBXFileReference; lastKnownFileType = sourcecode.c.h; path = hpdf_ext_gstate.h; sourceTree = "<group>"; };
		OBJ_145 /* hpdf_font.h */ = {isa = PBXFileReference; lastKnownFileType = sourcecode.c.h; path = hpdf_font.h; sourceTree = "<group>"; };
		OBJ_146 /* hpdf_fontdef.h */ = {isa = PBXFileReference; lastKnownFileType = sourcecode.c.h; path = hpdf_fontdef.h; sourceTree = "<group>"; };
		OBJ_147 /* hpdf_gstate.h */ = {isa = PBXFileReference; lastKnownFileType = sourcecode.c.h; path = hpdf_gstate.h; sourceTree = "<group>"; };
		OBJ_148 /* hpdf_image.h */ = {isa = PBXFileReference; lastKnownFileType = sourcecode.c.h; path = hpdf_image.h; sourceTree = "<group>"; };
		OBJ_149 /* hpdf_info.h */ = {isa = PBXFileReference; lastKnownFileType = sourcecode.c.h; path = hpdf_info.h; sourceTree = "<group>"; };
		OBJ_15 /* pngrio.c */ = {isa = PBXFileReference; lastKnownFileType = sourcecode.c.c; path = pngrio.c; sourceTree = "<group>"; };
		OBJ_150 /* hpdf_list.h */ = {isa = PBXFileReference; lastKnownFileType = sourcecode.c.h; path = hpdf_list.h; sourceTree = "<group>"; };
		OBJ_151 /* hpdf_mmgr.h */ = {isa = PBXFileReference; lastKnownFileType = sourcecode.c.h; path = hpdf_mmgr.h; sourceTree = "<group>"; };
		OBJ_152 /* hpdf_namedict.h */ = {isa = PBXFileReference; lastKnownFileType = sourcecode.c.h; path = hpdf_namedict.h; sourceTree = "<group>"; };
		OBJ_153 /* hpdf_objects.h */ = {isa = PBXFileReference; lastKnownFileType = sourcecode.c.h; path = hpdf_objects.h; sourceTree = "<group>"; };
		OBJ_154 /* hpdf_outline.h */ = {isa = PBXFileReference; lastKnownFileType = sourcecode.c.h; path = hpdf_outline.h; sourceTree = "<group>"; };
		OBJ_155 /* hpdf_page_label.h */ = {isa = PBXFileReference; lastKnownFileType = sourcecode.c.h; path = hpdf_page_label.h; sourceTree = "<group>"; };
		OBJ_156 /* hpdf_pages.h */ = {isa = PBXFileReference; lastKnownFileType = sourcecode.c.h; path = hpdf_pages.h; sourceTree = "<group>"; };
		OBJ_157 /* hpdf_pdfa.h */ = {isa = PBXFileReference; lastKnownFileType = sourcecode.c.h; path = hpdf_pdfa.h; sourceTree = "<group>"; };
		OBJ_158 /* hpdf_streams.h */ = {isa = PBXFileReference; lastKnownFileType = sourcecode.c.h; path = hpdf_streams.h; sourceTree = "<group>"; };
		OBJ_159 /* hpdf_types.h */ = {isa = PBXFileReference; lastKnownFileType = sourcecode.c.h; path = hpdf_types.h; sourceTree = "<group>"; };
		OBJ_16 /* pngrtran.c */ = {isa = PBXFileReference; lastKnownFileType = sourcecode.c.c; path = pngrtran.c; sourceTree = "<group>"; };
		OBJ_160 /* hpdf_u3d.h */ = {isa = PBXFileReference; lastKnownFileType = sourcecode.c.h; path = hpdf_u3d.h; sourceTree = "<group>"; };
		OBJ_161 /* hpdf_utils.h */ = {isa = PBXFileReference; lastKnownFileType = sourcecode.c.h; path = hpdf_utils.h; sourceTree = "<group>"; };
		OBJ_162 /* hpdf_version.h */ = {isa = PBXFileReference; lastKnownFileType = sourcecode.c.h; path = hpdf_version.h; sourceTree = "<group>"; };
		OBJ_163 /* module.modulemap */ = {isa = PBXFileReference; lastKnownFileType = "sourcecode.module-map"; name = module.modulemap; path = /Users/sergej/Developer/WeirdMath/SwiftyHaru/SwiftyHaru.xcodeproj/GeneratedModuleMap/CLibHaru/module.modulemap; sourceTree = "<group>"; };
		OBJ_166 /* ColorTests.swift */ = {isa = PBXFileReference; lastKnownFileType = sourcecode.swift; path = ColorTests.swift; sourceTree = "<group>"; };
		OBJ_167 /* DashStyleTests.swift */ = {isa = PBXFileReference; lastKnownFileType = sourcecode.swift; path = DashStyleTests.swift; sourceTree = "<group>"; };
		OBJ_168 /* DrawingContextTests.swift */ = {isa = PBXFileReference; lastKnownFileType = sourcecode.swift; path = DrawingContextTests.swift; sourceTree = "<group>"; };
		OBJ_169 /* GridTests.swift */ = {isa = PBXFileReference; lastKnownFileType = sourcecode.swift; path = GridTests.swift; sourceTree = "<group>"; };
		OBJ_17 /* pngrutil.c */ = {isa = PBXFileReference; lastKnownFileType = sourcecode.c.c; path = pngrutil.c; sourceTree = "<group>"; };
		OBJ_170 /* PDFDateFormatterTests.swift */ = {isa = PBXFileReference; lastKnownFileType = sourcecode.swift; path = PDFDateFormatterTests.swift; sourceTree = "<group>"; };
		OBJ_171 /* PDFDocumentTests.swift */ = {isa = PBXFileReference; lastKnownFileType = sourcecode.swift; path = PDFDocumentTests.swift; sourceTree = "<group>"; };
		OBJ_172 /* PDFPageTests.swift */ = {isa = PBXFileReference; lastKnownFileType = sourcecode.swift; path = PDFPageTests.swift; sourceTree = "<group>"; };
		OBJ_173 /* TestHelpers.swift */ = {isa = PBXFileReference; lastKnownFileType = sourcecode.swift; path = TestHelpers.swift; sourceTree = "<group>"; };
		OBJ_174 /* Demo */ = {isa = PBXFileReference; lastKnownFileType = folder; path = Demo; sourceTree = SOURCE_ROOT; };
		OBJ_175 /* docs */ = {isa = PBXFileReference; lastKnownFileType = folder; path = docs; sourceTree = SOURCE_ROOT; };
		OBJ_178 /* DefaultStringConvertible.swift */ = {isa = PBXFileReference; lastKnownFileType = sourcecode.swift; path = DefaultStringConvertible.swift; sourceTree = "<group>"; };
		OBJ_18 /* pngset.c */ = {isa = PBXFileReference; lastKnownFileType = sourcecode.c.c; path = pngset.c; sourceTree = "<group>"; };
		OBJ_180 /* DefaultStringConvertible.framework */ = {isa = PBXFileReference; explicitFileType = wrapper.framework; path = DefaultStringConvertible.framework; sourceTree = BUILT_PRODUCTS_DIR; };
		OBJ_181 /* CLibPNG.framework */ = {isa = PBXFileReference; explicitFileType = wrapper.framework; path = CLibPNG.framework; sourceTree = BUILT_PRODUCTS_DIR; };
		OBJ_182 /* SwiftyHaru.framework */ = {isa = PBXFileReference; explicitFileType = wrapper.framework; path = SwiftyHaru.framework; sourceTree = BUILT_PRODUCTS_DIR; };
		OBJ_183 /* CLibHaru.framework */ = {isa = PBXFileReference; explicitFileType = wrapper.framework; path = CLibHaru.framework; sourceTree = BUILT_PRODUCTS_DIR; };
		OBJ_184 /* SwiftyHaruTests.xctest */ = {isa = PBXFileReference; lastKnownFileType = file; path = SwiftyHaruTests.xctest; sourceTree = BUILT_PRODUCTS_DIR; };
		OBJ_19 /* pngtest.c */ = {isa = PBXFileReference; lastKnownFileType = sourcecode.c.c; path = pngtest.c; sourceTree = "<group>"; };
		OBJ_20 /* pngtrans.c */ = {isa = PBXFileReference; lastKnownFileType = sourcecode.c.c; path = pngtrans.c; sourceTree = "<group>"; };
		OBJ_21 /* pngwio.c */ = {isa = PBXFileReference; lastKnownFileType = sourcecode.c.c; path = pngwio.c; sourceTree = "<group>"; };
		OBJ_22 /* pngwrite.c */ = {isa = PBXFileReference; lastKnownFileType = sourcecode.c.c; path = pngwrite.c; sourceTree = "<group>"; };
		OBJ_23 /* pngwtran.c */ = {isa = PBXFileReference; lastKnownFileType = sourcecode.c.c; path = pngwtran.c; sourceTree = "<group>"; };
		OBJ_24 /* pngwutil.c */ = {isa = PBXFileReference; lastKnownFileType = sourcecode.c.c; path = pngwutil.c; sourceTree = "<group>"; };
		OBJ_26 /* png.h */ = {isa = PBXFileReference; lastKnownFileType = sourcecode.c.h; path = png.h; sourceTree = "<group>"; };
		OBJ_27 /* pngconf.h */ = {isa = PBXFileReference; lastKnownFileType = sourcecode.c.h; path = pngconf.h; sourceTree = "<group>"; };
		OBJ_28 /* pngdebug.h */ = {isa = PBXFileReference; lastKnownFileType = sourcecode.c.h; path = pngdebug.h; sourceTree = "<group>"; };
		OBJ_29 /* pnginfo.h */ = {isa = PBXFileReference; lastKnownFileType = sourcecode.c.h; path = pnginfo.h; sourceTree = "<group>"; };
		OBJ_30 /* pnglibconf.h */ = {isa = PBXFileReference; lastKnownFileType = sourcecode.c.h; path = pnglibconf.h; sourceTree = "<group>"; };
		OBJ_31 /* pngpriv.h */ = {isa = PBXFileReference; lastKnownFileType = sourcecode.c.h; path = pngpriv.h; sourceTree = "<group>"; };
		OBJ_32 /* pngstruct.h */ = {isa = PBXFileReference; lastKnownFileType = sourcecode.c.h; path = pngstruct.h; sourceTree = "<group>"; };
		OBJ_33 /* module.modulemap */ = {isa = PBXFileReference; lastKnownFileType = "sourcecode.module-map"; name = module.modulemap; path = /Users/sergej/Developer/WeirdMath/SwiftyHaru/SwiftyHaru.xcodeproj/GeneratedModuleMap/CLibPNG/module.modulemap; sourceTree = "<group>"; };
		OBJ_35 /* DrawingContext.swift */ = {isa = PBXFileReference; lastKnownFileType = sourcecode.swift; path = DrawingContext.swift; sourceTree = "<group>"; };
		OBJ_36 /* Encoding.swift */ = {isa = PBXFileReference; lastKnownFileType = sourcecode.swift; path = Encoding.swift; sourceTree = "<group>"; };
		OBJ_37 /* Font.swift */ = {isa = PBXFileReference; lastKnownFileType = sourcecode.swift; path = Font.swift; sourceTree = "<group>"; };
		OBJ_38 /* PDFDateFormatter.swift */ = {isa = PBXFileReference; lastKnownFileType = sourcecode.swift; path = PDFDateFormatter.swift; sourceTree = "<group>"; };
		OBJ_39 /* PDFDocument.CompressionMode.swift */ = {isa = PBXFileReference; lastKnownFileType = sourcecode.swift; path = PDFDocument.CompressionMode.swift; sourceTree = "<group>"; };
		OBJ_40 /* PDFDocument.EncryptionMode.swift */ = {isa = PBXFileReference; lastKnownFileType = sourcecode.swift; path = PDFDocument.EncryptionMode.swift; sourceTree = "<group>"; };
		OBJ_41 /* PDFDocument.PageLayout.swift */ = {isa = PBXFileReference; lastKnownFileType = sourcecode.swift; path = PDFDocument.PageLayout.swift; sourceTree = "<group>"; };
		OBJ_42 /* PDFDocument.PageNumberStyle.swift */ = {isa = PBXFileReference; lastKnownFileType = sourcecode.swift; path = PDFDocument.PageNumberStyle.swift; sourceTree = "<group>"; };
		OBJ_43 /* PDFDocument.Permissions.swift */ = {isa = PBXFileReference; lastKnownFileType = sourcecode.swift; path = PDFDocument.Permissions.swift; sourceTree = "<group>"; };
		OBJ_44 /* PDFDocument.swift */ = {isa = PBXFileReference; lastKnownFileType = sourcecode.swift; path = PDFDocument.swift; sourceTree = "<group>"; };
		OBJ_45 /* PDFError.swift */ = {isa = PBXFileReference; lastKnownFileType = sourcecode.swift; path = PDFError.swift; sourceTree = "<group>"; };
		OBJ_46 /* PDFPage.Direction.swift */ = {isa = PBXFileReference; lastKnownFileType = sourcecode.swift; path = PDFPage.Direction.swift; sourceTree = "<group>"; };
		OBJ_47 /* PDFPage.Size.swift */ = {isa = PBXFileReference; lastKnownFileType = sourcecode.swift; path = PDFPage.Size.swift; sourceTree = "<group>"; };
		OBJ_48 /* PDFPage.swift */ = {isa = PBXFileReference; lastKnownFileType = sourcecode.swift; path = PDFPage.swift; sourceTree = "<group>"; };
		OBJ_49 /* Sequence.swift */ = {isa = PBXFileReference; lastKnownFileType = sourcecode.swift; path = Sequence.swift; sourceTree = "<group>"; };
		OBJ_50 /* TextAlignment.swift */ = {isa = PBXFileReference; lastKnownFileType = sourcecode.swift; path = TextAlignment.swift; sourceTree = "<group>"; };
		OBJ_51 /* Unimplemented.swift */ = {isa = PBXFileReference; lastKnownFileType = sourcecode.swift; path = Unimplemented.swift; sourceTree = "<group>"; };
		OBJ_53 /* Color.swift */ = {isa = PBXFileReference; lastKnownFileType = sourcecode.swift; path = Color.swift; sourceTree = "<group>"; };
		OBJ_54 /* DashStyle.swift */ = {isa = PBXFileReference; lastKnownFileType = sourcecode.swift; path = DashStyle.swift; sourceTree = "<group>"; };
		OBJ_55 /* Drawable.swift */ = {isa = PBXFileReference; lastKnownFileType = sourcecode.swift; path = Drawable.swift; sourceTree = "<group>"; };
		OBJ_56 /* Geometry.swift */ = {isa = PBXFileReference; lastKnownFileType = sourcecode.swift; path = Geometry.swift; sourceTree = "<group>"; };
		OBJ_57 /* LineCap.swift */ = {isa = PBXFileReference; lastKnownFileType = sourcecode.swift; path = LineCap.swift; sourceTree = "<group>"; };
		OBJ_58 /* LineJoin.swift */ = {isa = PBXFileReference; lastKnownFileType = sourcecode.swift; path = LineJoin.swift; sourceTree = "<group>"; };
		OBJ_59 /* Path.swift */ = {isa = PBXFileReference; lastKnownFileType = sourcecode.swift; path = Path.swift; sourceTree = "<group>"; };
		OBJ_6 /* Package.swift */ = {isa = PBXFileReference; explicitFileType = sourcecode.swift; path = Package.swift; sourceTree = "<group>"; };
		OBJ_60 /* PDFColorSpace.swift */ = {isa = PBXFileReference; lastKnownFileType = sourcecode.swift; path = PDFColorSpace.swift; sourceTree = "<group>"; };
		OBJ_62 /* Grid+Drawable.swift */ = {isa = PBXFileReference; lastKnownFileType = sourcecode.swift; path = "Grid+Drawable.swift"; sourceTree = "<group>"; };
		OBJ_63 /* Grid.LabelParameters.swift */ = {isa = PBXFileReference; lastKnownFileType = sourcecode.swift; path = Grid.LabelParameters.swift; sourceTree = "<group>"; };
		OBJ_64 /* Grid.Labels.swift */ = {isa = PBXFileReference; lastKnownFileType = sourcecode.swift; path = Grid.Labels.swift; sourceTree = "<group>"; };
		OBJ_65 /* Grid.Lines.swift */ = {isa = PBXFileReference; lastKnownFileType = sourcecode.swift; path = Grid.Lines.swift; sourceTree = "<group>"; };
		OBJ_66 /* Grid.MajorLineParameters.swift */ = {isa = PBXFileReference; lastKnownFileType = sourcecode.swift; path = Grid.MajorLineParameters.swift; sourceTree = "<group>"; };
		OBJ_67 /* Grid.MinorLineParameters.swift */ = {isa = PBXFileReference; lastKnownFileType = sourcecode.swift; path = Grid.MinorLineParameters.swift; sourceTree = "<group>"; };
		OBJ_68 /* Grid.SerifParameters.swift */ = {isa = PBXFileReference; lastKnownFileType = sourcecode.swift; path = Grid.SerifParameters.swift; sourceTree = "<group>"; };
		OBJ_69 /* Grid.Serifs.swift */ = {isa = PBXFileReference; lastKnownFileType = sourcecode.swift; path = Grid.Serifs.swift; sourceTree = "<group>"; };
		OBJ_70 /* Grid.swift */ = {isa = PBXFileReference; lastKnownFileType = sourcecode.swift; path = Grid.swift; sourceTree = "<group>"; };
		OBJ_72 /* hpdf_3dmeasure.c */ = {isa = PBXFileReference; lastKnownFileType = sourcecode.c.c; path = hpdf_3dmeasure.c; sourceTree = "<group>"; };
		OBJ_73 /* hpdf_annotation.c */ = {isa = PBXFileReference; lastKnownFileType = sourcecode.c.c; path = hpdf_annotation.c; sourceTree = "<group>"; };
		OBJ_74 /* hpdf_array.c */ = {isa = PBXFileReference; lastKnownFileType = sourcecode.c.c; path = hpdf_array.c; sourceTree = "<group>"; };
		OBJ_75 /* hpdf_binary.c */ = {isa = PBXFileReference; lastKnownFileType = sourcecode.c.c; path = hpdf_binary.c; sourceTree = "<group>"; };
		OBJ_76 /* hpdf_boolean.c */ = {isa = PBXFileReference; lastKnownFileType = sourcecode.c.c; path = hpdf_boolean.c; sourceTree = "<group>"; };
		OBJ_77 /* hpdf_catalog.c */ = {isa = PBXFileReference; lastKnownFileType = sourcecode.c.c; path = hpdf_catalog.c; sourceTree = "<group>"; };
		OBJ_78 /* hpdf_destination.c */ = {isa = PBXFileReference; lastKnownFileType = sourcecode.c.c; path = hpdf_destination.c; sourceTree = "<group>"; };
		OBJ_79 /* hpdf_dict.c */ = {isa = PBXFileReference; lastKnownFileType = sourcecode.c.c; path = hpdf_dict.c; sourceTree = "<group>"; };
		OBJ_80 /* hpdf_doc.c */ = {isa = PBXFileReference; lastKnownFileType = sourcecode.c.c; path = hpdf_doc.c; sourceTree = "<group>"; };
		OBJ_81 /* hpdf_doc_png.c */ = {isa = PBXFileReference; lastKnownFileType = sourcecode.c.c; path = hpdf_doc_png.c; sourceTree = "<group>"; };
		OBJ_82 /* hpdf_encoder.c */ = {isa = PBXFileReference; lastKnownFileType = sourcecode.c.c; path = hpdf_encoder.c; sourceTree = "<group>"; };
		OBJ_83 /* hpdf_encoder_cns.c */ = {isa = PBXFileReference; lastKnownFileType = sourcecode.c.c; path = hpdf_encoder_cns.c; sourceTree = "<group>"; };
		OBJ_84 /* hpdf_encoder_cnt.c */ = {isa = PBXFileReference; lastKnownFileType = sourcecode.c.c; path = hpdf_encoder_cnt.c; sourceTree = "<group>"; };
		OBJ_85 /* hpdf_encoder_jp.c */ = {isa = PBXFileReference; lastKnownFileType = sourcecode.c.c; path = hpdf_encoder_jp.c; sourceTree = "<group>"; };
		OBJ_86 /* hpdf_encoder_kr.c */ = {isa = PBXFileReference; lastKnownFileType = sourcecode.c.c; path = hpdf_encoder_kr.c; sourceTree = "<group>"; };
		OBJ_87 /* hpdf_encoder_utf.c */ = {isa = PBXFileReference; lastKnownFileType = sourcecode.c.c; path = hpdf_encoder_utf.c; sourceTree = "<group>"; };
		OBJ_88 /* hpdf_encrypt.c */ = {isa = PBXFileReference; lastKnownFileType = sourcecode.c.c; path = hpdf_encrypt.c; sourceTree = "<group>"; };
		OBJ_89 /* hpdf_encryptdict.c */ = {isa = PBXFileReference; lastKnownFileType = sourcecode.c.c; path = hpdf_encryptdict.c; sourceTree = "<group>"; };
		OBJ_9 /* png.c */ = {isa = PBXFileReference; lastKnownFileType = sourcecode.c.c; path = png.c; sourceTree = "<group>"; };
		OBJ_90 /* hpdf_error.c */ = {isa = PBXFileReference; lastKnownFileType = sourcecode.c.c; path = hpdf_error.c; sourceTree = "<group>"; };
		OBJ_91 /* hpdf_exdata.c */ = {isa = PBXFileReference; lastKnownFileType = sourcecode.c.c; path = hpdf_exdata.c; sourceTree = "<group>"; };
		OBJ_92 /* hpdf_ext_gstate.c */ = {isa = PBXFileReference; lastKnownFileType = sourcecode.c.c; path = hpdf_ext_gstate.c; sourceTree = "<group>"; };
		OBJ_93 /* hpdf_font.c */ = {isa = PBXFileReference; lastKnownFileType = sourcecode.c.c; path = hpdf_font.c; sourceTree = "<group>"; };
		OBJ_94 /* hpdf_font_cid.c */ = {isa = PBXFileReference; lastKnownFileType = sourcecode.c.c; path = hpdf_font_cid.c; sourceTree = "<group>"; };
		OBJ_95 /* hpdf_font_tt.c */ = {isa = PBXFileReference; lastKnownFileType = sourcecode.c.c; path = hpdf_font_tt.c; sourceTree = "<group>"; };
		OBJ_96 /* hpdf_font_type1.c */ = {isa = PBXFileReference; lastKnownFileType = sourcecode.c.c; path = hpdf_font_type1.c; sourceTree = "<group>"; };
		OBJ_97 /* hpdf_fontdef.c */ = {isa = PBXFileReference; lastKnownFileType = sourcecode.c.c; path = hpdf_fontdef.c; sourceTree = "<group>"; };
		OBJ_98 /* hpdf_fontdef_base14.c */ = {isa = PBXFileReference; lastKnownFileType = sourcecode.c.c; path = hpdf_fontdef_base14.c; sourceTree = "<group>"; };
		OBJ_99 /* hpdf_fontdef_cid.c */ = {isa = PBXFileReference; lastKnownFileType = sourcecode.c.c; path = hpdf_fontdef_cid.c; sourceTree = "<group>"; };
/* End PBXFileReference section */

/* Begin PBXFrameworksBuildPhase section */
		OBJ_191 /* Frameworks */ = {
			isa = PBXFrameworksBuildPhase;
			buildActionMask = 0;
			files = (
			);
			runOnlyForDeploymentPostprocessing = 0;
		};
		OBJ_214 /* Frameworks */ = {
			isa = PBXFrameworksBuildPhase;
			buildActionMask = 0;
			files = (
				OBJ_215 /* DefaultStringConvertible.framework in Frameworks */,
			);
			runOnlyForDeploymentPostprocessing = 0;
		};
		OBJ_256 /* Frameworks */ = {
			isa = PBXFrameworksBuildPhase;
			buildActionMask = 0;
			files = (
				OBJ_257 /* DefaultStringConvertible.framework in Frameworks */,
				OBJ_258 /* CLibPNG.framework in Frameworks */,
				OBJ_259 /* CLibHaru.framework in Frameworks */,
			);
			runOnlyForDeploymentPostprocessing = 0;
		};
		OBJ_326 /* Frameworks */ = {
			isa = PBXFrameworksBuildPhase;
			buildActionMask = 0;
			files = (
				OBJ_327 /* DefaultStringConvertible.framework in Frameworks */,
				OBJ_328 /* CLibPNG.framework in Frameworks */,
			);
			runOnlyForDeploymentPostprocessing = 0;
		};
		OBJ_344 /* Frameworks */ = {
			isa = PBXFrameworksBuildPhase;
			buildActionMask = 0;
			files = (
				OBJ_345 /* DefaultStringConvertible.framework in Frameworks */,
				OBJ_346 /* CLibPNG.framework in Frameworks */,
				OBJ_347 /* CLibHaru.framework in Frameworks */,
				OBJ_348 /* SwiftyHaru.framework in Frameworks */,
			);
			runOnlyForDeploymentPostprocessing = 0;
		};
/* End PBXFrameworksBuildPhase section */

/* Begin PBXGroup section */
		OBJ_129 /* include */ = {
			isa = PBXGroup;
			children = (
				OBJ_130 /* hpdf.h */,
				OBJ_131 /* hpdf_3dmeasure.h */,
				OBJ_132 /* hpdf_annotation.h */,
				OBJ_133 /* hpdf_catalog.h */,
				OBJ_134 /* hpdf_conf.h */,
				OBJ_135 /* hpdf_config.h */,
				OBJ_136 /* hpdf_consts.h */,
				OBJ_137 /* hpdf_destination.h */,
				OBJ_138 /* hpdf_doc.h */,
				OBJ_139 /* hpdf_encoder.h */,
				OBJ_140 /* hpdf_encrypt.h */,
				OBJ_141 /* hpdf_encryptdict.h */,
				OBJ_142 /* hpdf_error.h */,
				OBJ_143 /* hpdf_exdata.h */,
				OBJ_144 /* hpdf_ext_gstate.h */,
				OBJ_145 /* hpdf_font.h */,
				OBJ_146 /* hpdf_fontdef.h */,
				OBJ_147 /* hpdf_gstate.h */,
				OBJ_148 /* hpdf_image.h */,
				OBJ_149 /* hpdf_info.h */,
				OBJ_150 /* hpdf_list.h */,
				OBJ_151 /* hpdf_mmgr.h */,
				OBJ_152 /* hpdf_namedict.h */,
				OBJ_153 /* hpdf_objects.h */,
				OBJ_154 /* hpdf_outline.h */,
				OBJ_155 /* hpdf_page_label.h */,
				OBJ_156 /* hpdf_pages.h */,
				OBJ_157 /* hpdf_pdfa.h */,
				OBJ_158 /* hpdf_streams.h */,
				OBJ_159 /* hpdf_types.h */,
				OBJ_160 /* hpdf_u3d.h */,
				OBJ_161 /* hpdf_utils.h */,
				OBJ_162 /* hpdf_version.h */,
				OBJ_163 /* module.modulemap */,
			);
			path = include;
			sourceTree = "<group>";
		};
		OBJ_164 /* Tests */ = {
			isa = PBXGroup;
			children = (
				OBJ_165 /* SwiftyHaruTests */,
			);
			name = Tests;
			sourceTree = SOURCE_ROOT;
		};
		OBJ_165 /* SwiftyHaruTests */ = {
			isa = PBXGroup;
			children = (
				OBJ_166 /* ColorTests.swift */,
				OBJ_167 /* DashStyleTests.swift */,
				OBJ_168 /* DrawingContextTests.swift */,
				OBJ_169 /* GridTests.swift */,
				OBJ_170 /* PDFDateFormatterTests.swift */,
				OBJ_171 /* PDFDocumentTests.swift */,
				OBJ_172 /* PDFPageTests.swift */,
				OBJ_173 /* TestHelpers.swift */,
			);
			name = SwiftyHaruTests;
			path = Tests/SwiftyHaruTests;
			sourceTree = SOURCE_ROOT;
		};
		OBJ_176 /* Dependencies */ = {
			isa = PBXGroup;
			children = (
				OBJ_177 /* DefaultStringConvertible 2.0.1 */,
			);
			name = Dependencies;
			sourceTree = "<group>";
		};
		OBJ_177 /* DefaultStringConvertible 2.0.1 */ = {
			isa = PBXGroup;
			children = (
				OBJ_178 /* DefaultStringConvertible.swift */,
			);
			name = "DefaultStringConvertible 2.0.1";
			path = ".build/checkouts/DefaultStringConvertible.git--2203602832093689721/Sources";
			sourceTree = SOURCE_ROOT;
		};
		OBJ_179 /* Products */ = {
			isa = PBXGroup;
			children = (
				OBJ_180 /* DefaultStringConvertible.framework */,
				OBJ_181 /* CLibPNG.framework */,
				OBJ_182 /* SwiftyHaru.framework */,
				OBJ_183 /* CLibHaru.framework */,
				OBJ_184 /* SwiftyHaruTests.xctest */,
			);
			name = Products;
			sourceTree = BUILT_PRODUCTS_DIR;
		};
		OBJ_25 /* include */ = {
			isa = PBXGroup;
			children = (
				OBJ_26 /* png.h */,
				OBJ_27 /* pngconf.h */,
				OBJ_28 /* pngdebug.h */,
				OBJ_29 /* pnginfo.h */,
				OBJ_30 /* pnglibconf.h */,
				OBJ_31 /* pngpriv.h */,
				OBJ_32 /* pngstruct.h */,
				OBJ_33 /* module.modulemap */,
			);
			path = include;
			sourceTree = "<group>";
		};
		OBJ_34 /* SwiftyHaru */ = {
			isa = PBXGroup;
			children = (
				OBJ_35 /* DrawingContext.swift */,
				OBJ_36 /* Encoding.swift */,
				OBJ_37 /* Font.swift */,
				OBJ_38 /* PDFDateFormatter.swift */,
				OBJ_39 /* PDFDocument.CompressionMode.swift */,
				OBJ_40 /* PDFDocument.EncryptionMode.swift */,
				OBJ_41 /* PDFDocument.PageLayout.swift */,
				OBJ_42 /* PDFDocument.PageNumberStyle.swift */,
				OBJ_43 /* PDFDocument.Permissions.swift */,
				OBJ_44 /* PDFDocument.swift */,
				OBJ_45 /* PDFError.swift */,
				OBJ_46 /* PDFPage.Direction.swift */,
				OBJ_47 /* PDFPage.Size.swift */,
				OBJ_48 /* PDFPage.swift */,
				OBJ_49 /* Sequence.swift */,
				OBJ_50 /* TextAlignment.swift */,
				OBJ_51 /* Unimplemented.swift */,
				OBJ_52 /* Graphics */,
				OBJ_61 /* Grid */,
			);
			name = SwiftyHaru;
			path = Sources/SwiftyHaru;
			sourceTree = SOURCE_ROOT;
		};
		OBJ_5 /*  */ = {
			isa = PBXGroup;
			children = (
				OBJ_6 /* Package.swift */,
				OBJ_7 /* Sources */,
				OBJ_164 /* Tests */,
				OBJ_174 /* Demo */,
				OBJ_175 /* docs */,
				OBJ_176 /* Dependencies */,
				OBJ_179 /* Products */,
			);
			name = "";
			sourceTree = "<group>";
		};
		OBJ_52 /* Graphics */ = {
			isa = PBXGroup;
			children = (
				OBJ_53 /* Color.swift */,
				OBJ_54 /* DashStyle.swift */,
				OBJ_55 /* Drawable.swift */,
				OBJ_56 /* Geometry.swift */,
				OBJ_57 /* LineCap.swift */,
				OBJ_58 /* LineJoin.swift */,
				OBJ_59 /* Path.swift */,
				OBJ_60 /* PDFColorSpace.swift */,
			);
			path = Graphics;
			sourceTree = "<group>";
		};
		OBJ_61 /* Grid */ = {
			isa = PBXGroup;
			children = (
				OBJ_62 /* Grid+Drawable.swift */,
				OBJ_63 /* Grid.LabelParameters.swift */,
				OBJ_64 /* Grid.Labels.swift */,
				OBJ_65 /* Grid.Lines.swift */,
				OBJ_66 /* Grid.MajorLineParameters.swift */,
				OBJ_67 /* Grid.MinorLineParameters.swift */,
				OBJ_68 /* Grid.SerifParameters.swift */,
				OBJ_69 /* Grid.Serifs.swift */,
				OBJ_70 /* Grid.swift */,
			);
			path = Grid;
			sourceTree = "<group>";
		};
		OBJ_7 /* Sources */ = {
			isa = PBXGroup;
			children = (
				OBJ_8 /* CLibPNG */,
				OBJ_34 /* SwiftyHaru */,
				OBJ_71 /* CLibHaru */,
			);
			name = Sources;
			sourceTree = SOURCE_ROOT;
		};
		OBJ_71 /* CLibHaru */ = {
			isa = PBXGroup;
			children = (
				OBJ_72 /* hpdf_3dmeasure.c */,
				OBJ_73 /* hpdf_annotation.c */,
				OBJ_74 /* hpdf_array.c */,
				OBJ_75 /* hpdf_binary.c */,
				OBJ_76 /* hpdf_boolean.c */,
				OBJ_77 /* hpdf_catalog.c */,
				OBJ_78 /* hpdf_destination.c */,
				OBJ_79 /* hpdf_dict.c */,
				OBJ_80 /* hpdf_doc.c */,
				OBJ_81 /* hpdf_doc_png.c */,
				OBJ_82 /* hpdf_encoder.c */,
				OBJ_83 /* hpdf_encoder_cns.c */,
				OBJ_84 /* hpdf_encoder_cnt.c */,
				OBJ_85 /* hpdf_encoder_jp.c */,
				OBJ_86 /* hpdf_encoder_kr.c */,
				OBJ_87 /* hpdf_encoder_utf.c */,
				OBJ_88 /* hpdf_encrypt.c */,
				OBJ_89 /* hpdf_encryptdict.c */,
				OBJ_90 /* hpdf_error.c */,
				OBJ_91 /* hpdf_exdata.c */,
				OBJ_92 /* hpdf_ext_gstate.c */,
				OBJ_93 /* hpdf_font.c */,
				OBJ_94 /* hpdf_font_cid.c */,
				OBJ_95 /* hpdf_font_tt.c */,
				OBJ_96 /* hpdf_font_type1.c */,
				OBJ_97 /* hpdf_fontdef.c */,
				OBJ_98 /* hpdf_fontdef_base14.c */,
				OBJ_99 /* hpdf_fontdef_cid.c */,
				OBJ_100 /* hpdf_fontdef_cns.c */,
				OBJ_101 /* hpdf_fontdef_cnt.c */,
				OBJ_102 /* hpdf_fontdef_jp.c */,
				OBJ_103 /* hpdf_fontdef_kr.c */,
				OBJ_104 /* hpdf_fontdef_tt.c */,
				OBJ_105 /* hpdf_fontdef_type1.c */,
				OBJ_106 /* hpdf_gstate.c */,
				OBJ_107 /* hpdf_image.c */,
				OBJ_108 /* hpdf_image_ccitt.c */,
				OBJ_109 /* hpdf_image_png.c */,
				OBJ_110 /* hpdf_info.c */,
				OBJ_111 /* hpdf_list.c */,
				OBJ_112 /* hpdf_mmgr.c */,
				OBJ_113 /* hpdf_name.c */,
				OBJ_114 /* hpdf_namedict.c */,
				OBJ_115 /* hpdf_null.c */,
				OBJ_116 /* hpdf_number.c */,
				OBJ_117 /* hpdf_objects.c */,
				OBJ_118 /* hpdf_outline.c */,
				OBJ_119 /* hpdf_page_label.c */,
				OBJ_120 /* hpdf_page_operator.c */,
				OBJ_121 /* hpdf_pages.c */,
				OBJ_122 /* hpdf_pdfa.c */,
				OBJ_123 /* hpdf_real.c */,
				OBJ_124 /* hpdf_streams.c */,
				OBJ_125 /* hpdf_string.c */,
				OBJ_126 /* hpdf_u3d.c */,
				OBJ_127 /* hpdf_utils.c */,
				OBJ_128 /* hpdf_xref.c */,
				OBJ_129 /* include */,
			);
			name = CLibHaru;
			path = Sources/CLibHaru;
			sourceTree = SOURCE_ROOT;
		};
		OBJ_8 /* CLibPNG */ = {
			isa = PBXGroup;
			children = (
				OBJ_9 /* png.c */,
				OBJ_10 /* pngerror.c */,
				OBJ_11 /* pngget.c */,
				OBJ_12 /* pngmem.c */,
				OBJ_13 /* pngpread.c */,
				OBJ_14 /* pngread.c */,
				OBJ_15 /* pngrio.c */,
				OBJ_16 /* pngrtran.c */,
				OBJ_17 /* pngrutil.c */,
				OBJ_18 /* pngset.c */,
				OBJ_19 /* pngtest.c */,
				OBJ_20 /* pngtrans.c */,
				OBJ_21 /* pngwio.c */,
				OBJ_22 /* pngwrite.c */,
				OBJ_23 /* pngwtran.c */,
				OBJ_24 /* pngwutil.c */,
				OBJ_25 /* include */,
			);
			name = CLibPNG;
			path = Sources/CLibPNG;
			sourceTree = SOURCE_ROOT;
		};
/* End PBXGroup section */

/* Begin PBXNativeTarget section */
		OBJ_185 /* DefaultStringConvertible */ = {
			isa = PBXNativeTarget;
			buildConfigurationList = OBJ_186 /* Build configuration list for PBXNativeTarget "DefaultStringConvertible" */;
			buildPhases = (
				OBJ_189 /* Sources */,
				OBJ_191 /* Frameworks */,
			);
			buildRules = (
			);
			dependencies = (
			);
			name = DefaultStringConvertible;
			productName = DefaultStringConvertible;
			productReference = OBJ_180 /* DefaultStringConvertible.framework */;
			productType = "com.apple.product-type.framework";
		};
		OBJ_192 /* CLibPNG */ = {
			isa = PBXNativeTarget;
			buildConfigurationList = OBJ_193 /* Build configuration list for PBXNativeTarget "CLibPNG" */;
			buildPhases = (
				OBJ_196 /* ShellScript */,
				OBJ_197 /* Sources */,
				OBJ_214 /* Frameworks */,
			);
			buildRules = (
			);
			dependencies = (
				OBJ_216 /* PBXTargetDependency */,
			);
			name = CLibPNG;
			productName = CLibPNG;
			productReference = OBJ_181 /* CLibPNG.framework */;
			productType = "com.apple.product-type.framework";
		};
		OBJ_217 /* SwiftyHaru */ = {
			isa = PBXNativeTarget;
			buildConfigurationList = OBJ_218 /* Build configuration list for PBXNativeTarget "SwiftyHaru" */;
			buildPhases = (
				OBJ_221 /* Sources */,
				OBJ_256 /* Frameworks */,
			);
			buildRules = (
			);
			dependencies = (
				OBJ_260 /* PBXTargetDependency */,
				OBJ_261 /* PBXTargetDependency */,
				OBJ_262 /* PBXTargetDependency */,
			);
			name = SwiftyHaru;
			productName = SwiftyHaru;
			productReference = OBJ_182 /* SwiftyHaru.framework */;
			productType = "com.apple.product-type.framework";
		};
		OBJ_263 /* CLibHaru */ = {
			isa = PBXNativeTarget;
			buildConfigurationList = OBJ_264 /* Build configuration list for PBXNativeTarget "CLibHaru" */;
			buildPhases = (
				OBJ_267 /* ShellScript */,
				OBJ_268 /* Sources */,
				OBJ_326 /* Frameworks */,
			);
			buildRules = (
			);
			dependencies = (
				OBJ_329 /* PBXTargetDependency */,
				OBJ_330 /* PBXTargetDependency */,
			);
			name = CLibHaru;
			productName = CLibHaru;
			productReference = OBJ_183 /* CLibHaru.framework */;
			productType = "com.apple.product-type.framework";
		};
		OBJ_331 /* SwiftyHaruTests */ = {
			isa = PBXNativeTarget;
			buildConfigurationList = OBJ_332 /* Build configuration list for PBXNativeTarget "SwiftyHaruTests" */;
			buildPhases = (
				OBJ_335 /* Sources */,
				OBJ_344 /* Frameworks */,
			);
			buildRules = (
			);
			dependencies = (
				OBJ_349 /* PBXTargetDependency */,
				OBJ_350 /* PBXTargetDependency */,
				OBJ_351 /* PBXTargetDependency */,
				OBJ_352 /* PBXTargetDependency */,
			);
			name = SwiftyHaruTests;
			productName = SwiftyHaruTests;
			productReference = OBJ_184 /* SwiftyHaruTests.xctest */;
			productType = "com.apple.product-type.bundle.unit-test";
		};
/* End PBXNativeTarget section */

/* Begin PBXProject section */
		OBJ_1 /* Project object */ = {
			isa = PBXProject;
			attributes = {
				LastUpgradeCheck = 9999;
			};
			buildConfigurationList = OBJ_2 /* Build configuration list for PBXProject "SwiftyHaru" */;
			compatibilityVersion = "Xcode 3.2";
			developmentRegion = English;
			hasScannedForEncodings = 0;
			knownRegions = (
				en,
			);
			mainGroup = OBJ_5 /*  */;
			productRefGroup = OBJ_179 /* Products */;
			projectDirPath = "";
			projectRoot = "";
			targets = (
				OBJ_185 /* DefaultStringConvertible */,
				OBJ_192 /* CLibPNG */,
				OBJ_217 /* SwiftyHaru */,
				OBJ_263 /* CLibHaru */,
				OBJ_331 /* SwiftyHaruTests */,
			);
		};
/* End PBXProject section */

/* Begin PBXShellScriptBuildPhase section */
		OBJ_196 /* ShellScript */ = {
			isa = PBXShellScriptBuildPhase;
			buildActionMask = 0;
			files = (
			);
			runOnlyForDeploymentPostprocessing = 0;
			shellPath = /bin/sh;
			shellScript = "mkdir -p \"${PROJECT_TEMP_DIR}/SymlinkLibs\"\nln -sf \"${BUILT_PRODUCTS_DIR}/${EXECUTABLE_PATH}\" \"${PROJECT_TEMP_DIR}/SymlinkLibs/lib${EXECUTABLE_NAME}.dylib\"\n";
		};
		OBJ_267 /* ShellScript */ = {
			isa = PBXShellScriptBuildPhase;
			buildActionMask = 0;
			files = (
			);
			runOnlyForDeploymentPostprocessing = 0;
			shellPath = /bin/sh;
			shellScript = "mkdir -p \"${PROJECT_TEMP_DIR}/SymlinkLibs\"\nln -sf \"${BUILT_PRODUCTS_DIR}/${EXECUTABLE_PATH}\" \"${PROJECT_TEMP_DIR}/SymlinkLibs/lib${EXECUTABLE_NAME}.dylib\"\n";
		};
/* End PBXShellScriptBuildPhase section */

/* Begin PBXSourcesBuildPhase section */
		OBJ_189 /* Sources */ = {
			isa = PBXSourcesBuildPhase;
			buildActionMask = 0;
			files = (
				OBJ_190 /* DefaultStringConvertible.swift in Sources */,
			);
			runOnlyForDeploymentPostprocessing = 0;
		};
		OBJ_197 /* Sources */ = {
			isa = PBXSourcesBuildPhase;
			buildActionMask = 0;
			files = (
				OBJ_198 /* png.c in Sources */,
				OBJ_199 /* pngerror.c in Sources */,
				OBJ_200 /* pngget.c in Sources */,
				OBJ_201 /* pngmem.c in Sources */,
				OBJ_202 /* pngpread.c in Sources */,
				OBJ_203 /* pngread.c in Sources */,
				OBJ_204 /* pngrio.c in Sources */,
				OBJ_205 /* pngrtran.c in Sources */,
				OBJ_206 /* pngrutil.c in Sources */,
				OBJ_207 /* pngset.c in Sources */,
				OBJ_208 /* pngtest.c in Sources */,
				OBJ_209 /* pngtrans.c in Sources */,
				OBJ_210 /* pngwio.c in Sources */,
				OBJ_211 /* pngwrite.c in Sources */,
				OBJ_212 /* pngwtran.c in Sources */,
				OBJ_213 /* pngwutil.c in Sources */,
			);
			runOnlyForDeploymentPostprocessing = 0;
		};
		OBJ_221 /* Sources */ = {
			isa = PBXSourcesBuildPhase;
			buildActionMask = 0;
			files = (
				OBJ_222 /* DrawingContext.swift in Sources */,
				OBJ_223 /* Encoding.swift in Sources */,
				OBJ_224 /* Font.swift in Sources */,
				OBJ_225 /* PDFDateFormatter.swift in Sources */,
				OBJ_226 /* PDFDocument.CompressionMode.swift in Sources */,
				OBJ_227 /* PDFDocument.EncryptionMode.swift in Sources */,
				OBJ_228 /* PDFDocument.PageLayout.swift in Sources */,
				OBJ_229 /* PDFDocument.PageNumberStyle.swift in Sources */,
				OBJ_230 /* PDFDocument.Permissions.swift in Sources */,
				OBJ_231 /* PDFDocument.swift in Sources */,
				OBJ_232 /* PDFError.swift in Sources */,
				OBJ_233 /* PDFPage.Direction.swift in Sources */,
				OBJ_234 /* PDFPage.Size.swift in Sources */,
				OBJ_235 /* PDFPage.swift in Sources */,
				OBJ_236 /* Sequence.swift in Sources */,
				OBJ_237 /* TextAlignment.swift in Sources */,
				OBJ_238 /* Unimplemented.swift in Sources */,
				OBJ_239 /* Color.swift in Sources */,
				OBJ_240 /* DashStyle.swift in Sources */,
				OBJ_241 /* Drawable.swift in Sources */,
				OBJ_242 /* Geometry.swift in Sources */,
				OBJ_243 /* LineCap.swift in Sources */,
				OBJ_244 /* LineJoin.swift in Sources */,
				OBJ_245 /* Path.swift in Sources */,
				OBJ_246 /* PDFColorSpace.swift in Sources */,
				OBJ_247 /* Grid+Drawable.swift in Sources */,
				OBJ_248 /* Grid.LabelParameters.swift in Sources */,
				OBJ_249 /* Grid.Labels.swift in Sources */,
				OBJ_250 /* Grid.Lines.swift in Sources */,
				OBJ_251 /* Grid.MajorLineParameters.swift in Sources */,
				OBJ_252 /* Grid.MinorLineParameters.swift in Sources */,
				OBJ_253 /* Grid.SerifParameters.swift in Sources */,
				OBJ_254 /* Grid.Serifs.swift in Sources */,
				OBJ_255 /* Grid.swift in Sources */,
			);
			runOnlyForDeploymentPostprocessing = 0;
		};
		OBJ_268 /* Sources */ = {
			isa = PBXSourcesBuildPhase;
			buildActionMask = 0;
			files = (
				OBJ_269 /* hpdf_3dmeasure.c in Sources */,
				OBJ_270 /* hpdf_annotation.c in Sources */,
				OBJ_271 /* hpdf_array.c in Sources */,
				OBJ_272 /* hpdf_binary.c in Sources */,
				OBJ_273 /* hpdf_boolean.c in Sources */,
				OBJ_274 /* hpdf_catalog.c in Sources */,
				OBJ_275 /* hpdf_destination.c in Sources */,
				OBJ_276 /* hpdf_dict.c in Sources */,
				OBJ_277 /* hpdf_doc.c in Sources */,
				OBJ_278 /* hpdf_doc_png.c in Sources */,
				OBJ_279 /* hpdf_encoder.c in Sources */,
				OBJ_280 /* hpdf_encoder_cns.c in Sources */,
				OBJ_281 /* hpdf_encoder_cnt.c in Sources */,
				OBJ_282 /* hpdf_encoder_jp.c in Sources */,
				OBJ_283 /* hpdf_encoder_kr.c in Sources */,
				OBJ_284 /* hpdf_encoder_utf.c in Sources */,
				OBJ_285 /* hpdf_encrypt.c in Sources */,
				OBJ_286 /* hpdf_encryptdict.c in Sources */,
				OBJ_287 /* hpdf_error.c in Sources */,
				OBJ_288 /* hpdf_exdata.c in Sources */,
				OBJ_289 /* hpdf_ext_gstate.c in Sources */,
				OBJ_290 /* hpdf_font.c in Sources */,
				OBJ_291 /* hpdf_font_cid.c in Sources */,
				OBJ_292 /* hpdf_font_tt.c in Sources */,
				OBJ_293 /* hpdf_font_type1.c in Sources */,
				OBJ_294 /* hpdf_fontdef.c in Sources */,
				OBJ_295 /* hpdf_fontdef_base14.c in Sources */,
				OBJ_296 /* hpdf_fontdef_cid.c in Sources */,
				OBJ_297 /* hpdf_fontdef_cns.c in Sources */,
				OBJ_298 /* hpdf_fontdef_cnt.c in Sources */,
				OBJ_299 /* hpdf_fontdef_jp.c in Sources */,
				OBJ_300 /* hpdf_fontdef_kr.c in Sources */,
				OBJ_301 /* hpdf_fontdef_tt.c in Sources */,
				OBJ_302 /* hpdf_fontdef_type1.c in Sources */,
				OBJ_303 /* hpdf_gstate.c in Sources */,
				OBJ_304 /* hpdf_image.c in Sources */,
				OBJ_305 /* hpdf_image_ccitt.c in Sources */,
				OBJ_306 /* hpdf_image_png.c in Sources */,
				OBJ_307 /* hpdf_info.c in Sources */,
				OBJ_308 /* hpdf_list.c in Sources */,
				OBJ_309 /* hpdf_mmgr.c in Sources */,
				OBJ_310 /* hpdf_name.c in Sources */,
				OBJ_311 /* hpdf_namedict.c in Sources */,
				OBJ_312 /* hpdf_null.c in Sources */,
				OBJ_313 /* hpdf_number.c in Sources */,
				OBJ_314 /* hpdf_objects.c in Sources */,
				OBJ_315 /* hpdf_outline.c in Sources */,
				OBJ_316 /* hpdf_page_label.c in Sources */,
				OBJ_317 /* hpdf_page_operator.c in Sources */,
				OBJ_318 /* hpdf_pages.c in Sources */,
				OBJ_319 /* hpdf_pdfa.c in Sources */,
				OBJ_320 /* hpdf_real.c in Sources */,
				OBJ_321 /* hpdf_streams.c in Sources */,
				OBJ_322 /* hpdf_string.c in Sources */,
				OBJ_323 /* hpdf_u3d.c in Sources */,
				OBJ_324 /* hpdf_utils.c in Sources */,
				OBJ_325 /* hpdf_xref.c in Sources */,
			);
			runOnlyForDeploymentPostprocessing = 0;
		};
		OBJ_335 /* Sources */ = {
			isa = PBXSourcesBuildPhase;
			buildActionMask = 0;
			files = (
				OBJ_336 /* ColorTests.swift in Sources */,
				OBJ_337 /* DashStyleTests.swift in Sources */,
				OBJ_338 /* DrawingContextTests.swift in Sources */,
				OBJ_339 /* GridTests.swift in Sources */,
				OBJ_340 /* PDFDateFormatterTests.swift in Sources */,
				OBJ_341 /* PDFDocumentTests.swift in Sources */,
				OBJ_342 /* PDFPageTests.swift in Sources */,
				OBJ_343 /* TestHelpers.swift in Sources */,
			);
			runOnlyForDeploymentPostprocessing = 0;
		};
/* End PBXSourcesBuildPhase section */

/* Begin PBXTargetDependency section */
		OBJ_216 /* PBXTargetDependency */ = {
			isa = PBXTargetDependency;
			target = OBJ_185 /* DefaultStringConvertible */;
			targetProxy = 87EC00FB1EEB8A52007C9B1F /* PBXContainerItemProxy */;
		};
		OBJ_260 /* PBXTargetDependency */ = {
			isa = PBXTargetDependency;
			target = OBJ_185 /* DefaultStringConvertible */;
			targetProxy = 87EC00FC1EEB8A52007C9B1F /* PBXContainerItemProxy */;
		};
		OBJ_261 /* PBXTargetDependency */ = {
			isa = PBXTargetDependency;
			target = OBJ_192 /* CLibPNG */;
			targetProxy = 87EC00FD1EEB8A52007C9B1F /* PBXContainerItemProxy */;
		};
		OBJ_262 /* PBXTargetDependency */ = {
			isa = PBXTargetDependency;
			target = OBJ_263 /* CLibHaru */;
			targetProxy = 87EC00FE1EEB8A52007C9B1F /* PBXContainerItemProxy */;
		};
		OBJ_329 /* PBXTargetDependency */ = {
			isa = PBXTargetDependency;
			target = OBJ_185 /* DefaultStringConvertible */;
			targetProxy = 87EC00FF1EEB8A52007C9B1F /* PBXContainerItemProxy */;
		};
		OBJ_330 /* PBXTargetDependency */ = {
			isa = PBXTargetDependency;
			target = OBJ_192 /* CLibPNG */;
			targetProxy = 87EC01001EEB8A52007C9B1F /* PBXContainerItemProxy */;
		};
		OBJ_349 /* PBXTargetDependency */ = {
			isa = PBXTargetDependency;
			target = OBJ_185 /* DefaultStringConvertible */;
			targetProxy = 87EC01011EEB8A52007C9B1F /* PBXContainerItemProxy */;
		};
		OBJ_350 /* PBXTargetDependency */ = {
			isa = PBXTargetDependency;
			target = OBJ_192 /* CLibPNG */;
			targetProxy = 87EC01021EEB8A52007C9B1F /* PBXContainerItemProxy */;
		};
		OBJ_351 /* PBXTargetDependency */ = {
			isa = PBXTargetDependency;
			target = OBJ_263 /* CLibHaru */;
			targetProxy = 87EC01031EEB8A52007C9B1F /* PBXContainerItemProxy */;
		};
		OBJ_352 /* PBXTargetDependency */ = {
			isa = PBXTargetDependency;
			target = OBJ_217 /* SwiftyHaru */;
			targetProxy = 87EC01041EEB8A52007C9B1F /* PBXContainerItemProxy */;
		};
/* End PBXTargetDependency section */

/* Begin XCBuildConfiguration section */
		OBJ_187 /* Debug */ = {
			isa = XCBuildConfiguration;
			buildSettings = {
				ENABLE_TESTABILITY = YES;
				FRAMEWORK_SEARCH_PATHS = (
					"$(inherited)",
					"$(PLATFORM_DIR)/Developer/Library/Frameworks",
				);
				HEADER_SEARCH_PATHS = "$(inherited)";
				INFOPLIST_FILE = SwiftyHaru.xcodeproj/DefaultStringConvertible_Info.plist;
				LD_RUNPATH_SEARCH_PATHS = "$(TOOLCHAIN_DIR)/usr/lib/swift/macosx";
				OTHER_LDFLAGS = "$(inherited)";
				OTHER_SWIFT_FLAGS = "$(inherited)";
				PRODUCT_BUNDLE_IDENTIFIER = DefaultStringConvertible;
				PRODUCT_MODULE_NAME = "$(TARGET_NAME:c99extidentifier)";
				PRODUCT_NAME = "$(TARGET_NAME:c99extidentifier)";
				SKIP_INSTALL = YES;
				TARGET_NAME = DefaultStringConvertible;
			};
			name = Debug;
		};
		OBJ_188 /* Release */ = {
			isa = XCBuildConfiguration;
			buildSettings = {
				ENABLE_TESTABILITY = YES;
				FRAMEWORK_SEARCH_PATHS = (
					"$(inherited)",
					"$(PLATFORM_DIR)/Developer/Library/Frameworks",
				);
				HEADER_SEARCH_PATHS = "$(inherited)";
				INFOPLIST_FILE = SwiftyHaru.xcodeproj/DefaultStringConvertible_Info.plist;
				LD_RUNPATH_SEARCH_PATHS = "$(TOOLCHAIN_DIR)/usr/lib/swift/macosx";
				OTHER_LDFLAGS = "$(inherited)";
				OTHER_SWIFT_FLAGS = "$(inherited)";
				PRODUCT_BUNDLE_IDENTIFIER = DefaultStringConvertible;
				PRODUCT_MODULE_NAME = "$(TARGET_NAME:c99extidentifier)";
				PRODUCT_NAME = "$(TARGET_NAME:c99extidentifier)";
				SKIP_INSTALL = YES;
				TARGET_NAME = DefaultStringConvertible;
			};
			name = Release;
		};
		OBJ_194 /* Debug */ = {
			isa = XCBuildConfiguration;
			buildSettings = {
				DEFINES_MODULE = NO;
				ENABLE_TESTABILITY = YES;
				FRAMEWORK_SEARCH_PATHS = (
					"$(inherited)",
					"$(PLATFORM_DIR)/Developer/Library/Frameworks",
				);
				HEADER_SEARCH_PATHS = (
					"$(inherited)",
					"$(SRCROOT)/Sources/CLibPNG/include",
				);
				INFOPLIST_FILE = SwiftyHaru.xcodeproj/CLibPNG_Info.plist;
				LD_RUNPATH_SEARCH_PATHS = "$(TOOLCHAIN_DIR)/usr/lib/swift/macosx";
				OTHER_LDFLAGS = (
					"$(inherited)",
					"-lz",
				);
				OTHER_SWIFT_FLAGS = "$(inherited)";
				PRODUCT_BUNDLE_IDENTIFIER = CLibPNG;
				PRODUCT_MODULE_NAME = "$(TARGET_NAME:c99extidentifier)";
				PRODUCT_NAME = "$(TARGET_NAME:c99extidentifier)";
				SKIP_INSTALL = YES;
				TARGET_NAME = CLibPNG;
			};
			name = Debug;
		};
		OBJ_195 /* Release */ = {
			isa = XCBuildConfiguration;
			buildSettings = {
				DEFINES_MODULE = NO;
				ENABLE_TESTABILITY = YES;
				FRAMEWORK_SEARCH_PATHS = (
					"$(inherited)",
					"$(PLATFORM_DIR)/Developer/Library/Frameworks",
				);
				HEADER_SEARCH_PATHS = (
					"$(inherited)",
					"$(SRCROOT)/Sources/CLibPNG/include",
				);
				INFOPLIST_FILE = SwiftyHaru.xcodeproj/CLibPNG_Info.plist;
				LD_RUNPATH_SEARCH_PATHS = "$(TOOLCHAIN_DIR)/usr/lib/swift/macosx";
				OTHER_LDFLAGS = (
					"$(inherited)",
					"-lz",
				);
				OTHER_SWIFT_FLAGS = "$(inherited)";
				PRODUCT_BUNDLE_IDENTIFIER = CLibPNG;
				PRODUCT_MODULE_NAME = "$(TARGET_NAME:c99extidentifier)";
				PRODUCT_NAME = "$(TARGET_NAME:c99extidentifier)";
				SKIP_INSTALL = YES;
				TARGET_NAME = CLibPNG;
			};
			name = Release;
		};
		OBJ_219 /* Debug */ = {
			isa = XCBuildConfiguration;
			buildSettings = {
				ENABLE_TESTABILITY = YES;
				FRAMEWORK_SEARCH_PATHS = (
					"$(inherited)",
					"$(PLATFORM_DIR)/Developer/Library/Frameworks",
				);
				HEADER_SEARCH_PATHS = (
					"$(inherited)",
					"$(SRCROOT)/Sources/CLibPNG/include",
					"$(SRCROOT)/Sources/CLibHaru/include",
					"$(SRCROOT)/SwiftyHaru.xcodeproj/GeneratedModuleMap/CLibPNG",
					"$(SRCROOT)/SwiftyHaru.xcodeproj/GeneratedModuleMap/CLibHaru",
				);
				INFOPLIST_FILE = SwiftyHaru.xcodeproj/SwiftyHaru_Info.plist;
				LD_RUNPATH_SEARCH_PATHS = "$(TOOLCHAIN_DIR)/usr/lib/swift/macosx";
				LIBRARY_SEARCH_PATHS = "$(PROJECT_TEMP_DIR)/SymlinkLibs/";
				OTHER_LDFLAGS = "$(inherited)";
				OTHER_SWIFT_FLAGS = "$(inherited) -Xcc -fmodule-map-file=$(SRCROOT)/SwiftyHaru.xcodeproj/GeneratedModuleMap/CLibPNG/module.modulemap -Xcc -fmodule-map-file=$(SRCROOT)/SwiftyHaru.xcodeproj/GeneratedModuleMap/CLibHaru/module.modulemap";
				PRODUCT_BUNDLE_IDENTIFIER = SwiftyHaru;
				PRODUCT_MODULE_NAME = "$(TARGET_NAME:c99extidentifier)";
				PRODUCT_NAME = "$(TARGET_NAME:c99extidentifier)";
				SKIP_INSTALL = YES;
				TARGET_NAME = SwiftyHaru;
			};
			name = Debug;
		};
		OBJ_220 /* Release */ = {
			isa = XCBuildConfiguration;
			buildSettings = {
				ENABLE_TESTABILITY = YES;
				FRAMEWORK_SEARCH_PATHS = (
					"$(inherited)",
					"$(PLATFORM_DIR)/Developer/Library/Frameworks",
				);
				HEADER_SEARCH_PATHS = (
					"$(inherited)",
					"$(SRCROOT)/Sources/CLibPNG/include",
					"$(SRCROOT)/Sources/CLibHaru/include",
					"$(SRCROOT)/SwiftyHaru.xcodeproj/GeneratedModuleMap/CLibPNG",
					"$(SRCROOT)/SwiftyHaru.xcodeproj/GeneratedModuleMap/CLibHaru",
				);
				INFOPLIST_FILE = SwiftyHaru.xcodeproj/SwiftyHaru_Info.plist;
				LD_RUNPATH_SEARCH_PATHS = "$(TOOLCHAIN_DIR)/usr/lib/swift/macosx";
				LIBRARY_SEARCH_PATHS = "$(PROJECT_TEMP_DIR)/SymlinkLibs/";
				OTHER_LDFLAGS = "$(inherited)";
				OTHER_SWIFT_FLAGS = "$(inherited) -Xcc -fmodule-map-file=$(SRCROOT)/SwiftyHaru.xcodeproj/GeneratedModuleMap/CLibPNG/module.modulemap -Xcc -fmodule-map-file=$(SRCROOT)/SwiftyHaru.xcodeproj/GeneratedModuleMap/CLibHaru/module.modulemap";
				PRODUCT_BUNDLE_IDENTIFIER = SwiftyHaru;
				PRODUCT_MODULE_NAME = "$(TARGET_NAME:c99extidentifier)";
				PRODUCT_NAME = "$(TARGET_NAME:c99extidentifier)";
				SKIP_INSTALL = YES;
				TARGET_NAME = SwiftyHaru;
			};
			name = Release;
		};
		OBJ_265 /* Debug */ = {
			isa = XCBuildConfiguration;
			buildSettings = {
				DEFINES_MODULE = NO;
				ENABLE_TESTABILITY = YES;
				FRAMEWORK_SEARCH_PATHS = (
					"$(inherited)",
					"$(PLATFORM_DIR)/Developer/Library/Frameworks",
				);
				HEADER_SEARCH_PATHS = (
					"$(inherited)",
					"$(SRCROOT)/Sources/CLibHaru/include",
					"$(SRCROOT)/Sources/CLibPNG/include",
				);
				INFOPLIST_FILE = SwiftyHaru.xcodeproj/CLibHaru_Info.plist;
				LD_RUNPATH_SEARCH_PATHS = "$(TOOLCHAIN_DIR)/usr/lib/swift/macosx";
				LIBRARY_SEARCH_PATHS = "$(PROJECT_TEMP_DIR)/SymlinkLibs/";
				OTHER_LDFLAGS = (
					"$(inherited)",
					"-lz",
				);
				OTHER_SWIFT_FLAGS = "$(inherited)";
				PRODUCT_BUNDLE_IDENTIFIER = CLibHaru;
				PRODUCT_MODULE_NAME = "$(TARGET_NAME:c99extidentifier)";
				PRODUCT_NAME = "$(TARGET_NAME:c99extidentifier)";
				SKIP_INSTALL = YES;
				TARGET_NAME = CLibHaru;
			};
			name = Debug;
		};
		OBJ_266 /* Release */ = {
			isa = XCBuildConfiguration;
			buildSettings = {
				DEFINES_MODULE = NO;
				ENABLE_TESTABILITY = YES;
				FRAMEWORK_SEARCH_PATHS = (
					"$(inherited)",
					"$(PLATFORM_DIR)/Developer/Library/Frameworks",
				);
				HEADER_SEARCH_PATHS = (
					"$(inherited)",
					"$(SRCROOT)/Sources/CLibHaru/include",
					"$(SRCROOT)/Sources/CLibPNG/include",
				);
				INFOPLIST_FILE = SwiftyHaru.xcodeproj/CLibHaru_Info.plist;
				LD_RUNPATH_SEARCH_PATHS = "$(TOOLCHAIN_DIR)/usr/lib/swift/macosx";
				LIBRARY_SEARCH_PATHS = "$(PROJECT_TEMP_DIR)/SymlinkLibs/";
				OTHER_LDFLAGS = (
					"$(inherited)",
					"-lz",
				);
				OTHER_SWIFT_FLAGS = "$(inherited)";
				PRODUCT_BUNDLE_IDENTIFIER = CLibHaru;
				PRODUCT_MODULE_NAME = "$(TARGET_NAME:c99extidentifier)";
				PRODUCT_NAME = "$(TARGET_NAME:c99extidentifier)";
				SKIP_INSTALL = YES;
				TARGET_NAME = CLibHaru;
			};
			name = Release;
		};
		OBJ_3 /* Debug */ = {
			isa = XCBuildConfiguration;
			buildSettings = {
				CLANG_ENABLE_OBJC_ARC = YES;
				COMBINE_HIDPI_IMAGES = YES;
				COPY_PHASE_STRIP = NO;
				DEBUG_INFORMATION_FORMAT = dwarf;
				DYLIB_INSTALL_NAME_BASE = "@rpath";
				ENABLE_NS_ASSERTIONS = YES;
				GCC_OPTIMIZATION_LEVEL = 0;
				MACOSX_DEPLOYMENT_TARGET = 10.10;
				ONLY_ACTIVE_ARCH = YES;
				OTHER_SWIFT_FLAGS = "-DXcode";
				PRODUCT_NAME = "$(TARGET_NAME)";
				SDKROOT = macosx;
				SUPPORTED_PLATFORMS = "macosx iphoneos iphonesimulator appletvos appletvsimulator watchos watchsimulator";
				SWIFT_ACTIVE_COMPILATION_CONDITIONS = SWIFT_PACKAGE;
				SWIFT_OPTIMIZATION_LEVEL = "-Onone";
				SWIFT_VERSION = 3.0;
				USE_HEADERMAP = NO;
			};
			name = Debug;
		};
		OBJ_333 /* Debug */ = {
			isa = XCBuildConfiguration;
			buildSettings = {
				EMBEDDED_CONTENT_CONTAINS_SWIFT = YES;
				FRAMEWORK_SEARCH_PATHS = (
					"$(inherited)",
					"$(PLATFORM_DIR)/Developer/Library/Frameworks",
				);
				HEADER_SEARCH_PATHS = (
					"$(inherited)",
					"$(SRCROOT)/Sources/CLibPNG/include",
					"$(SRCROOT)/Sources/CLibHaru/include",
					"$(SRCROOT)/SwiftyHaru.xcodeproj/GeneratedModuleMap/CLibPNG",
					"$(SRCROOT)/SwiftyHaru.xcodeproj/GeneratedModuleMap/CLibHaru",
				);
				INFOPLIST_FILE = SwiftyHaru.xcodeproj/SwiftyHaruTests_Info.plist;
				LD_RUNPATH_SEARCH_PATHS = "@loader_path/../Frameworks @loader_path/Frameworks";
				LIBRARY_SEARCH_PATHS = "$(PROJECT_TEMP_DIR)/SymlinkLibs/";
				OTHER_LDFLAGS = "$(inherited)";
				OTHER_SWIFT_FLAGS = "$(inherited) -Xcc -fmodule-map-file=$(SRCROOT)/SwiftyHaru.xcodeproj/GeneratedModuleMap/CLibPNG/module.modulemap -Xcc -fmodule-map-file=$(SRCROOT)/SwiftyHaru.xcodeproj/GeneratedModuleMap/CLibHaru/module.modulemap";
				TARGET_NAME = SwiftyHaruTests;
			};
			name = Debug;
		};
		OBJ_334 /* Release */ = {
			isa = XCBuildConfiguration;
			buildSettings = {
				EMBEDDED_CONTENT_CONTAINS_SWIFT = YES;
				FRAMEWORK_SEARCH_PATHS = (
					"$(inherited)",
					"$(PLATFORM_DIR)/Developer/Library/Frameworks",
				);
				HEADER_SEARCH_PATHS = (
					"$(inherited)",
					"$(SRCROOT)/Sources/CLibPNG/include",
					"$(SRCROOT)/Sources/CLibHaru/include",
					"$(SRCROOT)/SwiftyHaru.xcodeproj/GeneratedModuleMap/CLibPNG",
					"$(SRCROOT)/SwiftyHaru.xcodeproj/GeneratedModuleMap/CLibHaru",
				);
				INFOPLIST_FILE = SwiftyHaru.xcodeproj/SwiftyHaruTests_Info.plist;
				LD_RUNPATH_SEARCH_PATHS = "@loader_path/../Frameworks @loader_path/Frameworks";
				LIBRARY_SEARCH_PATHS = "$(PROJECT_TEMP_DIR)/SymlinkLibs/";
				OTHER_LDFLAGS = "$(inherited)";
				OTHER_SWIFT_FLAGS = "$(inherited) -Xcc -fmodule-map-file=$(SRCROOT)/SwiftyHaru.xcodeproj/GeneratedModuleMap/CLibPNG/module.modulemap -Xcc -fmodule-map-file=$(SRCROOT)/SwiftyHaru.xcodeproj/GeneratedModuleMap/CLibHaru/module.modulemap";
				TARGET_NAME = SwiftyHaruTests;
			};
			name = Release;
		};
		OBJ_4 /* Release */ = {
			isa = XCBuildConfiguration;
			buildSettings = {
				CLANG_ENABLE_OBJC_ARC = YES;
				COMBINE_HIDPI_IMAGES = YES;
				COPY_PHASE_STRIP = YES;
				DEBUG_INFORMATION_FORMAT = "dwarf-with-dsym";
				DYLIB_INSTALL_NAME_BASE = "@rpath";
				GCC_OPTIMIZATION_LEVEL = s;
				MACOSX_DEPLOYMENT_TARGET = 10.10;
				OTHER_SWIFT_FLAGS = "-DXcode";
				PRODUCT_NAME = "$(TARGET_NAME)";
				SDKROOT = macosx;
				SUPPORTED_PLATFORMS = "macosx iphoneos iphonesimulator appletvos appletvsimulator watchos watchsimulator";
				SWIFT_ACTIVE_COMPILATION_CONDITIONS = SWIFT_PACKAGE;
				SWIFT_OPTIMIZATION_LEVEL = "-Owholemodule";
				SWIFT_VERSION = 3.0;
				USE_HEADERMAP = NO;
			};
			name = Release;
		};
/* End XCBuildConfiguration section */

/* Begin XCConfigurationList section */
		OBJ_186 /* Build configuration list for PBXNativeTarget "DefaultStringConvertible" */ = {
			isa = XCConfigurationList;
			buildConfigurations = (
				OBJ_187 /* Debug */,
				OBJ_188 /* Release */,
			);
			defaultConfigurationIsVisible = 0;
			defaultConfigurationName = Debug;
		};
		OBJ_193 /* Build configuration list for PBXNativeTarget "CLibPNG" */ = {
			isa = XCConfigurationList;
			buildConfigurations = (
				OBJ_194 /* Debug */,
				OBJ_195 /* Release */,
			);
			defaultConfigurationIsVisible = 0;
			defaultConfigurationName = Debug;
		};
		OBJ_2 /* Build configuration list for PBXProject "SwiftyHaru" */ = {
			isa = XCConfigurationList;
			buildConfigurations = (
				OBJ_3 /* Debug */,
				OBJ_4 /* Release */,
			);
			defaultConfigurationIsVisible = 0;
			defaultConfigurationName = Debug;
		};
		OBJ_218 /* Build configuration list for PBXNativeTarget "SwiftyHaru" */ = {
			isa = XCConfigurationList;
			buildConfigurations = (
				OBJ_219 /* Debug */,
				OBJ_220 /* Release */,
			);
			defaultConfigurationIsVisible = 0;
			defaultConfigurationName = Debug;
		};
		OBJ_264 /* Build configuration list for PBXNativeTarget "CLibHaru" */ = {
			isa = XCConfigurationList;
			buildConfigurations = (
				OBJ_265 /* Debug */,
				OBJ_266 /* Release */,
			);
			defaultConfigurationIsVisible = 0;
			defaultConfigurationName = Debug;
		};
		OBJ_332 /* Build configuration list for PBXNativeTarget "SwiftyHaruTests" */ = {
			isa = XCConfigurationList;
			buildConfigurations = (
				OBJ_333 /* Debug */,
				OBJ_334 /* Release */,
			);
			defaultConfigurationIsVisible = 0;
			defaultConfigurationName = Debug;
		};
/* End XCConfigurationList section */
	};
	rootObject = OBJ_1 /* Project object */;
}
